<?xml version="1.0"?>
<plist version="1.0">
	<dict>
		<key>archiveVersion</key>
		<string>1</string>
		<key>classes</key>
		<dict />
		<key>objectVersion</key>
		<string>46</string>
		<key>objects</key>
		<dict>
			<key>8AAF2BA4AFCBEC334841B989</key>
			<dict>
				<key>fileRef</key>
				<string>B0FB861B0D843DF212503B18</string>
				<key>isa</key>
				<string>PBXBuildFile</string>
			</dict>
			<key>B0FB861B0D843DF212503B18</key>
			<dict>
				<key>explicitFileType</key>
				<string>sourcecode.cpp.cpp</string>
				<key>fileEncoding</key>
				<string>30</string>
				<key>isa</key>
				<string>PBXFileReference</string>
				<key>name</key>
				<string>tinyxmlparser.cpp</string>
				<key>path</key>
				<string>../../../../addons/ofxXmlSettings/libs/tinyxmlparser.cpp</string>
				<key>sourceTree</key>
				<string>SOURCE_ROOT</string>
			</dict>
			<key>28DCB9949680410908EFD4D5</key>
			<dict>
				<key>fileRef</key>
				<string>8AED12DBC5DC04739E95CD26</string>
				<key>isa</key>
				<string>PBXBuildFile</string>
			</dict>
			<key>8AED12DBC5DC04739E95CD26</key>
			<dict>
				<key>explicitFileType</key>
				<string>sourcecode.cpp.cpp</string>
				<key>fileEncoding</key>
				<string>30</string>
				<key>isa</key>
				<string>PBXFileReference</string>
				<key>name</key>
				<string>tinyxmlerror.cpp</string>
				<key>path</key>
				<string>../../../../addons/ofxXmlSettings/libs/tinyxmlerror.cpp</string>
				<key>sourceTree</key>
				<string>SOURCE_ROOT</string>
			</dict>
			<key>8FBDBA8D2DCA49DC504F1850</key>
			<dict>
				<key>explicitFileType</key>
				<string>sourcecode.c.h</string>
				<key>fileEncoding</key>
				<string>30</string>
				<key>isa</key>
				<string>PBXFileReference</string>
				<key>name</key>
				<string>tinyxml.h</string>
				<key>path</key>
				<string>../../../../addons/ofxXmlSettings/libs/tinyxml.h</string>
				<key>sourceTree</key>
				<string>SOURCE_ROOT</string>
			</dict>
			<key>6E54289412D2D94F45A05113</key>
			<dict>
				<key>children</key>
				<array>
					<string>126B1BBACED427BD4F54BC45</string>
					<string>8FBDBA8D2DCA49DC504F1850</string>
					<string>8AED12DBC5DC04739E95CD26</string>
					<string>B0FB861B0D843DF212503B18</string>
				</array>
				<key>isa</key>
				<string>PBXGroup</string>
				<key>name</key>
				<string>libs</string>
				<key>sourceTree</key>
				<string>&lt;group&gt;</string>
			</dict>
			<key>B8A4986AE3CFD44755D311C7</key>
			<dict>
				<key>fileRef</key>
				<string>126B1BBACED427BD4F54BC45</string>
				<key>isa</key>
				<string>PBXBuildFile</string>
			</dict>
			<key>126B1BBACED427BD4F54BC45</key>
			<dict>
				<key>explicitFileType</key>
				<string>sourcecode.cpp.cpp</string>
				<key>fileEncoding</key>
				<string>30</string>
				<key>isa</key>
				<string>PBXFileReference</string>
				<key>name</key>
				<string>tinyxml.cpp</string>
				<key>path</key>
				<string>../../../../addons/ofxXmlSettings/libs/tinyxml.cpp</string>
				<key>sourceTree</key>
				<string>SOURCE_ROOT</string>
			</dict>
			<key>6A7153E0F5EFF5622F1EB21F</key>
			<dict>
				<key>explicitFileType</key>
				<string>sourcecode.c.h</string>
				<key>fileEncoding</key>
				<string>30</string>
				<key>isa</key>
				<string>PBXFileReference</string>
				<key>name</key>
				<string>ofxXmlSettings.h</string>
				<key>path</key>
				<string>../../../../addons/ofxXmlSettings/src/ofxXmlSettings.h</string>
				<key>sourceTree</key>
				<string>SOURCE_ROOT</string>
			</dict>
			<key>6ECEF0D76BC33727823EADFF</key>
			<dict>
				<key>children</key>
				<array>
					<string>BA80450995764F8FABAB1604</string>
					<string>6A7153E0F5EFF5622F1EB21F</string>
				</array>
				<key>isa</key>
				<string>PBXGroup</string>
				<key>name</key>
				<string>src</string>
				<key>sourceTree</key>
				<string>&lt;group&gt;</string>
			</dict>
			<key>1F4FB5C423662B96ADFDCC0B</key>
			<dict>
				<key>children</key>
				<array>
					<string>6ECEF0D76BC33727823EADFF</string>
					<string>6E54289412D2D94F45A05113</string>
				</array>
				<key>isa</key>
				<string>PBXGroup</string>
				<key>name</key>
				<string>ofxXmlSettings</string>
				<key>sourceTree</key>
				<string>&lt;group&gt;</string>
			</dict>
			<key>40755491CDDD7249B25A1F2D</key>
			<dict>
				<key>fileRef</key>
				<string>BA80450995764F8FABAB1604</string>
				<key>isa</key>
				<string>PBXBuildFile</string>
			</dict>
			<key>BA80450995764F8FABAB1604</key>
			<dict>
				<key>explicitFileType</key>
				<string>sourcecode.cpp.cpp</string>
				<key>fileEncoding</key>
				<string>30</string>
				<key>isa</key>
				<string>PBXFileReference</string>
				<key>name</key>
				<string>ofxXmlSettings.cpp</string>
				<key>path</key>
				<string>../../../../addons/ofxXmlSettings/src/ofxXmlSettings.cpp</string>
				<key>sourceTree</key>
				<string>SOURCE_ROOT</string>
			</dict>
			<key>424C784EEF7B711BA1DD4562</key>
			<dict>
				<key>explicitFileType</key>
				<string>sourcecode.c.h</string>
				<key>fileEncoding</key>
				<string>30</string>
				<key>isa</key>
				<string>PBXFileReference</string>
				<key>name</key>
				<string>sio_socket.h</string>
				<key>path</key>
				<string>../../../../addons/ofxSocketIO/libs/socket.io-client/include/sio_socket.h</string>
				<key>sourceTree</key>
				<string>SOURCE_ROOT</string>
			</dict>
			<key>06665109F8D2D358088CE264</key>
			<dict>
				<key>explicitFileType</key>
				<string>sourcecode.c.h</string>
				<key>fileEncoding</key>
				<string>30</string>
				<key>isa</key>
				<string>PBXFileReference</string>
				<key>name</key>
				<string>sio_message.h</string>
				<key>path</key>
				<string>../../../../addons/ofxSocketIO/libs/socket.io-client/include/sio_message.h</string>
				<key>sourceTree</key>
				<string>SOURCE_ROOT</string>
			</dict>
			<key>84538363DF095F090FF43FBF</key>
			<dict>
				<key>children</key>
				<array>
					<string>CCAE22115F92F8AE795ACECD</string>
					<string>06665109F8D2D358088CE264</string>
					<string>424C784EEF7B711BA1DD4562</string>
				</array>
				<key>isa</key>
				<string>PBXGroup</string>
				<key>name</key>
				<string>include</string>
				<key>sourceTree</key>
				<string>&lt;group&gt;</string>
			</dict>
			<key>0C0E305F9C288888E38B440C</key>
			<dict>
				<key>children</key>
				<array>
					<string>84538363DF095F090FF43FBF</string>
				</array>
				<key>isa</key>
				<string>PBXGroup</string>
				<key>name</key>
				<string>socket.io-client</string>
				<key>sourceTree</key>
				<string>&lt;group&gt;</string>
			</dict>
			<key>18D8FDA29066C0C9A51B3EC9</key>
			<dict>
				<key>children</key>
				<array>
					<string>0C0E305F9C288888E38B440C</string>
				</array>
				<key>isa</key>
				<string>PBXGroup</string>
				<key>name</key>
				<string>libs</string>
				<key>sourceTree</key>
				<string>&lt;group&gt;</string>
			</dict>
			<key>CCAE22115F92F8AE795ACECD</key>
			<dict>
				<key>explicitFileType</key>
				<string>sourcecode.c.h</string>
				<key>fileEncoding</key>
				<string>30</string>
				<key>isa</key>
				<string>PBXFileReference</string>
				<key>name</key>
				<string>sio_client.h</string>
				<key>path</key>
				<string>../../../../addons/ofxSocketIO/libs/socket.io-client/include/sio_client.h</string>
				<key>sourceTree</key>
				<string>SOURCE_ROOT</string>
			</dict>
			<key>B69E78A192FFCB09CCB75771</key>
			<dict>
				<key>explicitFileType</key>
				<string>sourcecode.c.h</string>
				<key>fileEncoding</key>
				<string>30</string>
				<key>isa</key>
				<string>PBXFileReference</string>
				<key>name</key>
				<string>ofxSocketIOData.h</string>
				<key>path</key>
				<string>../../../../addons/ofxSocketIO/src/ofxSocketIOData.h</string>
				<key>sourceTree</key>
				<string>SOURCE_ROOT</string>
			</dict>
			<key>57DCE342580B70382C6C67D9</key>
			<dict>
				<key>fileRef</key>
				<string>4E8E2B496D8405D3D8003E94</string>
				<key>isa</key>
				<string>PBXBuildFile</string>
			</dict>
			<key>4E8E2B496D8405D3D8003E94</key>
			<dict>
				<key>explicitFileType</key>
				<string>sourcecode.cpp.cpp</string>
				<key>fileEncoding</key>
				<string>30</string>
				<key>isa</key>
				<string>PBXFileReference</string>
				<key>name</key>
				<string>ofxSocketIOData.cpp</string>
				<key>path</key>
				<string>../../../../addons/ofxSocketIO/src/ofxSocketIOData.cpp</string>
				<key>sourceTree</key>
				<string>SOURCE_ROOT</string>
			</dict>
			<key>B2C85A7F897B3A2AD0D166FA</key>
			<dict>
				<key>explicitFileType</key>
				<string>sourcecode.c.h</string>
				<key>fileEncoding</key>
				<string>30</string>
				<key>isa</key>
				<string>PBXFileReference</string>
				<key>name</key>
				<string>ofxSocketIO.h</string>
				<key>path</key>
				<string>../../../../addons/ofxSocketIO/src/ofxSocketIO.h</string>
				<key>sourceTree</key>
				<string>SOURCE_ROOT</string>
			</dict>
			<key>90E9E194F97CB6FBFA12FB15</key>
			<dict>
				<key>children</key>
				<array>
					<string>B6AEB337BEC4F7EE73B047DC</string>
					<string>B2C85A7F897B3A2AD0D166FA</string>
					<string>4E8E2B496D8405D3D8003E94</string>
					<string>B69E78A192FFCB09CCB75771</string>
				</array>
				<key>isa</key>
				<string>PBXGroup</string>
				<key>name</key>
				<string>src</string>
				<key>sourceTree</key>
				<string>&lt;group&gt;</string>
			</dict>
			<key>1654D1369875BFEFCE99E26C</key>
			<dict>
				<key>children</key>
				<array>
					<string>90E9E194F97CB6FBFA12FB15</string>
					<string>18D8FDA29066C0C9A51B3EC9</string>
				</array>
				<key>isa</key>
				<string>PBXGroup</string>
				<key>name</key>
				<string>ofxSocketIO</string>
				<key>sourceTree</key>
				<string>&lt;group&gt;</string>
			</dict>
			<key>2D0DDFBCCF9B10C4E3CF6790</key>
			<dict>
				<key>fileRef</key>
				<string>B6AEB337BEC4F7EE73B047DC</string>
				<key>isa</key>
				<string>PBXBuildFile</string>
			</dict>
			<key>B6AEB337BEC4F7EE73B047DC</key>
			<dict>
				<key>explicitFileType</key>
				<string>sourcecode.cpp.cpp</string>
				<key>fileEncoding</key>
				<string>30</string>
				<key>isa</key>
				<string>PBXFileReference</string>
				<key>name</key>
				<string>ofxSocketIO.cpp</string>
				<key>path</key>
				<string>../../../../addons/ofxSocketIO/src/ofxSocketIO.cpp</string>
				<key>sourceTree</key>
				<string>SOURCE_ROOT</string>
			</dict>
			<key>2C171637C399A50881F147E9</key>
			<dict>
				<key>children</key>
				<array>
					<string>252F8FDE147B7EE6649F9648</string>
				</array>
				<key>isa</key>
				<string>PBXGroup</string>
				<key>name</key>
				<string>libusb-1.0</string>
				<key>sourceTree</key>
				<string>&lt;group&gt;</string>
			</dict>
			<key>1AE6862ED862CA18468E0CCD</key>
			<dict>
				<key>children</key>
				<array>
					<string>2C171637C399A50881F147E9</string>
				</array>
				<key>isa</key>
				<string>PBXGroup</string>
				<key>name</key>
				<string>include</string>
				<key>sourceTree</key>
				<string>&lt;group&gt;</string>
			</dict>
			<key>65726280742CD54BF368BDB8</key>
			<dict>
				<key>children</key>
				<array>
					<string>1AE6862ED862CA18468E0CCD</string>
				</array>
				<key>isa</key>
				<string>PBXGroup</string>
				<key>name</key>
				<string>libusb-1.0</string>
				<key>sourceTree</key>
				<string>&lt;group&gt;</string>
			</dict>
			<key>252F8FDE147B7EE6649F9648</key>
			<dict>
				<key>explicitFileType</key>
				<string>sourcecode.c.h</string>
				<key>fileEncoding</key>
				<string>30</string>
				<key>isa</key>
				<string>PBXFileReference</string>
				<key>name</key>
				<string>libusb.h</string>
				<key>path</key>
				<string>../../../../addons/ofxKinect/libs/libusb-1.0/include/libusb-1.0/libusb.h</string>
				<key>sourceTree</key>
				<string>SOURCE_ROOT</string>
			</dict>
			<key>934FA1573F8AD838B3589FFE</key>
			<dict>
				<key>explicitFileType</key>
				<string>sourcecode.c.h</string>
				<key>fileEncoding</key>
				<string>30</string>
				<key>isa</key>
				<string>PBXFileReference</string>
				<key>name</key>
				<string>usb_libusb10.h</string>
				<key>path</key>
				<string>../../../../addons/ofxKinect/libs/libfreenect/src/usb_libusb10.h</string>
				<key>sourceTree</key>
				<string>SOURCE_ROOT</string>
			</dict>
			<key>A1A5D91898173A0D4DC07FA9</key>
			<dict>
				<key>fileRef</key>
				<string>43D57C9FC992DCBAEF2EA7BC</string>
				<key>isa</key>
				<string>PBXBuildFile</string>
			</dict>
			<key>43D57C9FC992DCBAEF2EA7BC</key>
			<dict>
				<key>explicitFileType</key>
				<string>sourcecode.c.c</string>
				<key>fileEncoding</key>
				<string>30</string>
				<key>isa</key>
				<string>PBXFileReference</string>
				<key>name</key>
				<string>usb_libusb10.c</string>
				<key>path</key>
				<string>../../../../addons/ofxKinect/libs/libfreenect/src/usb_libusb10.c</string>
				<key>sourceTree</key>
				<string>SOURCE_ROOT</string>
			</dict>
			<key>A4126F292AC452BFAA9AF9F6</key>
			<dict>
				<key>fileRef</key>
				<string>A3CE8537592928E4E15B8A5B</string>
				<key>isa</key>
				<string>PBXBuildFile</string>
			</dict>
			<key>A3CE8537592928E4E15B8A5B</key>
			<dict>
				<key>explicitFileType</key>
				<string>sourcecode.c.c</string>
				<key>fileEncoding</key>
				<string>30</string>
				<key>isa</key>
				<string>PBXFileReference</string>
				<key>name</key>
				<string>tilt.c</string>
				<key>path</key>
				<string>../../../../addons/ofxKinect/libs/libfreenect/src/tilt.c</string>
				<key>sourceTree</key>
				<string>SOURCE_ROOT</string>
			</dict>
			<key>2D2254450CD7A0BACA116086</key>
			<dict>
				<key>explicitFileType</key>
				<string>sourcecode.c.h</string>
				<key>fileEncoding</key>
				<string>30</string>
				<key>isa</key>
				<string>PBXFileReference</string>
				<key>name</key>
				<string>registration.h</string>
				<key>path</key>
				<string>../../../../addons/ofxKinect/libs/libfreenect/src/registration.h</string>
				<key>sourceTree</key>
				<string>SOURCE_ROOT</string>
			</dict>
			<key>01E0DB41EA0410B25964E222</key>
			<dict>
				<key>fileRef</key>
				<string>75D243FB923BC5787E1DAD91</string>
				<key>isa</key>
				<string>PBXBuildFile</string>
			</dict>
			<key>75D243FB923BC5787E1DAD91</key>
			<dict>
				<key>explicitFileType</key>
				<string>sourcecode.c.c</string>
				<key>fileEncoding</key>
				<string>30</string>
				<key>isa</key>
				<string>PBXFileReference</string>
				<key>name</key>
				<string>registration.c</string>
				<key>path</key>
				<string>../../../../addons/ofxKinect/libs/libfreenect/src/registration.c</string>
				<key>sourceTree</key>
				<string>SOURCE_ROOT</string>
			</dict>
			<key>7AF8CE40FB72CC0BAC709AAC</key>
			<dict>
				<key>explicitFileType</key>
				<string>sourcecode.c.h</string>
				<key>fileEncoding</key>
				<string>30</string>
				<key>isa</key>
				<string>PBXFileReference</string>
				<key>name</key>
				<string>loader.h</string>
				<key>path</key>
				<string>../../../../addons/ofxKinect/libs/libfreenect/src/loader.h</string>
				<key>sourceTree</key>
				<string>SOURCE_ROOT</string>
			</dict>
			<key>31BDF2FF35F01A57F397B1A0</key>
			<dict>
				<key>fileRef</key>
				<string>6DB6F5871E5EBCA735C51AB6</string>
				<key>isa</key>
				<string>PBXBuildFile</string>
			</dict>
			<key>6DB6F5871E5EBCA735C51AB6</key>
			<dict>
				<key>explicitFileType</key>
				<string>sourcecode.c.c</string>
				<key>fileEncoding</key>
				<string>30</string>
				<key>isa</key>
				<string>PBXFileReference</string>
				<key>name</key>
				<string>loader.c</string>
				<key>path</key>
				<string>../../../../addons/ofxKinect/libs/libfreenect/src/loader.c</string>
				<key>sourceTree</key>
				<string>SOURCE_ROOT</string>
			</dict>
			<key>9FA86FC893343B7147D43584</key>
			<dict>
				<key>explicitFileType</key>
				<string>sourcecode.c.h</string>
				<key>fileEncoding</key>
				<string>30</string>
				<key>isa</key>
				<string>PBXFileReference</string>
				<key>name</key>
				<string>keep_alive.h</string>
				<key>path</key>
				<string>../../../../addons/ofxKinect/libs/libfreenect/src/keep_alive.h</string>
				<key>sourceTree</key>
				<string>SOURCE_ROOT</string>
			</dict>
			<key>BD008A9DDBF06272F667877B</key>
			<dict>
				<key>fileRef</key>
				<string>FF270438131D5E0AA3A2B05F</string>
				<key>isa</key>
				<string>PBXBuildFile</string>
			</dict>
			<key>FF270438131D5E0AA3A2B05F</key>
			<dict>
				<key>explicitFileType</key>
				<string>sourcecode.c.c</string>
				<key>fileEncoding</key>
				<string>30</string>
				<key>isa</key>
				<string>PBXFileReference</string>
				<key>name</key>
				<string>keep_alive.c</string>
				<key>path</key>
				<string>../../../../addons/ofxKinect/libs/libfreenect/src/keep_alive.c</string>
				<key>sourceTree</key>
				<string>SOURCE_ROOT</string>
			</dict>
			<key>8C918C741F5FF041491274A7</key>
			<dict>
				<key>explicitFileType</key>
				<string>sourcecode.c.h</string>
				<key>fileEncoding</key>
				<string>30</string>
				<key>isa</key>
				<string>PBXFileReference</string>
				<key>name</key>
				<string>freenect_internal.h</string>
				<key>path</key>
				<string>../../../../addons/ofxKinect/libs/libfreenect/src/freenect_internal.h</string>
				<key>sourceTree</key>
				<string>SOURCE_ROOT</string>
			</dict>
			<key>600FCBF5DF02CBD68010B924</key>
			<dict>
				<key>explicitFileType</key>
				<string>sourcecode.c.h</string>
				<key>fileEncoding</key>
				<string>30</string>
				<key>isa</key>
				<string>PBXFileReference</string>
				<key>name</key>
				<string>flags.h</string>
				<key>path</key>
				<string>../../../../addons/ofxKinect/libs/libfreenect/src/flags.h</string>
				<key>sourceTree</key>
				<string>SOURCE_ROOT</string>
			</dict>
			<key>92434C5EB6D0EC4486055062</key>
			<dict>
				<key>fileRef</key>
				<string>DB4269E7D40F60C2706EA19A</string>
				<key>isa</key>
				<string>PBXBuildFile</string>
			</dict>
			<key>DB4269E7D40F60C2706EA19A</key>
			<dict>
				<key>explicitFileType</key>
				<string>sourcecode.c.c</string>
				<key>fileEncoding</key>
				<string>30</string>
				<key>isa</key>
				<string>PBXFileReference</string>
				<key>name</key>
				<string>flags.c</string>
				<key>path</key>
				<string>../../../../addons/ofxKinect/libs/libfreenect/src/flags.c</string>
				<key>sourceTree</key>
				<string>SOURCE_ROOT</string>
			</dict>
			<key>BFFEF79AA60E1FB214C0D2D2</key>
			<dict>
				<key>fileRef</key>
				<string>0A2E6090DBFE00DA717E913C</string>
				<key>isa</key>
				<string>PBXBuildFile</string>
			</dict>
			<key>0A2E6090DBFE00DA717E913C</key>
			<dict>
				<key>explicitFileType</key>
				<string>sourcecode.c.c</string>
				<key>fileEncoding</key>
				<string>30</string>
				<key>isa</key>
				<string>PBXFileReference</string>
				<key>name</key>
				<string>core.c</string>
				<key>path</key>
				<string>../../../../addons/ofxKinect/libs/libfreenect/src/core.c</string>
				<key>sourceTree</key>
				<string>SOURCE_ROOT</string>
			</dict>
			<key>2A8706FF384EEE0E597C6DEC</key>
			<dict>
				<key>explicitFileType</key>
				<string>sourcecode.c.h</string>
				<key>fileEncoding</key>
				<string>30</string>
				<key>isa</key>
				<string>PBXFileReference</string>
				<key>name</key>
				<string>cameras.h</string>
				<key>path</key>
				<string>../../../../addons/ofxKinect/libs/libfreenect/src/cameras.h</string>
				<key>sourceTree</key>
				<string>SOURCE_ROOT</string>
			</dict>
			<key>93AB204B1A6472C752E821D5</key>
			<dict>
				<key>fileRef</key>
				<string>F17F078DBC28A70A1EE2A1C0</string>
				<key>isa</key>
				<string>PBXBuildFile</string>
			</dict>
			<key>F17F078DBC28A70A1EE2A1C0</key>
			<dict>
				<key>explicitFileType</key>
				<string>sourcecode.c.c</string>
				<key>fileEncoding</key>
				<string>30</string>
				<key>isa</key>
				<string>PBXFileReference</string>
				<key>name</key>
				<string>cameras.c</string>
				<key>path</key>
				<string>../../../../addons/ofxKinect/libs/libfreenect/src/cameras.c</string>
				<key>sourceTree</key>
				<string>SOURCE_ROOT</string>
			</dict>
			<key>ED6E9BDB447DB965EE6F1FA6</key>
			<dict>
				<key>children</key>
				<array>
					<string>0CC107718FE3ACF385625A90</string>
					<string>F17F078DBC28A70A1EE2A1C0</string>
					<string>2A8706FF384EEE0E597C6DEC</string>
					<string>0A2E6090DBFE00DA717E913C</string>
					<string>DB4269E7D40F60C2706EA19A</string>
					<string>600FCBF5DF02CBD68010B924</string>
					<string>8C918C741F5FF041491274A7</string>
					<string>FF270438131D5E0AA3A2B05F</string>
					<string>9FA86FC893343B7147D43584</string>
					<string>6DB6F5871E5EBCA735C51AB6</string>
					<string>7AF8CE40FB72CC0BAC709AAC</string>
					<string>75D243FB923BC5787E1DAD91</string>
					<string>2D2254450CD7A0BACA116086</string>
					<string>A3CE8537592928E4E15B8A5B</string>
					<string>43D57C9FC992DCBAEF2EA7BC</string>
					<string>934FA1573F8AD838B3589FFE</string>
				</array>
				<key>isa</key>
				<string>PBXGroup</string>
				<key>name</key>
				<string>src</string>
				<key>sourceTree</key>
				<string>&lt;group&gt;</string>
			</dict>
			<key>07925661608857C519CE1E55</key>
			<dict>
				<key>fileRef</key>
				<string>0CC107718FE3ACF385625A90</string>
				<key>isa</key>
				<string>PBXBuildFile</string>
			</dict>
			<key>0CC107718FE3ACF385625A90</key>
			<dict>
				<key>explicitFileType</key>
				<string>sourcecode.c.c</string>
				<key>fileEncoding</key>
				<string>30</string>
				<key>isa</key>
				<string>PBXFileReference</string>
				<key>name</key>
				<string>audio.c</string>
				<key>path</key>
				<string>../../../../addons/ofxKinect/libs/libfreenect/src/audio.c</string>
				<key>sourceTree</key>
				<string>SOURCE_ROOT</string>
			</dict>
			<key>9A664B8DA061264584FA8568</key>
			<dict>
				<key>explicitFileType</key>
				<string>sourcecode.c.h</string>
				<key>fileEncoding</key>
				<string>30</string>
				<key>isa</key>
				<string>PBXFileReference</string>
				<key>name</key>
				<string>libfreenect_registration.h</string>
				<key>path</key>
				<string>../../../../addons/ofxKinect/libs/libfreenect/include/libfreenect_registration.h</string>
				<key>sourceTree</key>
				<string>SOURCE_ROOT</string>
			</dict>
			<key>F77125047B3374B2CD915EE2</key>
			<dict>
				<key>explicitFileType</key>
				<string>sourcecode.c.h</string>
				<key>fileEncoding</key>
				<string>30</string>
				<key>isa</key>
				<string>PBXFileReference</string>
				<key>name</key>
				<string>libfreenect_audio.h</string>
				<key>path</key>
				<string>../../../../addons/ofxKinect/libs/libfreenect/include/libfreenect_audio.h</string>
				<key>sourceTree</key>
				<string>SOURCE_ROOT</string>
			</dict>
			<key>6DFA2B327764FCDA2A8D882F</key>
			<dict>
				<key>children</key>
				<array>
					<string>CA18A19BFFD7FBAC5069F217</string>
					<string>F77125047B3374B2CD915EE2</string>
					<string>9A664B8DA061264584FA8568</string>
				</array>
				<key>isa</key>
				<string>PBXGroup</string>
				<key>name</key>
				<string>include</string>
				<key>sourceTree</key>
				<string>&lt;group&gt;</string>
			</dict>
			<key>32687044708CDA9EDA265387</key>
			<dict>
				<key>children</key>
				<array>
					<string>6DFA2B327764FCDA2A8D882F</string>
					<string>ED6E9BDB447DB965EE6F1FA6</string>
				</array>
				<key>isa</key>
				<string>PBXGroup</string>
				<key>name</key>
				<string>libfreenect</string>
				<key>sourceTree</key>
				<string>&lt;group&gt;</string>
			</dict>
			<key>F4101FC676C210E28DCB3220</key>
			<dict>
				<key>children</key>
				<array>
					<string>32687044708CDA9EDA265387</string>
					<string>65726280742CD54BF368BDB8</string>
				</array>
				<key>isa</key>
				<string>PBXGroup</string>
				<key>name</key>
				<string>libs</string>
				<key>sourceTree</key>
				<string>&lt;group&gt;</string>
			</dict>
			<key>CA18A19BFFD7FBAC5069F217</key>
			<dict>
				<key>explicitFileType</key>
				<string>sourcecode.c.h</string>
				<key>fileEncoding</key>
				<string>30</string>
				<key>isa</key>
				<string>PBXFileReference</string>
				<key>name</key>
				<string>libfreenect.h</string>
				<key>path</key>
				<string>../../../../addons/ofxKinect/libs/libfreenect/include/libfreenect.h</string>
				<key>sourceTree</key>
				<string>SOURCE_ROOT</string>
			</dict>
			<key>ABB9C1E306B83C1166602EE5</key>
			<dict>
				<key>explicitFileType</key>
				<string>sourcecode.c.h</string>
				<key>fileEncoding</key>
				<string>30</string>
				<key>isa</key>
				<string>PBXFileReference</string>
				<key>name</key>
				<string>ofxKinect.h</string>
				<key>path</key>
				<string>../../../../addons/ofxKinect/src/ofxKinect.h</string>
				<key>sourceTree</key>
				<string>SOURCE_ROOT</string>
			</dict>
			<key>4F535557DDB78E33E89755AB</key>
			<dict>
				<key>fileRef</key>
				<string>01DE814011CA0D31B25C5968</string>
				<key>isa</key>
				<string>PBXBuildFile</string>
			</dict>
			<key>01DE814011CA0D31B25C5968</key>
			<dict>
				<key>explicitFileType</key>
				<string>sourcecode.cpp.cpp</string>
				<key>fileEncoding</key>
				<string>30</string>
				<key>isa</key>
				<string>PBXFileReference</string>
				<key>name</key>
				<string>ofxKinect.cpp</string>
				<key>path</key>
				<string>../../../../addons/ofxKinect/src/ofxKinect.cpp</string>
				<key>sourceTree</key>
				<string>SOURCE_ROOT</string>
			</dict>
			<key>55B27C43BD43E1CC2EB0C46F</key>
			<dict>
				<key>explicitFileType</key>
				<string>sourcecode.c.h</string>
				<key>fileEncoding</key>
				<string>30</string>
				<key>isa</key>
				<string>PBXFileReference</string>
				<key>name</key>
				<string>ofxBase3DVideo.h</string>
				<key>path</key>
				<string>../../../../addons/ofxKinect/src/ofxBase3DVideo.h</string>
				<key>sourceTree</key>
				<string>SOURCE_ROOT</string>
			</dict>
			<key>2FA66758CB73BB0FF2109040</key>
			<dict>
				<key>explicitFileType</key>
				<string>sourcecode.c.h</string>
				<key>fileEncoding</key>
				<string>30</string>
				<key>isa</key>
				<string>PBXFileReference</string>
				<key>name</key>
				<string>ofxKinectExtras.h</string>
				<key>path</key>
				<string>../../../../addons/ofxKinect/src/extra/ofxKinectExtras.h</string>
				<key>sourceTree</key>
				<string>SOURCE_ROOT</string>
			</dict>
			<key>6E7134DE536888BE82D56327</key>
			<dict>
				<key>children</key>
				<array>
					<string>7E89AAF2D012D80EF30C4926</string>
					<string>2FA66758CB73BB0FF2109040</string>
				</array>
				<key>isa</key>
				<string>PBXGroup</string>
				<key>name</key>
				<string>extra</string>
				<key>sourceTree</key>
				<string>&lt;group&gt;</string>
			</dict>
			<key>F3D2DB7201EFA9F7958F421E</key>
			<dict>
				<key>children</key>
				<array>
					<string>6E7134DE536888BE82D56327</string>
					<string>55B27C43BD43E1CC2EB0C46F</string>
					<string>01DE814011CA0D31B25C5968</string>
					<string>ABB9C1E306B83C1166602EE5</string>
				</array>
				<key>isa</key>
				<string>PBXGroup</string>
				<key>name</key>
				<string>src</string>
				<key>sourceTree</key>
				<string>&lt;group&gt;</string>
			</dict>
			<key>9683228C705CA3FF4F2EA945</key>
			<dict>
				<key>children</key>
				<array>
					<string>F3D2DB7201EFA9F7958F421E</string>
					<string>F4101FC676C210E28DCB3220</string>
				</array>
				<key>isa</key>
				<string>PBXGroup</string>
				<key>name</key>
				<string>ofxKinect</string>
				<key>sourceTree</key>
				<string>&lt;group&gt;</string>
			</dict>
			<key>A410FD233F75B688B03CBAE3</key>
			<dict>
				<key>fileRef</key>
				<string>7E89AAF2D012D80EF30C4926</string>
				<key>isa</key>
				<string>PBXBuildFile</string>
			</dict>
			<key>7E89AAF2D012D80EF30C4926</key>
			<dict>
				<key>explicitFileType</key>
				<string>sourcecode.cpp.cpp</string>
				<key>fileEncoding</key>
				<string>30</string>
				<key>isa</key>
				<string>PBXFileReference</string>
				<key>name</key>
				<string>ofxKinectExtras.cpp</string>
				<key>path</key>
				<string>../../../../addons/ofxKinect/src/extra/ofxKinectExtras.cpp</string>
				<key>sourceTree</key>
				<string>SOURCE_ROOT</string>
			</dict>
			<key>78F524ADA8DDC5DF3F460FA5</key>
			<dict>
				<key>explicitFileType</key>
				<string>sourcecode.c.h</string>
				<key>fileEncoding</key>
				<string>30</string>
				<key>isa</key>
				<string>PBXFileReference</string>
				<key>name</key>
				<string>ofxToggle.h</string>
				<key>path</key>
				<string>../../../../addons/ofxGui/src/ofxToggle.h</string>
				<key>sourceTree</key>
				<string>SOURCE_ROOT</string>
			</dict>
			<key>B07D6C52C2FE371D2B91739E</key>
			<dict>
				<key>fileRef</key>
				<string>E118568A6BABFFADB75DB858</string>
				<key>isa</key>
				<string>PBXBuildFile</string>
			</dict>
			<key>E118568A6BABFFADB75DB858</key>
			<dict>
				<key>explicitFileType</key>
				<string>sourcecode.cpp.cpp</string>
				<key>fileEncoding</key>
				<string>30</string>
				<key>isa</key>
				<string>PBXFileReference</string>
				<key>name</key>
				<string>ofxToggle.cpp</string>
				<key>path</key>
				<string>../../../../addons/ofxGui/src/ofxToggle.cpp</string>
				<key>sourceTree</key>
				<string>SOURCE_ROOT</string>
			</dict>
			<key>CC050FCE6035B4BAFB0D11B1</key>
			<dict>
				<key>explicitFileType</key>
				<string>sourcecode.c.h</string>
				<key>fileEncoding</key>
				<string>30</string>
				<key>isa</key>
				<string>PBXFileReference</string>
				<key>name</key>
				<string>ofxSliderGroup.h</string>
				<key>path</key>
				<string>../../../../addons/ofxGui/src/ofxSliderGroup.h</string>
				<key>sourceTree</key>
				<string>SOURCE_ROOT</string>
			</dict>
			<key>413B65A0F41D699F37AB4C06</key>
			<dict>
				<key>fileRef</key>
				<string>99B37C8367EB4811EEF8E78D</string>
				<key>isa</key>
				<string>PBXBuildFile</string>
			</dict>
			<key>99B37C8367EB4811EEF8E78D</key>
			<dict>
				<key>explicitFileType</key>
				<string>sourcecode.cpp.cpp</string>
				<key>fileEncoding</key>
				<string>30</string>
				<key>isa</key>
				<string>PBXFileReference</string>
				<key>name</key>
				<string>ofxSliderGroup.cpp</string>
				<key>path</key>
				<string>../../../../addons/ofxGui/src/ofxSliderGroup.cpp</string>
				<key>sourceTree</key>
				<string>SOURCE_ROOT</string>
			</dict>
			<key>D41FA502010DB4C51A4C1390</key>
			<dict>
				<key>explicitFileType</key>
				<string>sourcecode.c.h</string>
				<key>fileEncoding</key>
				<string>30</string>
				<key>isa</key>
				<string>PBXFileReference</string>
				<key>name</key>
				<string>ofxSlider.h</string>
				<key>path</key>
				<string>../../../../addons/ofxGui/src/ofxSlider.h</string>
				<key>sourceTree</key>
				<string>SOURCE_ROOT</string>
			</dict>
			<key>A2953313263AE1234930247E</key>
			<dict>
				<key>fileRef</key>
				<string>AEA7CD14AC4CC1AF68D59D19</string>
				<key>isa</key>
				<string>PBXBuildFile</string>
			</dict>
			<key>AEA7CD14AC4CC1AF68D59D19</key>
			<dict>
				<key>explicitFileType</key>
				<string>sourcecode.cpp.cpp</string>
				<key>fileEncoding</key>
				<string>30</string>
				<key>isa</key>
				<string>PBXFileReference</string>
				<key>name</key>
				<string>ofxSlider.cpp</string>
				<key>path</key>
				<string>../../../../addons/ofxGui/src/ofxSlider.cpp</string>
				<key>sourceTree</key>
				<string>SOURCE_ROOT</string>
			</dict>
			<key>4EBE44F173B46F539D0F4741</key>
			<dict>
				<key>explicitFileType</key>
				<string>sourcecode.c.h</string>
				<key>fileEncoding</key>
				<string>30</string>
				<key>isa</key>
				<string>PBXFileReference</string>
				<key>name</key>
				<string>ofxPanel.h</string>
				<key>path</key>
				<string>../../../../addons/ofxGui/src/ofxPanel.h</string>
				<key>sourceTree</key>
				<string>SOURCE_ROOT</string>
			</dict>
			<key>CE6F136678038366969711AB</key>
			<dict>
				<key>fileRef</key>
				<string>27CE0445D02D803853EC74E8</string>
				<key>isa</key>
				<string>PBXBuildFile</string>
			</dict>
			<key>27CE0445D02D803853EC74E8</key>
			<dict>
				<key>explicitFileType</key>
				<string>sourcecode.cpp.cpp</string>
				<key>fileEncoding</key>
				<string>30</string>
				<key>isa</key>
				<string>PBXFileReference</string>
				<key>name</key>
				<string>ofxPanel.cpp</string>
				<key>path</key>
				<string>../../../../addons/ofxGui/src/ofxPanel.cpp</string>
				<key>sourceTree</key>
				<string>SOURCE_ROOT</string>
			</dict>
			<key>F100E30570234E337922C10C</key>
			<dict>
				<key>explicitFileType</key>
				<string>sourcecode.c.h</string>
				<key>fileEncoding</key>
				<string>30</string>
				<key>isa</key>
				<string>PBXFileReference</string>
				<key>name</key>
				<string>ofxLabel.h</string>
				<key>path</key>
				<string>../../../../addons/ofxGui/src/ofxLabel.h</string>
				<key>sourceTree</key>
				<string>SOURCE_ROOT</string>
			</dict>
			<key>81BE400C35825643551A3190</key>
			<dict>
				<key>fileRef</key>
				<string>73799D65360CD587DCAE90A0</string>
				<key>isa</key>
				<string>PBXBuildFile</string>
			</dict>
			<key>73799D65360CD587DCAE90A0</key>
			<dict>
				<key>explicitFileType</key>
				<string>sourcecode.cpp.cpp</string>
				<key>fileEncoding</key>
				<string>30</string>
				<key>isa</key>
				<string>PBXFileReference</string>
				<key>name</key>
				<string>ofxLabel.cpp</string>
				<key>path</key>
				<string>../../../../addons/ofxGui/src/ofxLabel.cpp</string>
				<key>sourceTree</key>
				<string>SOURCE_ROOT</string>
			</dict>
			<key>44C0961009D36089EBA9C36F</key>
			<dict>
				<key>explicitFileType</key>
				<string>sourcecode.c.h</string>
				<key>fileEncoding</key>
				<string>30</string>
				<key>isa</key>
				<string>PBXFileReference</string>
				<key>name</key>
				<string>ofxGuiGroup.h</string>
				<key>path</key>
				<string>../../../../addons/ofxGui/src/ofxGuiGroup.h</string>
				<key>sourceTree</key>
				<string>SOURCE_ROOT</string>
			</dict>
			<key>CFFFBA144E8160ECC1C97982</key>
			<dict>
				<key>fileRef</key>
				<string>BD6A6ADD1A79B85E833FBDF1</string>
				<key>isa</key>
				<string>PBXBuildFile</string>
			</dict>
			<key>BD6A6ADD1A79B85E833FBDF1</key>
			<dict>
				<key>explicitFileType</key>
				<string>sourcecode.cpp.cpp</string>
				<key>fileEncoding</key>
				<string>30</string>
				<key>isa</key>
				<string>PBXFileReference</string>
				<key>name</key>
				<string>ofxGuiGroup.cpp</string>
				<key>path</key>
				<string>../../../../addons/ofxGui/src/ofxGuiGroup.cpp</string>
				<key>sourceTree</key>
				<string>SOURCE_ROOT</string>
			</dict>
			<key>607FCA3A979EBCF02F0B00FC</key>
			<dict>
				<key>explicitFileType</key>
				<string>sourcecode.c.h</string>
				<key>fileEncoding</key>
				<string>30</string>
				<key>isa</key>
				<string>PBXFileReference</string>
				<key>name</key>
				<string>ofxGui.h</string>
				<key>path</key>
				<string>../../../../addons/ofxGui/src/ofxGui.h</string>
				<key>sourceTree</key>
				<string>SOURCE_ROOT</string>
			</dict>
			<key>481083C90D96C0AAA580E194</key>
			<dict>
				<key>explicitFileType</key>
				<string>sourcecode.c.h</string>
				<key>fileEncoding</key>
				<string>30</string>
				<key>isa</key>
				<string>PBXFileReference</string>
				<key>name</key>
				<string>ofxButton.h</string>
				<key>path</key>
				<string>../../../../addons/ofxGui/src/ofxButton.h</string>
				<key>sourceTree</key>
				<string>SOURCE_ROOT</string>
			</dict>
			<key>A61B54CA66E926867C59D2C6</key>
			<dict>
				<key>fileRef</key>
				<string>AE859610F3926950EBBC8B13</string>
				<key>isa</key>
				<string>PBXBuildFile</string>
			</dict>
			<key>AE859610F3926950EBBC8B13</key>
			<dict>
				<key>explicitFileType</key>
				<string>sourcecode.cpp.cpp</string>
				<key>fileEncoding</key>
				<string>30</string>
				<key>isa</key>
				<string>PBXFileReference</string>
				<key>name</key>
				<string>ofxButton.cpp</string>
				<key>path</key>
				<string>../../../../addons/ofxGui/src/ofxButton.cpp</string>
				<key>sourceTree</key>
				<string>SOURCE_ROOT</string>
			</dict>
			<key>EE3013E1AD254D862ADCA585</key>
			<dict>
				<key>explicitFileType</key>
				<string>sourcecode.c.h</string>
				<key>fileEncoding</key>
				<string>30</string>
				<key>isa</key>
				<string>PBXFileReference</string>
				<key>name</key>
				<string>ofxBaseGui.h</string>
				<key>path</key>
				<string>../../../../addons/ofxGui/src/ofxBaseGui.h</string>
				<key>sourceTree</key>
				<string>SOURCE_ROOT</string>
			</dict>
			<key>A763ED608B35AE3310251DEE</key>
			<dict>
				<key>children</key>
				<array>
					<string>BA20A4B3FEF378FA209B9E4E</string>
					<string>EE3013E1AD254D862ADCA585</string>
					<string>AE859610F3926950EBBC8B13</string>
					<string>481083C90D96C0AAA580E194</string>
					<string>607FCA3A979EBCF02F0B00FC</string>
					<string>BD6A6ADD1A79B85E833FBDF1</string>
					<string>44C0961009D36089EBA9C36F</string>
					<string>73799D65360CD587DCAE90A0</string>
					<string>F100E30570234E337922C10C</string>
					<string>27CE0445D02D803853EC74E8</string>
					<string>4EBE44F173B46F539D0F4741</string>
					<string>AEA7CD14AC4CC1AF68D59D19</string>
					<string>D41FA502010DB4C51A4C1390</string>
					<string>99B37C8367EB4811EEF8E78D</string>
					<string>CC050FCE6035B4BAFB0D11B1</string>
					<string>E118568A6BABFFADB75DB858</string>
					<string>78F524ADA8DDC5DF3F460FA5</string>
				</array>
				<key>isa</key>
				<string>PBXGroup</string>
				<key>name</key>
				<string>src</string>
				<key>sourceTree</key>
				<string>&lt;group&gt;</string>
			</dict>
			<key>480A780D8D0308AE4A368801</key>
			<dict>
				<key>children</key>
				<array>
					<string>A763ED608B35AE3310251DEE</string>
				</array>
				<key>isa</key>
				<string>PBXGroup</string>
				<key>name</key>
				<string>ofxGui</string>
				<key>sourceTree</key>
				<string>&lt;group&gt;</string>
			</dict>
			<key>106B9A6182DF98E835C09B47</key>
			<dict>
				<key>fileRef</key>
				<string>BA20A4B3FEF378FA209B9E4E</string>
				<key>isa</key>
				<string>PBXBuildFile</string>
			</dict>
			<key>BA20A4B3FEF378FA209B9E4E</key>
			<dict>
				<key>explicitFileType</key>
				<string>sourcecode.cpp.cpp</string>
				<key>fileEncoding</key>
				<string>30</string>
				<key>isa</key>
				<string>PBXFileReference</string>
				<key>name</key>
				<string>ofxBaseGui.cpp</string>
				<key>path</key>
				<string>../../../../addons/ofxGui/src/ofxBaseGui.cpp</string>
				<key>sourceTree</key>
				<string>SOURCE_ROOT</string>
			</dict>
			<key>6948EE371B920CB800B5AC1A</key>
			<dict>
				<key>children</key>
				<array />
				<key>isa</key>
				<string>PBXGroup</string>
				<key>name</key>
				<string>local_addons</string>
				<key>sourceTree</key>
				<string>&lt;group&gt;</string>
			</dict>
			<key>BB4B014C10F69532006C3DED</key>
			<dict>
				<key>children</key>
				<array>
					<string>480A780D8D0308AE4A368801</string>
					<string>9683228C705CA3FF4F2EA945</string>
					<string>1654D1369875BFEFCE99E26C</string>
					<string>1F4FB5C423662B96ADFDCC0B</string>
				</array>
				<key>isa</key>
				<string>PBXGroup</string>
				<key>name</key>
				<string>addons</string>
				<key>sourceTree</key>
				<string>&lt;group&gt;</string>
			</dict>
			<key>E4328143138ABC890047C5CB</key>
			<dict>
				<key>isa</key>
				<string>PBXFileReference</string>
				<key>lastKnownFileType</key>
				<string>wrapper.pb-project</string>
				<key>name</key>
				<string>openFrameworksLib.xcodeproj</string>
				<key>path</key>
				<string>../../../../libs/openFrameworksCompiled/project/osx/openFrameworksLib.xcodeproj</string>
				<key>sourceTree</key>
				<string>SOURCE_ROOT</string>
			</dict>
			<key>E4328144138ABC890047C5CB</key>
			<dict>
				<key>children</key>
				<array>
					<string>E4328148138ABC890047C5CB</string>
				</array>
				<key>isa</key>
				<string>PBXGroup</string>
				<key>name</key>
				<string>Products</string>
				<key>sourceTree</key>
				<string>&lt;group&gt;</string>
			</dict>
			<key>E4328147138ABC890047C5CB</key>
			<dict>
				<key>containerPortal</key>
				<string>E4328143138ABC890047C5CB</string>
				<key>isa</key>
				<string>PBXContainerItemProxy</string>
				<key>proxyType</key>
				<string>2</string>
				<key>remoteGlobalIDString</key>
				<string>E4B27C1510CBEB8E00536013</string>
				<key>remoteInfo</key>
				<string>openFrameworks</string>
			</dict>
			<key>E4328148138ABC890047C5CB</key>
			<dict>
				<key>fileType</key>
				<string>archive.ar</string>
				<key>isa</key>
				<string>PBXReferenceProxy</string>
				<key>path</key>
				<string>openFrameworksDebug.a</string>
				<key>remoteRef</key>
				<string>E4328147138ABC890047C5CB</string>
				<key>sourceTree</key>
				<string>BUILT_PRODUCTS_DIR</string>
			</dict>
			<key>E4328149138ABC9F0047C5CB</key>
			<dict>
				<key>fileRef</key>
				<string>E4328148138ABC890047C5CB</string>
				<key>isa</key>
				<string>PBXBuildFile</string>
			</dict>
			<key>E4B69B4A0A3A1720003C02F2</key>
			<dict>
				<key>children</key>
				<array>
					<string>E4B6FCAD0C3E899E008CF71C</string>
					<string>E4EB6923138AFD0F00A09F29</string>
					<string>E4B69E1C0A3A1BDC003C02F2</string>
					<string>E4EEC9E9138DF44700A80321</string>
					<string>BB4B014C10F69532006C3DED</string>
					<string>6948EE371B920CB800B5AC1A</string>
					<string>E4B69B5B0A3A1756003C02F2</string>
				</array>
				<key>isa</key>
				<string>PBXGroup</string>
				<key>sourceTree</key>
				<string>&lt;group&gt;</string>
			</dict>
			<key>E4B69B4C0A3A1720003C02F2</key>
			<dict>
				<key>attributes</key>
				<dict>
					<key>LastUpgradeCheck</key>
					<string>0600</string>
				</dict>
				<key>buildConfigurationList</key>
				<string>E4B69B4D0A3A1720003C02F2</string>
				<key>compatibilityVersion</key>
				<string>Xcode 3.2</string>
				<key>developmentRegion</key>
				<string>English</string>
				<key>hasScannedForEncodings</key>
				<string>0</string>
				<key>isa</key>
				<string>PBXProject</string>
				<key>knownRegions</key>
				<array>
					<string>English</string>
					<string>Japanese</string>
					<string>French</string>
					<string>German</string>
				</array>
				<key>mainGroup</key>
				<string>E4B69B4A0A3A1720003C02F2</string>
				<key>productRefGroup</key>
				<string>E4B69B4A0A3A1720003C02F2</string>
				<key>projectDirPath</key>
				<string />
				<key>projectReferences</key>
				<array>
					<dict>
						<key>ProductGroup</key>
						<string>E4328144138ABC890047C5CB</string>
						<key>ProjectRef</key>
						<string>E4328143138ABC890047C5CB</string>
					</dict>
				</array>
				<key>projectRoot</key>
				<string />
				<key>targets</key>
				<array>
					<string>E4B69B5A0A3A1756003C02F2</string>
				</array>
			</dict>
			<key>E4B69B4D0A3A1720003C02F2</key>
			<dict>
				<key>buildConfigurations</key>
				<array>
					<string>E4B69B4E0A3A1720003C02F2</string>
					<string>E4B69B4F0A3A1720003C02F2</string>
				</array>
				<key>defaultConfigurationIsVisible</key>
				<string>0</string>
				<key>defaultConfigurationName</key>
				<string>Release</string>
				<key>isa</key>
				<string>XCConfigurationList</string>
			</dict>
			<key>E4B69B4E0A3A1720003C02F2</key>
			<dict>
				<key>baseConfigurationReference</key>
				<string>E4EB6923138AFD0F00A09F29</string>
				<key>buildSettings</key>
				<dict>
					<key>OTHER_LDFLAGS</key>
					<array>
						<string>$(OF_CORE_FRAMEWORKS) $(OF_CORE_LIBS)</string>
						<string>../../../../addons/ofxKinect/libs/libusb-1.0/lib/osx/usb-1.0.a</string>
						<string>../../../../addons/ofxSocketIO/libs/socket.io-client/lib/osx/libboost_date_time-mt.a</string>
						<string>../../../../addons/ofxSocketIO/libs/socket.io-client/lib/osx/libboost_random-mt.a</string>
						<string>../../../../addons/ofxSocketIO/libs/socket.io-client/lib/osx/libboost_system-mt.a</string>
						<string>../../../../addons/ofxSocketIO/libs/socket.io-client/lib/osx/libsioclient.a</string>
					</array>
					<key>HEADER_SEARCH_PATHS</key>
					<array>
						<string>$(OF_CORE_HEADERS)</string>
						<string>src</string>
						<string>../../../../addons/ofxGui/src</string>
						<string>../../../../addons/ofxKinect/libs</string>
						<string>../../../../addons/ofxKinect/libs/libfreenect</string>
						<string>../../../../addons/ofxKinect/libs/libfreenect/include</string>
						<string>../../../../addons/ofxKinect/libs/libfreenect/platform</string>
						<string>../../../../addons/ofxKinect/libs/libfreenect/src</string>
						<string>../../../../addons/ofxKinect/libs/libusb-1.0</string>
						<string>../../../../addons/ofxKinect/libs/libusb-1.0/include</string>
						<string>../../../../addons/ofxKinect/libs/libusb-1.0/include/libusb-1.0</string>
						<string>../../../../addons/ofxKinect/libs/libusb-1.0/lib</string>
						<string>../../../../addons/ofxKinect/libs/libusb-1.0/lib/osx</string>
						<string>../../../../addons/ofxKinect/libs/libusb-win32</string>
						<string>../../../../addons/ofxKinect/src</string>
						<string>../../../../addons/ofxKinect/src/extra</string>
						<string>../../../../addons/ofxSocketIO/libs</string>
						<string>../../../../addons/ofxSocketIO/libs/socket.io-client</string>
						<string>../../../../addons/ofxSocketIO/libs/socket.io-client/include</string>
						<string>../../../../addons/ofxSocketIO/libs/socket.io-client/lib</string>
						<string>../../../../addons/ofxSocketIO/libs/socket.io-client/lib/linuxarmv6l</string>
						<string>../../../../addons/ofxSocketIO/libs/socket.io-client/lib/osx</string>
						<string>../../../../addons/ofxSocketIO/src</string>
						<string>../../../../addons/ofxXmlSettings/libs</string>
						<string>../../../../addons/ofxXmlSettings/src</string>
					</array>
					<key>CONFIGURATION_BUILD_DIR</key>
					<string>$(SRCROOT)/bin/</string>
					<key>COPY_PHASE_STRIP</key>
					<string>NO</string>
					<key>DEAD_CODE_STRIPPING</key>
					<string>YES</string>
					<key>GCC_AUTO_VECTORIZATION</key>
					<string>YES</string>
					<key>GCC_ENABLE_SSE3_EXTENSIONS</key>
					<string>YES</string>
					<key>GCC_ENABLE_SUPPLEMENTAL_SSE3_INSTRUCTIONS</key>
					<string>YES</string>
					<key>GCC_INLINES_ARE_PRIVATE_EXTERN</key>
					<string>NO</string>
					<key>GCC_OPTIMIZATION_LEVEL</key>
					<string>0</string>
					<key>GCC_SYMBOLS_PRIVATE_EXTERN</key>
					<string>NO</string>
					<key>GCC_WARN_ABOUT_DEPRECATED_FUNCTIONS</key>
					<string>YES</string>
					<key>GCC_WARN_ABOUT_INVALID_OFFSETOF_MACRO</key>
					<string>NO</string>
					<key>GCC_WARN_ALLOW_INCOMPLETE_PROTOCOL</key>
					<string>NO</string>
					<key>GCC_WARN_UNINITIALIZED_AUTOS</key>
					<string>NO</string>
					<key>GCC_WARN_UNUSED_VALUE</key>
					<string>NO</string>
					<key>GCC_WARN_UNUSED_VARIABLE</key>
					<string>NO</string>
					<key>MACOSX_DEPLOYMENT_TARGET</key>
					<string>10.8</string>
					<key>ONLY_ACTIVE_ARCH</key>
					<string>YES</string>
					<key>OTHER_CPLUSPLUSFLAGS</key>
					<array>
						<string>-D__MACOSX_CORE__</string>
						<string>-mtune=native</string>
					</array>
					<key>SDKROOT</key>
					<string>macosx</string>
				</dict>
				<key>isa</key>
				<string>XCBuildConfiguration</string>
				<key>name</key>
				<string>Debug</string>
			</dict>
			<key>E4B69B4F0A3A1720003C02F2</key>
			<dict>
				<key>baseConfigurationReference</key>
				<string>E4EB6923138AFD0F00A09F29</string>
				<key>buildSettings</key>
				<dict>
					<key>OTHER_LDFLAGS</key>
					<array>
						<string>$(OF_CORE_FRAMEWORKS) $(OF_CORE_LIBS)</string>
						<string>../../../../addons/ofxKinect/libs/libusb-1.0/lib/osx/usb-1.0.a</string>
						<string>../../../../addons/ofxSocketIO/libs/socket.io-client/lib/osx/libboost_date_time-mt.a</string>
						<string>../../../../addons/ofxSocketIO/libs/socket.io-client/lib/osx/libboost_random-mt.a</string>
						<string>../../../../addons/ofxSocketIO/libs/socket.io-client/lib/osx/libboost_system-mt.a</string>
						<string>../../../../addons/ofxSocketIO/libs/socket.io-client/lib/osx/libsioclient.a</string>
					</array>
					<key>HEADER_SEARCH_PATHS</key>
					<array>
						<string>$(OF_CORE_HEADERS)</string>
						<string>src</string>
						<string>../../../../addons/ofxGui/src</string>
						<string>../../../../addons/ofxKinect/libs</string>
						<string>../../../../addons/ofxKinect/libs/libfreenect</string>
						<string>../../../../addons/ofxKinect/libs/libfreenect/include</string>
						<string>../../../../addons/ofxKinect/libs/libfreenect/platform</string>
						<string>../../../../addons/ofxKinect/libs/libfreenect/src</string>
						<string>../../../../addons/ofxKinect/libs/libusb-1.0</string>
						<string>../../../../addons/ofxKinect/libs/libusb-1.0/include</string>
						<string>../../../../addons/ofxKinect/libs/libusb-1.0/include/libusb-1.0</string>
						<string>../../../../addons/ofxKinect/libs/libusb-1.0/lib</string>
						<string>../../../../addons/ofxKinect/libs/libusb-1.0/lib/osx</string>
						<string>../../../../addons/ofxKinect/libs/libusb-win32</string>
						<string>../../../../addons/ofxKinect/src</string>
						<string>../../../../addons/ofxKinect/src/extra</string>
						<string>../../../../addons/ofxSocketIO/libs</string>
						<string>../../../../addons/ofxSocketIO/libs/socket.io-client</string>
						<string>../../../../addons/ofxSocketIO/libs/socket.io-client/include</string>
						<string>../../../../addons/ofxSocketIO/libs/socket.io-client/lib</string>
						<string>../../../../addons/ofxSocketIO/libs/socket.io-client/lib/linuxarmv6l</string>
						<string>../../../../addons/ofxSocketIO/libs/socket.io-client/lib/osx</string>
						<string>../../../../addons/ofxSocketIO/src</string>
						<string>../../../../addons/ofxXmlSettings/libs</string>
						<string>../../../../addons/ofxXmlSettings/src</string>
					</array>
					<key>CONFIGURATION_BUILD_DIR</key>
					<string>$(SRCROOT)/bin/</string>
					<key>COPY_PHASE_STRIP</key>
					<string>YES</string>
					<key>DEAD_CODE_STRIPPING</key>
					<string>YES</string>
					<key>GCC_AUTO_VECTORIZATION</key>
					<string>YES</string>
					<key>GCC_ENABLE_SSE3_EXTENSIONS</key>
					<string>YES</string>
					<key>GCC_ENABLE_SUPPLEMENTAL_SSE3_INSTRUCTIONS</key>
					<string>YES</string>
					<key>GCC_INLINES_ARE_PRIVATE_EXTERN</key>
					<string>NO</string>
					<key>GCC_OPTIMIZATION_LEVEL</key>
					<string>3</string>
					<key>GCC_SYMBOLS_PRIVATE_EXTERN</key>
					<string>NO</string>
					<key>GCC_UNROLL_LOOPS</key>
					<string>YES</string>
					<key>GCC_WARN_ABOUT_DEPRECATED_FUNCTIONS</key>
					<string>YES</string>
					<key>GCC_WARN_ABOUT_INVALID_OFFSETOF_MACRO</key>
					<string>NO</string>
					<key>GCC_WARN_ALLOW_INCOMPLETE_PROTOCOL</key>
					<string>NO</string>
					<key>GCC_WARN_UNINITIALIZED_AUTOS</key>
					<string>NO</string>
					<key>GCC_WARN_UNUSED_VALUE</key>
					<string>NO</string>
					<key>GCC_WARN_UNUSED_VARIABLE</key>
					<string>NO</string>
					<key>MACOSX_DEPLOYMENT_TARGET</key>
					<string>10.8</string>
					<key>OTHER_CPLUSPLUSFLAGS</key>
					<array>
						<string>-D__MACOSX_CORE__</string>
						<string>-mtune=native</string>
					</array>
					<key>SDKROOT</key>
					<string>macosx</string>
				</dict>
				<key>isa</key>
				<string>XCBuildConfiguration</string>
				<key>name</key>
				<string>Release</string>
			</dict>
			<key>E4B69B580A3A1756003C02F2</key>
			<dict>
				<key>buildActionMask</key>
				<string>2147483647</string>
				<key>files</key>
				<array>
					<string>E4B69E200A3A1BDC003C02F2</string>
					<string>E4B69E210A3A1BDC003C02F2</string>
					<string>106B9A6182DF98E835C09B47</string>
					<string>A61B54CA66E926867C59D2C6</string>
					<string>CFFFBA144E8160ECC1C97982</string>
					<string>81BE400C35825643551A3190</string>
					<string>CE6F136678038366969711AB</string>
					<string>A2953313263AE1234930247E</string>
					<string>413B65A0F41D699F37AB4C06</string>
					<string>B07D6C52C2FE371D2B91739E</string>
					<string>A410FD233F75B688B03CBAE3</string>
					<string>4F535557DDB78E33E89755AB</string>
					<string>07925661608857C519CE1E55</string>
					<string>93AB204B1A6472C752E821D5</string>
					<string>BFFEF79AA60E1FB214C0D2D2</string>
					<string>92434C5EB6D0EC4486055062</string>
					<string>BD008A9DDBF06272F667877B</string>
					<string>31BDF2FF35F01A57F397B1A0</string>
					<string>01E0DB41EA0410B25964E222</string>
					<string>A4126F292AC452BFAA9AF9F6</string>
					<string>A1A5D91898173A0D4DC07FA9</string>
					<string>2D0DDFBCCF9B10C4E3CF6790</string>
					<string>57DCE342580B70382C6C67D9</string>
					<string>40755491CDDD7249B25A1F2D</string>
					<string>B8A4986AE3CFD44755D311C7</string>
					<string>28DCB9949680410908EFD4D5</string>
					<string>8AAF2BA4AFCBEC334841B989</string>
				</array>
				<key>isa</key>
				<string>PBXSourcesBuildPhase</string>
				<key>runOnlyForDeploymentPostprocessing</key>
				<string>0</string>
			</dict>
			<key>E4B69B590A3A1756003C02F2</key>
			<dict>
				<key>buildActionMask</key>
				<string>2147483647</string>
				<key>files</key>
				<array>
					<string>E4328149138ABC9F0047C5CB</string>
				</array>
				<key>isa</key>
				<string>PBXFrameworksBuildPhase</string>
				<key>runOnlyForDeploymentPostprocessing</key>
				<string>0</string>
			</dict>
			<key>E4B69B5A0A3A1756003C02F2</key>
			<dict>
				<key>buildConfigurationList</key>
				<string>E4B69B5F0A3A1757003C02F2</string>
				<key>buildPhases</key>
				<array>
					<string>E4B69B580A3A1756003C02F2</string>
					<string>E4B69B590A3A1756003C02F2</string>
					<string>E4B6FFFD0C3F9AB9008CF71C</string>
					<string>E4C2427710CC5ABF004149E2</string>
				</array>
				<key>buildRules</key>
				<array />
				<key>dependencies</key>
				<array>
					<string>E4EEB9AC138B136A00A80321</string>
				</array>
				<key>isa</key>
				<string>PBXNativeTarget</string>
				<key>name</key>
				<string>lumihoop</string>
				<key>productName</key>
				<string>myOFApp</string>
				<key>productReference</key>
				<string>E4B69B5B0A3A1756003C02F2</string>
				<key>productType</key>
				<string>com.apple.product-type.application</string>
			</dict>
			<key>E4B69B5B0A3A1756003C02F2</key>
			<dict>
				<key>explicitFileType</key>
				<string>wrapper.application</string>
				<key>includeInIndex</key>
				<string>0</string>
				<key>isa</key>
				<string>PBXFileReference</string>
				<key>path</key>
				<string>lumihoopDebug.app</string>
				<key>sourceTree</key>
				<string>BUILT_PRODUCTS_DIR</string>
			</dict>
			<key>E4B69B5F0A3A1757003C02F2</key>
			<dict>
				<key>buildConfigurations</key>
				<array>
					<string>E4B69B600A3A1757003C02F2</string>
					<string>E4B69B610A3A1757003C02F2</string>
				</array>
				<key>defaultConfigurationIsVisible</key>
				<string>0</string>
				<key>defaultConfigurationName</key>
				<string>Release</string>
				<key>isa</key>
				<string>XCConfigurationList</string>
			</dict>
			<key>E4B69B600A3A1757003C02F2</key>
			<dict>
				<key>baseConfigurationReference</key>
				<string>E4EB6923138AFD0F00A09F29</string>
				<key>buildSettings</key>
				<dict>
					<key>OTHER_LDFLAGS</key>
					<array>
						<string>$(OF_CORE_FRAMEWORKS) $(OF_CORE_LIBS)</string>
						<string>../../../../addons/ofxKinect/libs/libusb-1.0/lib/osx/usb-1.0.a</string>
						<string>../../../../addons/ofxSocketIO/libs/socket.io-client/lib/osx/libboost_date_time-mt.a</string>
						<string>../../../../addons/ofxSocketIO/libs/socket.io-client/lib/osx/libboost_random-mt.a</string>
						<string>../../../../addons/ofxSocketIO/libs/socket.io-client/lib/osx/libboost_system-mt.a</string>
						<string>../../../../addons/ofxSocketIO/libs/socket.io-client/lib/osx/libsioclient.a</string>
					</array>
					<key>HEADER_SEARCH_PATHS</key>
					<array>
						<string>$(OF_CORE_HEADERS)</string>
						<string>src</string>
						<string>../../../../addons/ofxGui/src</string>
						<string>../../../../addons/ofxKinect/libs</string>
						<string>../../../../addons/ofxKinect/libs/libfreenect</string>
						<string>../../../../addons/ofxKinect/libs/libfreenect/include</string>
						<string>../../../../addons/ofxKinect/libs/libfreenect/platform</string>
						<string>../../../../addons/ofxKinect/libs/libfreenect/src</string>
						<string>../../../../addons/ofxKinect/libs/libusb-1.0</string>
						<string>../../../../addons/ofxKinect/libs/libusb-1.0/include</string>
						<string>../../../../addons/ofxKinect/libs/libusb-1.0/include/libusb-1.0</string>
						<string>../../../../addons/ofxKinect/libs/libusb-1.0/lib</string>
						<string>../../../../addons/ofxKinect/libs/libusb-1.0/lib/osx</string>
						<string>../../../../addons/ofxKinect/libs/libusb-win32</string>
						<string>../../../../addons/ofxKinect/src</string>
						<string>../../../../addons/ofxKinect/src/extra</string>
						<string>../../../../addons/ofxSocketIO/libs</string>
						<string>../../../../addons/ofxSocketIO/libs/socket.io-client</string>
						<string>../../../../addons/ofxSocketIO/libs/socket.io-client/include</string>
						<string>../../../../addons/ofxSocketIO/libs/socket.io-client/lib</string>
						<string>../../../../addons/ofxSocketIO/libs/socket.io-client/lib/linuxarmv6l</string>
						<string>../../../../addons/ofxSocketIO/libs/socket.io-client/lib/osx</string>
						<string>../../../../addons/ofxSocketIO/src</string>
						<string>../../../../addons/ofxXmlSettings/libs</string>
						<string>../../../../addons/ofxXmlSettings/src</string>
					</array>
					<key>COMBINE_HIDPI_IMAGES</key>
					<string>YES</string>
					<key>COPY_PHASE_STRIP</key>
					<string>NO</string>
					<key>FRAMEWORK_SEARCH_PATHS</key>
					<array>
						<string>$(inherited)</string>
						<string>$(FRAMEWORK_SEARCH_PATHS_QUOTED_FOR_TARGET_1)</string>
					</array>
					<key>FRAMEWORK_SEARCH_PATHS_QUOTED_FOR_TARGET_1</key>
					<string>"$(SRCROOT)/../../../../libs/glut/lib/osx"</string>
					<key>GCC_DYNAMIC_NO_PIC</key>
					<string>NO</string>
					<key>GCC_GENERATE_DEBUGGING_SYMBOLS</key>
					<string>YES</string>
					<key>GCC_MODEL_TUNING</key>
					<string>NONE</string>
					<key>ICON</key>
					<string>$(ICON_NAME_DEBUG)</string>
					<key>ICON_FILE</key>
					<string>$(ICON_FILE_PATH)$(ICON)</string>
					<key>INFOPLIST_FILE</key>
					<string>openFrameworks-Info.plist</string>
					<key>INSTALL_PATH</key>
					<string>/Applications</string>
					<key>LIBRARY_SEARCH_PATHS</key>
					<string>$(inherited)</string>
					<key>PRODUCT_NAME</key>
					<string>$(TARGET_NAME)Debug</string>
					<key>WRAPPER_EXTENSION</key>
					<string>app</string>
				</dict>
				<key>isa</key>
				<string>XCBuildConfiguration</string>
				<key>name</key>
				<string>Debug</string>
			</dict>
			<key>E4B69B610A3A1757003C02F2</key>
			<dict>
				<key>baseConfigurationReference</key>
				<string>E4EB6923138AFD0F00A09F29</string>
				<key>buildSettings</key>
				<dict>
					<key>OTHER_LDFLAGS</key>
					<array>
						<string>$(OF_CORE_FRAMEWORKS) $(OF_CORE_LIBS)</string>
						<string>../../../../addons/ofxKinect/libs/libusb-1.0/lib/osx/usb-1.0.a</string>
						<string>../../../../addons/ofxSocketIO/libs/socket.io-client/lib/osx/libboost_date_time-mt.a</string>
						<string>../../../../addons/ofxSocketIO/libs/socket.io-client/lib/osx/libboost_random-mt.a</string>
						<string>../../../../addons/ofxSocketIO/libs/socket.io-client/lib/osx/libboost_system-mt.a</string>
						<string>../../../../addons/ofxSocketIO/libs/socket.io-client/lib/osx/libsioclient.a</string>
					</array>
					<key>HEADER_SEARCH_PATHS</key>
					<array>
						<string>$(OF_CORE_HEADERS)</string>
						<string>src</string>
						<string>../../../../addons/ofxGui/src</string>
						<string>../../../../addons/ofxKinect/libs</string>
						<string>../../../../addons/ofxKinect/libs/libfreenect</string>
						<string>../../../../addons/ofxKinect/libs/libfreenect/include</string>
						<string>../../../../addons/ofxKinect/libs/libfreenect/platform</string>
						<string>../../../../addons/ofxKinect/libs/libfreenect/src</string>
						<string>../../../../addons/ofxKinect/libs/libusb-1.0</string>
						<string>../../../../addons/ofxKinect/libs/libusb-1.0/include</string>
						<string>../../../../addons/ofxKinect/libs/libusb-1.0/include/libusb-1.0</string>
						<string>../../../../addons/ofxKinect/libs/libusb-1.0/lib</string>
						<string>../../../../addons/ofxKinect/libs/libusb-1.0/lib/osx</string>
						<string>../../../../addons/ofxKinect/libs/libusb-win32</string>
						<string>../../../../addons/ofxKinect/src</string>
						<string>../../../../addons/ofxKinect/src/extra</string>
						<string>../../../../addons/ofxSocketIO/libs</string>
						<string>../../../../addons/ofxSocketIO/libs/socket.io-client</string>
						<string>../../../../addons/ofxSocketIO/libs/socket.io-client/include</string>
						<string>../../../../addons/ofxSocketIO/libs/socket.io-client/lib</string>
						<string>../../../../addons/ofxSocketIO/libs/socket.io-client/lib/linuxarmv6l</string>
						<string>../../../../addons/ofxSocketIO/libs/socket.io-client/lib/osx</string>
						<string>../../../../addons/ofxSocketIO/src</string>
						<string>../../../../addons/ofxXmlSettings/libs</string>
						<string>../../../../addons/ofxXmlSettings/src</string>
					</array>
					<key>COMBINE_HIDPI_IMAGES</key>
					<string>YES</string>
					<key>COPY_PHASE_STRIP</key>
					<string>YES</string>
					<key>FRAMEWORK_SEARCH_PATHS</key>
					<array>
						<string>$(inherited)</string>
						<string>$(FRAMEWORK_SEARCH_PATHS_QUOTED_FOR_TARGET_1)</string>
					</array>
					<key>FRAMEWORK_SEARCH_PATHS_QUOTED_FOR_TARGET_1</key>
					<string>"$(SRCROOT)/../../../../libs/glut/lib/osx"</string>
					<key>GCC_GENERATE_DEBUGGING_SYMBOLS</key>
					<string>YES</string>
					<key>GCC_MODEL_TUNING</key>
					<string>NONE</string>
					<key>ICON</key>
					<string>$(ICON_NAME_RELEASE)</string>
					<key>ICON_FILE</key>
					<string>$(ICON_FILE_PATH)$(ICON)</string>
					<key>INFOPLIST_FILE</key>
					<string>openFrameworks-Info.plist</string>
					<key>INSTALL_PATH</key>
					<string>/Applications</string>
					<key>LIBRARY_SEARCH_PATHS</key>
					<string>$(inherited)</string>
					<key>PRODUCT_NAME</key>
					<string>$(TARGET_NAME)</string>
					<key>WRAPPER_EXTENSION</key>
					<string>app</string>
					<key>baseConfigurationReference</key>
					<string>E4EB6923138AFD0F00A09F29</string>
				</dict>
				<key>isa</key>
				<string>XCBuildConfiguration</string>
				<key>name</key>
				<string>Release</string>
			</dict>
			<key>E4B69E1C0A3A1BDC003C02F2</key>
			<dict>
				<key>children</key>
				<array>
					<string>E4B69E1D0A3A1BDC003C02F2</string>
					<string>E4B69E1E0A3A1BDC003C02F2</string>
					<string>E4B69E1F0A3A1BDC003C02F2</string>
				</array>
				<key>isa</key>
				<string>PBXGroup</string>
				<key>path</key>
				<string>src</string>
				<key>sourceTree</key>
				<string>SOURCE_ROOT</string>
			</dict>
			<key>E4B69E1D0A3A1BDC003C02F2</key>
			<dict>
				<key>fileEncoding</key>
				<string>30</string>
				<key>isa</key>
				<string>PBXFileReference</string>
				<key>lastKnownFileType</key>
				<string>sourcecode.cpp.cpp</string>
				<key>name</key>
				<string>main.cpp</string>
				<key>path</key>
				<string>src/main.cpp</string>
				<key>sourceTree</key>
				<string>SOURCE_ROOT</string>
			</dict>
			<key>E4B69E1E0A3A1BDC003C02F2</key>
			<dict>
				<key>explicitFileType</key>
				<string>sourcecode.cpp.cpp</string>
				<key>fileEncoding</key>
				<string>30</string>
				<key>isa</key>
				<string>PBXFileReference</string>
				<key>name</key>
				<string>ofApp.cpp</string>
				<key>path</key>
				<string>src/ofApp.cpp</string>
				<key>sourceTree</key>
				<string>SOURCE_ROOT</string>
			</dict>
			<key>E4B69E1F0A3A1BDC003C02F2</key>
			<dict>
				<key>fileEncoding</key>
				<string>30</string>
				<key>isa</key>
				<string>PBXFileReference</string>
				<key>lastKnownFileType</key>
				<string>sourcecode.c.h</string>
				<key>name</key>
				<string>ofApp.h</string>
				<key>path</key>
				<string>src/ofApp.h</string>
				<key>sourceTree</key>
				<string>SOURCE_ROOT</string>
			</dict>
			<key>E4B69E200A3A1BDC003C02F2</key>
			<dict>
				<key>fileRef</key>
				<string>E4B69E1D0A3A1BDC003C02F2</string>
				<key>isa</key>
				<string>PBXBuildFile</string>
			</dict>
			<key>E4B69E210A3A1BDC003C02F2</key>
			<dict>
				<key>fileRef</key>
				<string>E4B69E1E0A3A1BDC003C02F2</string>
				<key>isa</key>
				<string>PBXBuildFile</string>
			</dict>
			<key>E4B6FCAD0C3E899E008CF71C</key>
			<dict>
				<key>fileEncoding</key>
				<string>30</string>
				<key>isa</key>
				<string>PBXFileReference</string>
				<key>lastKnownFileType</key>
				<string>text.plist.xml</string>
				<key>path</key>
				<string>openFrameworks-Info.plist</string>
				<key>sourceTree</key>
				<string>&lt;group&gt;</string>
			</dict>
			<key>E4B6FFFD0C3F9AB9008CF71C</key>
			<dict>
				<key>buildActionMask</key>
				<string>2147483647</string>
				<key>files</key>
				<array />
				<key>inputPaths</key>
				<array />
				<key>isa</key>
				<string>PBXShellScriptBuildPhase</string>
				<key>outputPaths</key>
				<array />
				<key>runOnlyForDeploymentPostprocessing</key>
				<string>0</string>
				<key>shellPath</key>
				<string>/bin/sh</string>
				<key>shellScript</key>
				<string>mkdir -p "$TARGET_BUILD_DIR/$PRODUCT_NAME.app/Contents/Resources/"
# Copy default icon file into App/Resources
rsync -aved "$ICON_FILE" "$TARGET_BUILD_DIR/$PRODUCT_NAME.app/Contents/Resources/"
# Copy libfmod and change install directory for fmod to run
rsync -aved ../../../../libs/fmodex/lib/osx/libfmodex.dylib "$TARGET_BUILD_DIR/$PRODUCT_NAME.app/Contents/Frameworks/";
install_name_tool -change @executable_path/libfmodex.dylib @executable_path/../Frameworks/libfmodex.dylib "$TARGET_BUILD_DIR/$PRODUCT_NAME.app/Contents/MacOS/$PRODUCT_NAME";
# Copy GLUT framework (must remove for AppStore submissions)
rsync -aved ../../../../libs/glut/lib/osx/GLUT.framework "$TARGET_BUILD_DIR/$PRODUCT_NAME.app/Contents/Frameworks/"
</string>
			</dict>
			<key>E4C2427710CC5ABF004149E2</key>
			<dict>
				<key>buildActionMask</key>
				<string>2147483647</string>
				<key>dstPath</key>
				<string />
				<key>dstSubfolderSpec</key>
				<string>10</string>
				<key>files</key>
				<array />
				<key>isa</key>
				<string>PBXCopyFilesBuildPhase</string>
				<key>runOnlyForDeploymentPostprocessing</key>
				<string>0</string>
			</dict>
			<key>E4EB691F138AFCF100A09F29</key>
			<dict>
				<key>fileEncoding</key>
				<string>4</string>
				<key>isa</key>
				<string>PBXFileReference</string>
				<key>lastKnownFileType</key>
				<string>text.xcconfig</string>
				<key>name</key>
				<string>CoreOF.xcconfig</string>
				<key>path</key>
				<string>../../../../libs/openFrameworksCompiled/project/osx/CoreOF.xcconfig</string>
				<key>sourceTree</key>
				<string>SOURCE_ROOT</string>
			</dict>
			<key>E4EB6923138AFD0F00A09F29</key>
			<dict>
				<key>fileEncoding</key>
				<string>4</string>
				<key>isa</key>
				<string>PBXFileReference</string>
				<key>lastKnownFileType</key>
				<string>text.xcconfig</string>
				<key>path</key>
				<string>Project.xcconfig</string>
				<key>sourceTree</key>
				<string>&lt;group&gt;</string>
			</dict>
			<key>E4EEB9AB138B136A00A80321</key>
			<dict>
				<key>containerPortal</key>
				<string>E4328143138ABC890047C5CB</string>
				<key>isa</key>
				<string>PBXContainerItemProxy</string>
				<key>proxyType</key>
				<string>1</string>
				<key>remoteGlobalIDString</key>
				<string>E4B27C1410CBEB8E00536013</string>
				<key>remoteInfo</key>
				<string>openFrameworks</string>
			</dict>
			<key>E4EEB9AC138B136A00A80321</key>
			<dict>
				<key>isa</key>
				<string>PBXTargetDependency</string>
				<key>name</key>
				<string>openFrameworks</string>
				<key>targetProxy</key>
				<string>E4EEB9AB138B136A00A80321</string>
			</dict>
			<key>E4EEC9E9138DF44700A80321</key>
			<dict>
				<key>children</key>
				<array>
					<string>E4EB691F138AFCF100A09F29</string>
					<string>E4328143138ABC890047C5CB</string>
				</array>
				<key>isa</key>
				<string>PBXGroup</string>
				<key>name</key>
				<string>openFrameworks</string>
				<key>sourceTree</key>
				<string>&lt;group&gt;</string>
			</dict>
		</dict>
		<key>rootObject</key>
		<string>E4B69B4C0A3A1720003C02F2</string>
	</dict>
</plist>
