<?xml version="1.0"?>
<plist version="1.0">
	<dict>
		<key>archiveVersion</key>
		<string>1</string>
		<key>classes</key>
		<dict />
		<key>objectVersion</key>
		<string>46</string>
		<key>objects</key>
		<dict>
			<key>1DDF149C577419CAA93E28E5</key>
			<dict>
				<key>fileRef</key>
				<string>F17ABD05212A93D93C5EC4FA</string>
				<key>isa</key>
				<string>PBXBuildFile</string>
			</dict>
			<key>F17ABD05212A93D93C5EC4FA</key>
			<dict>
				<key>explicitFileType</key>
				<string>sourcecode.cpp.cpp</string>
				<key>fileEncoding</key>
				<string>30</string>
				<key>isa</key>
				<string>PBXFileReference</string>
				<key>name</key>
				<string>Util.cpp</string>
				<key>path</key>
				<string>../../../../addons/ofxLibwebsockets/libs/ofxLibwebsockets/src/Util.cpp</string>
				<key>sourceTree</key>
				<string>SOURCE_ROOT</string>
			</dict>
			<key>2597E3D95FA2CBD63D8FAA3B</key>
			<dict>
				<key>fileRef</key>
				<string>DFEB2C5CAAEEC3B886F2082D</string>
				<key>isa</key>
				<string>PBXBuildFile</string>
			</dict>
			<key>DFEB2C5CAAEEC3B886F2082D</key>
			<dict>
				<key>explicitFileType</key>
				<string>sourcecode.cpp.cpp</string>
				<key>fileEncoding</key>
				<string>30</string>
				<key>isa</key>
				<string>PBXFileReference</string>
				<key>name</key>
				<string>Server.cpp</string>
				<key>path</key>
				<string>../../../../addons/ofxLibwebsockets/libs/ofxLibwebsockets/src/Server.cpp</string>
				<key>sourceTree</key>
				<string>SOURCE_ROOT</string>
			</dict>
			<key>B5ADB3221CED861532CEE3D7</key>
			<dict>
				<key>fileRef</key>
				<string>09EEE016E14AD0DE48C9F873</string>
				<key>isa</key>
				<string>PBXBuildFile</string>
			</dict>
			<key>09EEE016E14AD0DE48C9F873</key>
			<dict>
				<key>explicitFileType</key>
				<string>sourcecode.cpp.cpp</string>
				<key>fileEncoding</key>
				<string>30</string>
				<key>isa</key>
				<string>PBXFileReference</string>
				<key>name</key>
				<string>Reactor.cpp</string>
				<key>path</key>
				<string>../../../../addons/ofxLibwebsockets/libs/ofxLibwebsockets/src/Reactor.cpp</string>
				<key>sourceTree</key>
				<string>SOURCE_ROOT</string>
			</dict>
			<key>B90766B84B5CC9FEB1CEFD7C</key>
			<dict>
				<key>fileRef</key>
				<string>14F06127172149E4595AC86A</string>
				<key>isa</key>
				<string>PBXBuildFile</string>
			</dict>
			<key>14F06127172149E4595AC86A</key>
			<dict>
				<key>explicitFileType</key>
				<string>sourcecode.cpp.cpp</string>
				<key>fileEncoding</key>
				<string>30</string>
				<key>isa</key>
				<string>PBXFileReference</string>
				<key>name</key>
				<string>Protocol.cpp</string>
				<key>path</key>
				<string>../../../../addons/ofxLibwebsockets/libs/ofxLibwebsockets/src/Protocol.cpp</string>
				<key>sourceTree</key>
				<string>SOURCE_ROOT</string>
			</dict>
			<key>B09897FC4879FBD4681DEA0F</key>
			<dict>
				<key>fileRef</key>
				<string>8CC2712587C0633E42BDA1FC</string>
				<key>isa</key>
				<string>PBXBuildFile</string>
			</dict>
			<key>8CC2712587C0633E42BDA1FC</key>
			<dict>
				<key>explicitFileType</key>
				<string>sourcecode.cpp.cpp</string>
				<key>fileEncoding</key>
				<string>30</string>
				<key>isa</key>
				<string>PBXFileReference</string>
				<key>name</key>
				<string>Events.cpp</string>
				<key>path</key>
				<string>../../../../addons/ofxLibwebsockets/libs/ofxLibwebsockets/src/Events.cpp</string>
				<key>sourceTree</key>
				<string>SOURCE_ROOT</string>
			</dict>
			<key>A2EFAC03C5CFD76AAB7F873F</key>
			<dict>
				<key>fileRef</key>
				<string>44D6486D873AE1C01B26EC7A</string>
				<key>isa</key>
				<string>PBXBuildFile</string>
			</dict>
			<key>44D6486D873AE1C01B26EC7A</key>
			<dict>
				<key>explicitFileType</key>
				<string>sourcecode.cpp.cpp</string>
				<key>fileEncoding</key>
				<string>30</string>
				<key>isa</key>
				<string>PBXFileReference</string>
				<key>name</key>
				<string>Connection.cpp</string>
				<key>path</key>
				<string>../../../../addons/ofxLibwebsockets/libs/ofxLibwebsockets/src/Connection.cpp</string>
				<key>sourceTree</key>
				<string>SOURCE_ROOT</string>
			</dict>
			<key>213FDE476BBC2B9B0347CC2F</key>
			<dict>
				<key>children</key>
				<array>
					<string>B449B498E4391EBE43E7158A</string>
					<string>44D6486D873AE1C01B26EC7A</string>
					<string>8CC2712587C0633E42BDA1FC</string>
					<string>14F06127172149E4595AC86A</string>
					<string>09EEE016E14AD0DE48C9F873</string>
					<string>DFEB2C5CAAEEC3B886F2082D</string>
					<string>F17ABD05212A93D93C5EC4FA</string>
				</array>
				<key>isa</key>
				<string>PBXGroup</string>
				<key>name</key>
				<string>src</string>
				<key>sourceTree</key>
				<string>&lt;group&gt;</string>
			</dict>
			<key>E8972AD60CD0DDB3178F6460</key>
			<dict>
				<key>fileRef</key>
				<string>B449B498E4391EBE43E7158A</string>
				<key>isa</key>
				<string>PBXBuildFile</string>
			</dict>
			<key>B449B498E4391EBE43E7158A</key>
			<dict>
				<key>explicitFileType</key>
				<string>sourcecode.cpp.cpp</string>
				<key>fileEncoding</key>
				<string>30</string>
				<key>isa</key>
				<string>PBXFileReference</string>
				<key>name</key>
				<string>Client.cpp</string>
				<key>path</key>
				<string>../../../../addons/ofxLibwebsockets/libs/ofxLibwebsockets/src/Client.cpp</string>
				<key>sourceTree</key>
				<string>SOURCE_ROOT</string>
			</dict>
			<key>C61B79AA9CEA4624C63E5740</key>
			<dict>
				<key>explicitFileType</key>
				<string>sourcecode.c.h</string>
				<key>fileEncoding</key>
				<string>30</string>
				<key>isa</key>
				<string>PBXFileReference</string>
				<key>name</key>
				<string>Util.h</string>
				<key>path</key>
				<string>../../../../addons/ofxLibwebsockets/libs/ofxLibwebsockets/include/ofxLibwebsockets/Util.h</string>
				<key>sourceTree</key>
				<string>SOURCE_ROOT</string>
			</dict>
			<key>A5C5D4190A6716D016C3620D</key>
			<dict>
				<key>explicitFileType</key>
				<string>sourcecode.c.h</string>
				<key>fileEncoding</key>
				<string>30</string>
				<key>isa</key>
				<string>PBXFileReference</string>
				<key>name</key>
				<string>Server.h</string>
				<key>path</key>
				<string>../../../../addons/ofxLibwebsockets/libs/ofxLibwebsockets/include/ofxLibwebsockets/Server.h</string>
				<key>sourceTree</key>
				<string>SOURCE_ROOT</string>
			</dict>
			<key>7E2E89E3F9BBE89ED8D2B373</key>
			<dict>
				<key>explicitFileType</key>
				<string>sourcecode.c.h</string>
				<key>fileEncoding</key>
				<string>30</string>
				<key>isa</key>
				<string>PBXFileReference</string>
				<key>name</key>
				<string>Reactor.h</string>
				<key>path</key>
				<string>../../../../addons/ofxLibwebsockets/libs/ofxLibwebsockets/include/ofxLibwebsockets/Reactor.h</string>
				<key>sourceTree</key>
				<string>SOURCE_ROOT</string>
			</dict>
			<key>EA767A0556F6928A2FB6E3C1</key>
			<dict>
				<key>explicitFileType</key>
				<string>sourcecode.c.h</string>
				<key>fileEncoding</key>
				<string>30</string>
				<key>isa</key>
				<string>PBXFileReference</string>
				<key>name</key>
				<string>Protocol.h</string>
				<key>path</key>
				<string>../../../../addons/ofxLibwebsockets/libs/ofxLibwebsockets/include/ofxLibwebsockets/Protocol.h</string>
				<key>sourceTree</key>
				<string>SOURCE_ROOT</string>
			</dict>
			<key>C3A1178654232161A8985D2D</key>
			<dict>
				<key>explicitFileType</key>
				<string>sourcecode.c.h</string>
				<key>fileEncoding</key>
				<string>30</string>
				<key>isa</key>
				<string>PBXFileReference</string>
				<key>name</key>
				<string>Events.h</string>
				<key>path</key>
				<string>../../../../addons/ofxLibwebsockets/libs/ofxLibwebsockets/include/ofxLibwebsockets/Events.h</string>
				<key>sourceTree</key>
				<string>SOURCE_ROOT</string>
			</dict>
			<key>91631AAA40446DE6E21A688B</key>
			<dict>
				<key>explicitFileType</key>
				<string>sourcecode.c.h</string>
				<key>fileEncoding</key>
				<string>30</string>
				<key>isa</key>
				<string>PBXFileReference</string>
				<key>name</key>
				<string>Connection.h</string>
				<key>path</key>
				<string>../../../../addons/ofxLibwebsockets/libs/ofxLibwebsockets/include/ofxLibwebsockets/Connection.h</string>
				<key>sourceTree</key>
				<string>SOURCE_ROOT</string>
			</dict>
			<key>557E2A608249176E0784E609</key>
			<dict>
				<key>children</key>
				<array>
					<string>DD396F9A5E9DFEA199258D7B</string>
					<string>91631AAA40446DE6E21A688B</string>
					<string>C3A1178654232161A8985D2D</string>
					<string>EA767A0556F6928A2FB6E3C1</string>
					<string>7E2E89E3F9BBE89ED8D2B373</string>
					<string>A5C5D4190A6716D016C3620D</string>
					<string>C61B79AA9CEA4624C63E5740</string>
				</array>
				<key>isa</key>
				<string>PBXGroup</string>
				<key>name</key>
				<string>ofxLibwebsockets</string>
				<key>sourceTree</key>
				<string>&lt;group&gt;</string>
			</dict>
			<key>108C8D494BF6997F7A730F6E</key>
			<dict>
				<key>children</key>
				<array>
					<string>557E2A608249176E0784E609</string>
				</array>
				<key>isa</key>
				<string>PBXGroup</string>
				<key>name</key>
				<string>include</string>
				<key>sourceTree</key>
				<string>&lt;group&gt;</string>
			</dict>
			<key>AB97697EC6F10E7234EFF261</key>
			<dict>
				<key>children</key>
				<array>
					<string>108C8D494BF6997F7A730F6E</string>
					<string>213FDE476BBC2B9B0347CC2F</string>
				</array>
				<key>isa</key>
				<string>PBXGroup</string>
				<key>name</key>
				<string>ofxLibwebsockets</string>
				<key>sourceTree</key>
				<string>&lt;group&gt;</string>
			</dict>
			<key>DD396F9A5E9DFEA199258D7B</key>
			<dict>
				<key>explicitFileType</key>
				<string>sourcecode.c.h</string>
				<key>fileEncoding</key>
				<string>30</string>
				<key>isa</key>
				<string>PBXFileReference</string>
				<key>name</key>
				<string>Client.h</string>
				<key>path</key>
				<string>../../../../addons/ofxLibwebsockets/libs/ofxLibwebsockets/include/ofxLibwebsockets/Client.h</string>
				<key>sourceTree</key>
				<string>SOURCE_ROOT</string>
			</dict>
			<key>C2570E8EB9438700AF9DD4DD</key>
			<dict>
				<key>explicitFileType</key>
				<string>sourcecode.c.h</string>
				<key>fileEncoding</key>
				<string>30</string>
				<key>isa</key>
				<string>PBXFileReference</string>
				<key>name</key>
				<string>lws_config.h</string>
				<key>path</key>
				<string>../../../../addons/ofxLibwebsockets/libs/libwebsockets/include/lws_config.h</string>
				<key>sourceTree</key>
				<string>SOURCE_ROOT</string>
			</dict>
			<key>18FCCFAA3CEB7C78C4BFC512</key>
			<dict>
				<key>children</key>
				<array>
					<string>19393EABDD8BA2129A590774</string>
					<string>C2570E8EB9438700AF9DD4DD</string>
				</array>
				<key>isa</key>
				<string>PBXGroup</string>
				<key>name</key>
				<string>include</string>
				<key>sourceTree</key>
				<string>&lt;group&gt;</string>
			</dict>
			<key>CB67BAA20E44B0F45701C777</key>
			<dict>
				<key>children</key>
				<array>
					<string>18FCCFAA3CEB7C78C4BFC512</string>
				</array>
				<key>isa</key>
				<string>PBXGroup</string>
				<key>name</key>
				<string>libwebsockets</string>
				<key>sourceTree</key>
				<string>&lt;group&gt;</string>
			</dict>
			<key>19393EABDD8BA2129A590774</key>
			<dict>
				<key>explicitFileType</key>
				<string>sourcecode.c.h</string>
				<key>fileEncoding</key>
				<string>30</string>
				<key>isa</key>
				<string>PBXFileReference</string>
				<key>name</key>
				<string>libwebsockets.h</string>
				<key>path</key>
				<string>../../../../addons/ofxLibwebsockets/libs/libwebsockets/include/libwebsockets.h</string>
				<key>sourceTree</key>
				<string>SOURCE_ROOT</string>
			</dict>
			<key>E7F443FDCD31646B95F70F6C</key>
			<dict>
				<key>fileRef</key>
				<string>C9BAAE7DB81DA2908FA2883C</string>
				<key>isa</key>
				<string>PBXBuildFile</string>
			</dict>
			<key>C9BAAE7DB81DA2908FA2883C</key>
			<dict>
				<key>explicitFileType</key>
				<string>sourcecode.cpp.cpp</string>
				<key>fileEncoding</key>
				<string>30</string>
				<key>isa</key>
				<string>PBXFileReference</string>
				<key>name</key>
				<string>jsoncpp.cpp</string>
				<key>path</key>
				<string>../../../../addons/ofxLibwebsockets/libs/jsoncpp/jsoncpp.cpp</string>
				<key>sourceTree</key>
				<string>SOURCE_ROOT</string>
			</dict>
			<key>41BD28CAC3EAE9C0FB035712</key>
			<dict>
				<key>explicitFileType</key>
				<string>sourcecode.c.h</string>
				<key>fileEncoding</key>
				<string>30</string>
				<key>isa</key>
				<string>PBXFileReference</string>
				<key>name</key>
				<string>json.h</string>
				<key>path</key>
				<string>../../../../addons/ofxLibwebsockets/libs/jsoncpp/json/json.h</string>
				<key>sourceTree</key>
				<string>SOURCE_ROOT</string>
			</dict>
			<key>12CA34DA3B4F71871CBFA23A</key>
			<dict>
				<key>children</key>
				<array>
					<string>62E37EDD933E1AD5FCD8FEE2</string>
					<string>41BD28CAC3EAE9C0FB035712</string>
				</array>
				<key>isa</key>
				<string>PBXGroup</string>
				<key>name</key>
				<string>json</string>
				<key>sourceTree</key>
				<string>&lt;group&gt;</string>
			</dict>
			<key>5AC16A8D6EC87B59A03906C1</key>
			<dict>
				<key>children</key>
				<array>
					<string>12CA34DA3B4F71871CBFA23A</string>
					<string>C9BAAE7DB81DA2908FA2883C</string>
				</array>
				<key>isa</key>
				<string>PBXGroup</string>
				<key>name</key>
				<string>jsoncpp</string>
				<key>sourceTree</key>
				<string>&lt;group&gt;</string>
			</dict>
			<key>70911A54686309FC932B3014</key>
			<dict>
				<key>children</key>
				<array>
					<string>5AC16A8D6EC87B59A03906C1</string>
					<string>CB67BAA20E44B0F45701C777</string>
					<string>AB97697EC6F10E7234EFF261</string>
				</array>
				<key>isa</key>
				<string>PBXGroup</string>
				<key>name</key>
				<string>libs</string>
				<key>sourceTree</key>
				<string>&lt;group&gt;</string>
			</dict>
			<key>62E37EDD933E1AD5FCD8FEE2</key>
			<dict>
				<key>explicitFileType</key>
				<string>sourcecode.c.h</string>
				<key>fileEncoding</key>
				<string>30</string>
				<key>isa</key>
				<string>PBXFileReference</string>
				<key>name</key>
				<string>json-forwards.h</string>
				<key>path</key>
				<string>../../../../addons/ofxLibwebsockets/libs/jsoncpp/json/json-forwards.h</string>
				<key>sourceTree</key>
				<string>SOURCE_ROOT</string>
			</dict>
			<key>97B6E31FFC746B023496BB48</key>
			<dict>
				<key>children</key>
				<array>
					<string>C2041CC7A518FDDC9493AEE5</string>
				</array>
				<key>isa</key>
				<string>PBXGroup</string>
				<key>name</key>
				<string>src</string>
				<key>sourceTree</key>
				<string>&lt;group&gt;</string>
			</dict>
			<key>AAE50E341C7382A4EF10AF5A</key>
			<dict>
				<key>children</key>
				<array>
					<string>97B6E31FFC746B023496BB48</string>
					<string>70911A54686309FC932B3014</string>
				</array>
				<key>isa</key>
				<string>PBXGroup</string>
				<key>name</key>
				<string>ofxLibwebsockets</string>
				<key>sourceTree</key>
				<string>&lt;group&gt;</string>
			</dict>
			<key>C2041CC7A518FDDC9493AEE5</key>
			<dict>
				<key>explicitFileType</key>
				<string>sourcecode.c.h</string>
				<key>fileEncoding</key>
				<string>30</string>
				<key>isa</key>
				<string>PBXFileReference</string>
				<key>name</key>
				<string>ofxLibwebsockets.h</string>
				<key>path</key>
				<string>../../../../addons/ofxLibwebsockets/src/ofxLibwebsockets.h</string>
				<key>sourceTree</key>
				<string>SOURCE_ROOT</string>
			</dict>
			<key>2C171637C399A50881F147E9</key>
			<dict>
				<key>children</key>
				<array>
					<string>252F8FDE147B7EE6649F9648</string>
				</array>
				<key>isa</key>
				<string>PBXGroup</string>
				<key>name</key>
				<string>libusb-1.0</string>
				<key>sourceTree</key>
				<string>&lt;group&gt;</string>
			</dict>
			<key>1AE6862ED862CA18468E0CCD</key>
			<dict>
				<key>children</key>
				<array>
					<string>2C171637C399A50881F147E9</string>
				</array>
				<key>isa</key>
				<string>PBXGroup</string>
				<key>name</key>
				<string>include</string>
				<key>sourceTree</key>
				<string>&lt;group&gt;</string>
			</dict>
			<key>65726280742CD54BF368BDB8</key>
			<dict>
				<key>children</key>
				<array>
					<string>1AE6862ED862CA18468E0CCD</string>
				</array>
				<key>isa</key>
				<string>PBXGroup</string>
				<key>name</key>
				<string>libusb-1.0</string>
				<key>sourceTree</key>
				<string>&lt;group&gt;</string>
			</dict>
			<key>252F8FDE147B7EE6649F9648</key>
			<dict>
				<key>explicitFileType</key>
				<string>sourcecode.c.h</string>
				<key>fileEncoding</key>
				<string>30</string>
				<key>isa</key>
				<string>PBXFileReference</string>
				<key>name</key>
				<string>libusb.h</string>
				<key>path</key>
				<string>../../../../addons/ofxKinect/libs/libusb-1.0/include/libusb-1.0/libusb.h</string>
				<key>sourceTree</key>
				<string>SOURCE_ROOT</string>
			</dict>
			<key>934FA1573F8AD838B3589FFE</key>
			<dict>
				<key>explicitFileType</key>
				<string>sourcecode.c.h</string>
				<key>fileEncoding</key>
				<string>30</string>
				<key>isa</key>
				<string>PBXFileReference</string>
				<key>name</key>
				<string>usb_libusb10.h</string>
				<key>path</key>
				<string>../../../../addons/ofxKinect/libs/libfreenect/src/usb_libusb10.h</string>
				<key>sourceTree</key>
				<string>SOURCE_ROOT</string>
			</dict>
			<key>A1A5D91898173A0D4DC07FA9</key>
			<dict>
				<key>fileRef</key>
				<string>43D57C9FC992DCBAEF2EA7BC</string>
				<key>isa</key>
				<string>PBXBuildFile</string>
			</dict>
			<key>43D57C9FC992DCBAEF2EA7BC</key>
			<dict>
				<key>explicitFileType</key>
				<string>sourcecode.c.c</string>
				<key>fileEncoding</key>
				<string>30</string>
				<key>isa</key>
				<string>PBXFileReference</string>
				<key>name</key>
				<string>usb_libusb10.c</string>
				<key>path</key>
				<string>../../../../addons/ofxKinect/libs/libfreenect/src/usb_libusb10.c</string>
				<key>sourceTree</key>
				<string>SOURCE_ROOT</string>
			</dict>
			<key>A4126F292AC452BFAA9AF9F6</key>
			<dict>
				<key>fileRef</key>
				<string>A3CE8537592928E4E15B8A5B</string>
				<key>isa</key>
				<string>PBXBuildFile</string>
			</dict>
			<key>A3CE8537592928E4E15B8A5B</key>
			<dict>
				<key>explicitFileType</key>
				<string>sourcecode.c.c</string>
				<key>fileEncoding</key>
				<string>30</string>
				<key>isa</key>
				<string>PBXFileReference</string>
				<key>name</key>
				<string>tilt.c</string>
				<key>path</key>
				<string>../../../../addons/ofxKinect/libs/libfreenect/src/tilt.c</string>
				<key>sourceTree</key>
				<string>SOURCE_ROOT</string>
			</dict>
			<key>2D2254450CD7A0BACA116086</key>
			<dict>
				<key>explicitFileType</key>
				<string>sourcecode.c.h</string>
				<key>fileEncoding</key>
				<string>30</string>
				<key>isa</key>
				<string>PBXFileReference</string>
				<key>name</key>
				<string>registration.h</string>
				<key>path</key>
				<string>../../../../addons/ofxKinect/libs/libfreenect/src/registration.h</string>
				<key>sourceTree</key>
				<string>SOURCE_ROOT</string>
			</dict>
			<key>01E0DB41EA0410B25964E222</key>
			<dict>
				<key>fileRef</key>
				<string>75D243FB923BC5787E1DAD91</string>
				<key>isa</key>
				<string>PBXBuildFile</string>
			</dict>
			<key>75D243FB923BC5787E1DAD91</key>
			<dict>
				<key>explicitFileType</key>
				<string>sourcecode.c.c</string>
				<key>fileEncoding</key>
				<string>30</string>
				<key>isa</key>
				<string>PBXFileReference</string>
				<key>name</key>
				<string>registration.c</string>
				<key>path</key>
				<string>../../../../addons/ofxKinect/libs/libfreenect/src/registration.c</string>
				<key>sourceTree</key>
				<string>SOURCE_ROOT</string>
			</dict>
			<key>7AF8CE40FB72CC0BAC709AAC</key>
			<dict>
				<key>explicitFileType</key>
				<string>sourcecode.c.h</string>
				<key>fileEncoding</key>
				<string>30</string>
				<key>isa</key>
				<string>PBXFileReference</string>
				<key>name</key>
				<string>loader.h</string>
				<key>path</key>
				<string>../../../../addons/ofxKinect/libs/libfreenect/src/loader.h</string>
				<key>sourceTree</key>
				<string>SOURCE_ROOT</string>
			</dict>
			<key>31BDF2FF35F01A57F397B1A0</key>
			<dict>
				<key>fileRef</key>
				<string>6DB6F5871E5EBCA735C51AB6</string>
				<key>isa</key>
				<string>PBXBuildFile</string>
			</dict>
			<key>6DB6F5871E5EBCA735C51AB6</key>
			<dict>
				<key>explicitFileType</key>
				<string>sourcecode.c.c</string>
				<key>fileEncoding</key>
				<string>30</string>
				<key>isa</key>
				<string>PBXFileReference</string>
				<key>name</key>
				<string>loader.c</string>
				<key>path</key>
				<string>../../../../addons/ofxKinect/libs/libfreenect/src/loader.c</string>
				<key>sourceTree</key>
				<string>SOURCE_ROOT</string>
			</dict>
			<key>9FA86FC893343B7147D43584</key>
			<dict>
				<key>explicitFileType</key>
				<string>sourcecode.c.h</string>
				<key>fileEncoding</key>
				<string>30</string>
				<key>isa</key>
				<string>PBXFileReference</string>
				<key>name</key>
				<string>keep_alive.h</string>
				<key>path</key>
				<string>../../../../addons/ofxKinect/libs/libfreenect/src/keep_alive.h</string>
				<key>sourceTree</key>
				<string>SOURCE_ROOT</string>
			</dict>
			<key>BD008A9DDBF06272F667877B</key>
			<dict>
				<key>fileRef</key>
				<string>FF270438131D5E0AA3A2B05F</string>
				<key>isa</key>
				<string>PBXBuildFile</string>
			</dict>
			<key>FF270438131D5E0AA3A2B05F</key>
			<dict>
				<key>explicitFileType</key>
				<string>sourcecode.c.c</string>
				<key>fileEncoding</key>
				<string>30</string>
				<key>isa</key>
				<string>PBXFileReference</string>
				<key>name</key>
				<string>keep_alive.c</string>
				<key>path</key>
				<string>../../../../addons/ofxKinect/libs/libfreenect/src/keep_alive.c</string>
				<key>sourceTree</key>
				<string>SOURCE_ROOT</string>
			</dict>
			<key>8C918C741F5FF041491274A7</key>
			<dict>
				<key>explicitFileType</key>
				<string>sourcecode.c.h</string>
				<key>fileEncoding</key>
				<string>30</string>
				<key>isa</key>
				<string>PBXFileReference</string>
				<key>name</key>
				<string>freenect_internal.h</string>
				<key>path</key>
				<string>../../../../addons/ofxKinect/libs/libfreenect/src/freenect_internal.h</string>
				<key>sourceTree</key>
				<string>SOURCE_ROOT</string>
			</dict>
			<key>600FCBF5DF02CBD68010B924</key>
			<dict>
				<key>explicitFileType</key>
				<string>sourcecode.c.h</string>
				<key>fileEncoding</key>
				<string>30</string>
				<key>isa</key>
				<string>PBXFileReference</string>
				<key>name</key>
				<string>flags.h</string>
				<key>path</key>
				<string>../../../../addons/ofxKinect/libs/libfreenect/src/flags.h</string>
				<key>sourceTree</key>
				<string>SOURCE_ROOT</string>
			</dict>
			<key>92434C5EB6D0EC4486055062</key>
			<dict>
				<key>fileRef</key>
				<string>DB4269E7D40F60C2706EA19A</string>
				<key>isa</key>
				<string>PBXBuildFile</string>
			</dict>
			<key>DB4269E7D40F60C2706EA19A</key>
			<dict>
				<key>explicitFileType</key>
				<string>sourcecode.c.c</string>
				<key>fileEncoding</key>
				<string>30</string>
				<key>isa</key>
				<string>PBXFileReference</string>
				<key>name</key>
				<string>flags.c</string>
				<key>path</key>
				<string>../../../../addons/ofxKinect/libs/libfreenect/src/flags.c</string>
				<key>sourceTree</key>
				<string>SOURCE_ROOT</string>
			</dict>
			<key>BFFEF79AA60E1FB214C0D2D2</key>
			<dict>
				<key>fileRef</key>
				<string>0A2E6090DBFE00DA717E913C</string>
				<key>isa</key>
				<string>PBXBuildFile</string>
			</dict>
			<key>0A2E6090DBFE00DA717E913C</key>
			<dict>
				<key>explicitFileType</key>
				<string>sourcecode.c.c</string>
				<key>fileEncoding</key>
				<string>30</string>
				<key>isa</key>
				<string>PBXFileReference</string>
				<key>name</key>
				<string>core.c</string>
				<key>path</key>
				<string>../../../../addons/ofxKinect/libs/libfreenect/src/core.c</string>
				<key>sourceTree</key>
				<string>SOURCE_ROOT</string>
			</dict>
			<key>2A8706FF384EEE0E597C6DEC</key>
			<dict>
				<key>explicitFileType</key>
				<string>sourcecode.c.h</string>
				<key>fileEncoding</key>
				<string>30</string>
				<key>isa</key>
				<string>PBXFileReference</string>
				<key>name</key>
				<string>cameras.h</string>
				<key>path</key>
				<string>../../../../addons/ofxKinect/libs/libfreenect/src/cameras.h</string>
				<key>sourceTree</key>
				<string>SOURCE_ROOT</string>
			</dict>
			<key>93AB204B1A6472C752E821D5</key>
			<dict>
				<key>fileRef</key>
				<string>F17F078DBC28A70A1EE2A1C0</string>
				<key>isa</key>
				<string>PBXBuildFile</string>
			</dict>
			<key>F17F078DBC28A70A1EE2A1C0</key>
			<dict>
				<key>explicitFileType</key>
				<string>sourcecode.c.c</string>
				<key>fileEncoding</key>
				<string>30</string>
				<key>isa</key>
				<string>PBXFileReference</string>
				<key>name</key>
				<string>cameras.c</string>
				<key>path</key>
				<string>../../../../addons/ofxKinect/libs/libfreenect/src/cameras.c</string>
				<key>sourceTree</key>
				<string>SOURCE_ROOT</string>
			</dict>
			<key>ED6E9BDB447DB965EE6F1FA6</key>
			<dict>
				<key>children</key>
				<array>
					<string>0CC107718FE3ACF385625A90</string>
					<string>F17F078DBC28A70A1EE2A1C0</string>
					<string>2A8706FF384EEE0E597C6DEC</string>
					<string>0A2E6090DBFE00DA717E913C</string>
					<string>DB4269E7D40F60C2706EA19A</string>
					<string>600FCBF5DF02CBD68010B924</string>
					<string>8C918C741F5FF041491274A7</string>
					<string>FF270438131D5E0AA3A2B05F</string>
					<string>9FA86FC893343B7147D43584</string>
					<string>6DB6F5871E5EBCA735C51AB6</string>
					<string>7AF8CE40FB72CC0BAC709AAC</string>
					<string>75D243FB923BC5787E1DAD91</string>
					<string>2D2254450CD7A0BACA116086</string>
					<string>A3CE8537592928E4E15B8A5B</string>
					<string>43D57C9FC992DCBAEF2EA7BC</string>
					<string>934FA1573F8AD838B3589FFE</string>
				</array>
				<key>isa</key>
				<string>PBXGroup</string>
				<key>name</key>
				<string>src</string>
				<key>sourceTree</key>
				<string>&lt;group&gt;</string>
			</dict>
			<key>07925661608857C519CE1E55</key>
			<dict>
				<key>fileRef</key>
				<string>0CC107718FE3ACF385625A90</string>
				<key>isa</key>
				<string>PBXBuildFile</string>
			</dict>
			<key>0CC107718FE3ACF385625A90</key>
			<dict>
				<key>explicitFileType</key>
				<string>sourcecode.c.c</string>
				<key>fileEncoding</key>
				<string>30</string>
				<key>isa</key>
				<string>PBXFileReference</string>
				<key>name</key>
				<string>audio.c</string>
				<key>path</key>
				<string>../../../../addons/ofxKinect/libs/libfreenect/src/audio.c</string>
				<key>sourceTree</key>
				<string>SOURCE_ROOT</string>
			</dict>
			<key>9A664B8DA061264584FA8568</key>
			<dict>
				<key>explicitFileType</key>
				<string>sourcecode.c.h</string>
				<key>fileEncoding</key>
				<string>30</string>
				<key>isa</key>
				<string>PBXFileReference</string>
				<key>name</key>
				<string>libfreenect_registration.h</string>
				<key>path</key>
				<string>../../../../addons/ofxKinect/libs/libfreenect/include/libfreenect_registration.h</string>
				<key>sourceTree</key>
				<string>SOURCE_ROOT</string>
			</dict>
			<key>F77125047B3374B2CD915EE2</key>
			<dict>
				<key>explicitFileType</key>
				<string>sourcecode.c.h</string>
				<key>fileEncoding</key>
				<string>30</string>
				<key>isa</key>
				<string>PBXFileReference</string>
				<key>name</key>
				<string>libfreenect_audio.h</string>
				<key>path</key>
				<string>../../../../addons/ofxKinect/libs/libfreenect/include/libfreenect_audio.h</string>
				<key>sourceTree</key>
				<string>SOURCE_ROOT</string>
			</dict>
			<key>6DFA2B327764FCDA2A8D882F</key>
			<dict>
				<key>children</key>
				<array>
					<string>CA18A19BFFD7FBAC5069F217</string>
					<string>F77125047B3374B2CD915EE2</string>
					<string>9A664B8DA061264584FA8568</string>
				</array>
				<key>isa</key>
				<string>PBXGroup</string>
				<key>name</key>
				<string>include</string>
				<key>sourceTree</key>
				<string>&lt;group&gt;</string>
			</dict>
			<key>32687044708CDA9EDA265387</key>
			<dict>
				<key>children</key>
				<array>
					<string>6DFA2B327764FCDA2A8D882F</string>
					<string>ED6E9BDB447DB965EE6F1FA6</string>
				</array>
				<key>isa</key>
				<string>PBXGroup</string>
				<key>name</key>
				<string>libfreenect</string>
				<key>sourceTree</key>
				<string>&lt;group&gt;</string>
			</dict>
			<key>F4101FC676C210E28DCB3220</key>
			<dict>
				<key>children</key>
				<array>
					<string>32687044708CDA9EDA265387</string>
					<string>65726280742CD54BF368BDB8</string>
				</array>
				<key>isa</key>
				<string>PBXGroup</string>
				<key>name</key>
				<string>libs</string>
				<key>sourceTree</key>
				<string>&lt;group&gt;</string>
			</dict>
			<key>CA18A19BFFD7FBAC5069F217</key>
			<dict>
				<key>explicitFileType</key>
				<string>sourcecode.c.h</string>
				<key>fileEncoding</key>
				<string>30</string>
				<key>isa</key>
				<string>PBXFileReference</string>
				<key>name</key>
				<string>libfreenect.h</string>
				<key>path</key>
				<string>../../../../addons/ofxKinect/libs/libfreenect/include/libfreenect.h</string>
				<key>sourceTree</key>
				<string>SOURCE_ROOT</string>
			</dict>
			<key>ABB9C1E306B83C1166602EE5</key>
			<dict>
				<key>explicitFileType</key>
				<string>sourcecode.c.h</string>
				<key>fileEncoding</key>
				<string>30</string>
				<key>isa</key>
				<string>PBXFileReference</string>
				<key>name</key>
				<string>ofxKinect.h</string>
				<key>path</key>
				<string>../../../../addons/ofxKinect/src/ofxKinect.h</string>
				<key>sourceTree</key>
				<string>SOURCE_ROOT</string>
			</dict>
			<key>4F535557DDB78E33E89755AB</key>
			<dict>
				<key>fileRef</key>
				<string>01DE814011CA0D31B25C5968</string>
				<key>isa</key>
				<string>PBXBuildFile</string>
			</dict>
			<key>01DE814011CA0D31B25C5968</key>
			<dict>
				<key>explicitFileType</key>
				<string>sourcecode.cpp.cpp</string>
				<key>fileEncoding</key>
				<string>30</string>
				<key>isa</key>
				<string>PBXFileReference</string>
				<key>name</key>
				<string>ofxKinect.cpp</string>
				<key>path</key>
				<string>../../../../addons/ofxKinect/src/ofxKinect.cpp</string>
				<key>sourceTree</key>
				<string>SOURCE_ROOT</string>
			</dict>
			<key>55B27C43BD43E1CC2EB0C46F</key>
			<dict>
				<key>explicitFileType</key>
				<string>sourcecode.c.h</string>
				<key>fileEncoding</key>
				<string>30</string>
				<key>isa</key>
				<string>PBXFileReference</string>
				<key>name</key>
				<string>ofxBase3DVideo.h</string>
				<key>path</key>
				<string>../../../../addons/ofxKinect/src/ofxBase3DVideo.h</string>
				<key>sourceTree</key>
				<string>SOURCE_ROOT</string>
			</dict>
			<key>2FA66758CB73BB0FF2109040</key>
			<dict>
				<key>explicitFileType</key>
				<string>sourcecode.c.h</string>
				<key>fileEncoding</key>
				<string>30</string>
				<key>isa</key>
				<string>PBXFileReference</string>
				<key>name</key>
				<string>ofxKinectExtras.h</string>
				<key>path</key>
				<string>../../../../addons/ofxKinect/src/extra/ofxKinectExtras.h</string>
				<key>sourceTree</key>
				<string>SOURCE_ROOT</string>
			</dict>
			<key>6E7134DE536888BE82D56327</key>
			<dict>
				<key>children</key>
				<array>
					<string>7E89AAF2D012D80EF30C4926</string>
					<string>2FA66758CB73BB0FF2109040</string>
				</array>
				<key>isa</key>
				<string>PBXGroup</string>
				<key>name</key>
				<string>extra</string>
				<key>sourceTree</key>
				<string>&lt;group&gt;</string>
			</dict>
			<key>F3D2DB7201EFA9F7958F421E</key>
			<dict>
				<key>children</key>
				<array>
					<string>6E7134DE536888BE82D56327</string>
					<string>55B27C43BD43E1CC2EB0C46F</string>
					<string>01DE814011CA0D31B25C5968</string>
					<string>ABB9C1E306B83C1166602EE5</string>
				</array>
				<key>isa</key>
				<string>PBXGroup</string>
				<key>name</key>
				<string>src</string>
				<key>sourceTree</key>
				<string>&lt;group&gt;</string>
			</dict>
			<key>9683228C705CA3FF4F2EA945</key>
			<dict>
				<key>children</key>
				<array>
					<string>F3D2DB7201EFA9F7958F421E</string>
					<string>F4101FC676C210E28DCB3220</string>
				</array>
				<key>isa</key>
				<string>PBXGroup</string>
				<key>name</key>
				<string>ofxKinect</string>
				<key>sourceTree</key>
				<string>&lt;group&gt;</string>
			</dict>
			<key>A410FD233F75B688B03CBAE3</key>
			<dict>
				<key>fileRef</key>
				<string>7E89AAF2D012D80EF30C4926</string>
				<key>isa</key>
				<string>PBXBuildFile</string>
			</dict>
			<key>7E89AAF2D012D80EF30C4926</key>
			<dict>
				<key>explicitFileType</key>
				<string>sourcecode.cpp.cpp</string>
				<key>fileEncoding</key>
				<string>30</string>
				<key>isa</key>
				<string>PBXFileReference</string>
				<key>name</key>
				<string>ofxKinectExtras.cpp</string>
				<key>path</key>
				<string>../../../../addons/ofxKinect/src/extra/ofxKinectExtras.cpp</string>
				<key>sourceTree</key>
				<string>SOURCE_ROOT</string>
			</dict>
			<key>6948EE371B920CB800B5AC1A</key>
			<dict>
				<key>children</key>
				<array />
				<key>isa</key>
				<string>PBXGroup</string>
				<key>name</key>
				<string>local_addons</string>
				<key>sourceTree</key>
				<string>&lt;group&gt;</string>
			</dict>
			<key>BB4B014C10F69532006C3DED</key>
			<dict>
				<key>children</key>
				<array>
					<string>9683228C705CA3FF4F2EA945</string>
					<string>AAE50E341C7382A4EF10AF5A</string>
				</array>
				<key>isa</key>
				<string>PBXGroup</string>
				<key>name</key>
				<string>addons</string>
				<key>sourceTree</key>
				<string>&lt;group&gt;</string>
			</dict>
			<key>E4328143138ABC890047C5CB</key>
			<dict>
				<key>isa</key>
				<string>PBXFileReference</string>
				<key>lastKnownFileType</key>
				<string>wrapper.pb-project</string>
				<key>name</key>
				<string>openFrameworksLib.xcodeproj</string>
				<key>path</key>
				<string>../../../../libs/openFrameworksCompiled/project/osx/openFrameworksLib.xcodeproj</string>
				<key>sourceTree</key>
				<string>SOURCE_ROOT</string>
			</dict>
			<key>E4328144138ABC890047C5CB</key>
			<dict>
				<key>children</key>
				<array>
					<string>E4328148138ABC890047C5CB</string>
				</array>
				<key>isa</key>
				<string>PBXGroup</string>
				<key>name</key>
				<string>Products</string>
				<key>sourceTree</key>
				<string>&lt;group&gt;</string>
			</dict>
			<key>E4328147138ABC890047C5CB</key>
			<dict>
				<key>containerPortal</key>
				<string>E4328143138ABC890047C5CB</string>
				<key>isa</key>
				<string>PBXContainerItemProxy</string>
				<key>proxyType</key>
				<string>2</string>
				<key>remoteGlobalIDString</key>
				<string>E4B27C1510CBEB8E00536013</string>
				<key>remoteInfo</key>
				<string>openFrameworks</string>
			</dict>
			<key>E4328148138ABC890047C5CB</key>
			<dict>
				<key>fileType</key>
				<string>archive.ar</string>
				<key>isa</key>
				<string>PBXReferenceProxy</string>
				<key>path</key>
				<string>openFrameworksDebug.a</string>
				<key>remoteRef</key>
				<string>E4328147138ABC890047C5CB</string>
				<key>sourceTree</key>
				<string>BUILT_PRODUCTS_DIR</string>
			</dict>
			<key>E4328149138ABC9F0047C5CB</key>
			<dict>
				<key>fileRef</key>
				<string>E4328148138ABC890047C5CB</string>
				<key>isa</key>
				<string>PBXBuildFile</string>
			</dict>
			<key>E4B69B4A0A3A1720003C02F2</key>
			<dict>
				<key>children</key>
				<array>
					<string>E4B6FCAD0C3E899E008CF71C</string>
					<string>E4EB6923138AFD0F00A09F29</string>
					<string>E4B69E1C0A3A1BDC003C02F2</string>
					<string>E4EEC9E9138DF44700A80321</string>
					<string>BB4B014C10F69532006C3DED</string>
					<string>6948EE371B920CB800B5AC1A</string>
					<string>E4B69B5B0A3A1756003C02F2</string>
				</array>
				<key>isa</key>
				<string>PBXGroup</string>
				<key>sourceTree</key>
				<string>&lt;group&gt;</string>
			</dict>
			<key>E4B69B4C0A3A1720003C02F2</key>
			<dict>
				<key>attributes</key>
				<dict>
					<key>LastUpgradeCheck</key>
					<string>0600</string>
				</dict>
				<key>buildConfigurationList</key>
				<string>E4B69B4D0A3A1720003C02F2</string>
				<key>compatibilityVersion</key>
				<string>Xcode 3.2</string>
				<key>developmentRegion</key>
				<string>English</string>
				<key>hasScannedForEncodings</key>
				<string>0</string>
				<key>isa</key>
				<string>PBXProject</string>
				<key>knownRegions</key>
				<array>
					<string>English</string>
					<string>Japanese</string>
					<string>French</string>
					<string>German</string>
				</array>
				<key>mainGroup</key>
				<string>E4B69B4A0A3A1720003C02F2</string>
				<key>productRefGroup</key>
				<string>E4B69B4A0A3A1720003C02F2</string>
				<key>projectDirPath</key>
				<string />
				<key>projectReferences</key>
				<array>
					<dict>
						<key>ProductGroup</key>
						<string>E4328144138ABC890047C5CB</string>
						<key>ProjectRef</key>
						<string>E4328143138ABC890047C5CB</string>
					</dict>
				</array>
				<key>projectRoot</key>
				<string />
				<key>targets</key>
				<array>
					<string>E4B69B5A0A3A1756003C02F2</string>
				</array>
			</dict>
			<key>E4B69B4D0A3A1720003C02F2</key>
			<dict>
				<key>buildConfigurations</key>
				<array>
					<string>E4B69B4E0A3A1720003C02F2</string>
					<string>E4B69B4F0A3A1720003C02F2</string>
				</array>
				<key>defaultConfigurationIsVisible</key>
				<string>0</string>
				<key>defaultConfigurationName</key>
				<string>Release</string>
				<key>isa</key>
				<string>XCConfigurationList</string>
			</dict>
			<key>E4B69B4E0A3A1720003C02F2</key>
			<dict>
				<key>baseConfigurationReference</key>
				<string>E4EB6923138AFD0F00A09F29</string>
				<key>buildSettings</key>
				<dict>
					<key>OTHER_LDFLAGS</key>
					<array>
						<string>$(OF_CORE_FRAMEWORKS) $(OF_CORE_LIBS)</string>
						<string>../../../../addons/ofxKinect/libs/libusb-1.0/lib/osx/usb-1.0.a</string>
						<string>../../../../addons/ofxLibwebsockets/libs/libwebsockets/lib/osx/libwebsockets.a</string>
					</array>
					<key>HEADER_SEARCH_PATHS</key>
					<array>
						<string>$(OF_CORE_HEADERS)</string>
						<string>src</string>
						<string>../../../../addons/ofxKinect/libs</string>
						<string>../../../../addons/ofxKinect/libs/libfreenect</string>
						<string>../../../../addons/ofxKinect/libs/libfreenect/include</string>
						<string>../../../../addons/ofxKinect/libs/libfreenect/platform</string>
						<string>../../../../addons/ofxKinect/libs/libfreenect/src</string>
						<string>../../../../addons/ofxKinect/libs/libusb-1.0</string>
						<string>../../../../addons/ofxKinect/libs/libusb-1.0/include</string>
						<string>../../../../addons/ofxKinect/libs/libusb-1.0/include/libusb-1.0</string>
						<string>../../../../addons/ofxKinect/libs/libusb-1.0/lib</string>
						<string>../../../../addons/ofxKinect/libs/libusb-1.0/lib/osx</string>
						<string>../../../../addons/ofxKinect/libs/libusb-win32</string>
						<string>../../../../addons/ofxKinect/src</string>
						<string>../../../../addons/ofxKinect/src/extra</string>
						<string>../../../../addons/ofxLibwebsockets/libs/jsoncpp</string>
						<string>../../../../addons/ofxLibwebsockets/libs/jsoncpp/json</string>
						<string>../../../../addons/ofxLibwebsockets/libs/libwebsockets/include/</string>
						<string>../../../../addons/ofxLibwebsockets/libs/ofxLibwebsockets/include</string>
						<string>../../../../addons/ofxLibwebsockets/libs/ofxLibwebsockets/include/ofxLibwebsockets</string>
						<string>../../../../addons/ofxLibwebsockets/libs/ofxLibwebsockets/src</string>
						<string>../../../../addons/ofxLibwebsockets/src</string>
					</array>
					<key>CONFIGURATION_BUILD_DIR</key>
					<string>$(SRCROOT)/bin/</string>
					<key>COPY_PHASE_STRIP</key>
					<string>NO</string>
					<key>DEAD_CODE_STRIPPING</key>
					<string>YES</string>
					<key>GCC_AUTO_VECTORIZATION</key>
					<string>YES</string>
					<key>GCC_ENABLE_SSE3_EXTENSIONS</key>
					<string>YES</string>
					<key>GCC_ENABLE_SUPPLEMENTAL_SSE3_INSTRUCTIONS</key>
					<string>YES</string>
					<key>GCC_INLINES_ARE_PRIVATE_EXTERN</key>
					<string>NO</string>
					<key>GCC_OPTIMIZATION_LEVEL</key>
					<string>0</string>
					<key>GCC_SYMBOLS_PRIVATE_EXTERN</key>
					<string>NO</string>
					<key>GCC_WARN_ABOUT_DEPRECATED_FUNCTIONS</key>
					<string>YES</string>
					<key>GCC_WARN_ABOUT_INVALID_OFFSETOF_MACRO</key>
					<string>NO</string>
					<key>GCC_WARN_ALLOW_INCOMPLETE_PROTOCOL</key>
					<string>NO</string>
					<key>GCC_WARN_UNINITIALIZED_AUTOS</key>
					<string>NO</string>
					<key>GCC_WARN_UNUSED_VALUE</key>
					<string>NO</string>
					<key>GCC_WARN_UNUSED_VARIABLE</key>
					<string>NO</string>
					<key>MACOSX_DEPLOYMENT_TARGET</key>
					<string>10.8</string>
					<key>ONLY_ACTIVE_ARCH</key>
					<string>YES</string>
					<key>OTHER_CPLUSPLUSFLAGS</key>
					<array>
						<string>-D__MACOSX_CORE__</string>
						<string>-mtune=native</string>
					</array>
					<key>SDKROOT</key>
					<string>macosx</string>
				</dict>
				<key>isa</key>
				<string>XCBuildConfiguration</string>
				<key>name</key>
				<string>Debug</string>
			</dict>
			<key>E4B69B4F0A3A1720003C02F2</key>
			<dict>
				<key>baseConfigurationReference</key>
				<string>E4EB6923138AFD0F00A09F29</string>
				<key>buildSettings</key>
				<dict>
					<key>OTHER_LDFLAGS</key>
					<array>
						<string>$(OF_CORE_FRAMEWORKS) $(OF_CORE_LIBS)</string>
						<string>../../../../addons/ofxKinect/libs/libusb-1.0/lib/osx/usb-1.0.a</string>
						<string>../../../../addons/ofxLibwebsockets/libs/libwebsockets/lib/osx/libwebsockets.a</string>
					</array>
					<key>HEADER_SEARCH_PATHS</key>
					<array>
						<string>$(OF_CORE_HEADERS)</string>
						<string>src</string>
						<string>../../../../addons/ofxKinect/libs</string>
						<string>../../../../addons/ofxKinect/libs/libfreenect</string>
						<string>../../../../addons/ofxKinect/libs/libfreenect/include</string>
						<string>../../../../addons/ofxKinect/libs/libfreenect/platform</string>
						<string>../../../../addons/ofxKinect/libs/libfreenect/src</string>
						<string>../../../../addons/ofxKinect/libs/libusb-1.0</string>
						<string>../../../../addons/ofxKinect/libs/libusb-1.0/include</string>
						<string>../../../../addons/ofxKinect/libs/libusb-1.0/include/libusb-1.0</string>
						<string>../../../../addons/ofxKinect/libs/libusb-1.0/lib</string>
						<string>../../../../addons/ofxKinect/libs/libusb-1.0/lib/osx</string>
						<string>../../../../addons/ofxKinect/libs/libusb-win32</string>
						<string>../../../../addons/ofxKinect/src</string>
						<string>../../../../addons/ofxKinect/src/extra</string>
						<string>../../../../addons/ofxLibwebsockets/libs/jsoncpp</string>
						<string>../../../../addons/ofxLibwebsockets/libs/jsoncpp/json</string>
						<string>../../../../addons/ofxLibwebsockets/libs/libwebsockets/include/</string>
						<string>../../../../addons/ofxLibwebsockets/libs/ofxLibwebsockets/include</string>
						<string>../../../../addons/ofxLibwebsockets/libs/ofxLibwebsockets/include/ofxLibwebsockets</string>
						<string>../../../../addons/ofxLibwebsockets/libs/ofxLibwebsockets/src</string>
						<string>../../../../addons/ofxLibwebsockets/src</string>
					</array>
					<key>CONFIGURATION_BUILD_DIR</key>
					<string>$(SRCROOT)/bin/</string>
					<key>COPY_PHASE_STRIP</key>
					<string>YES</string>
					<key>DEAD_CODE_STRIPPING</key>
					<string>YES</string>
					<key>GCC_AUTO_VECTORIZATION</key>
					<string>YES</string>
					<key>GCC_ENABLE_SSE3_EXTENSIONS</key>
					<string>YES</string>
					<key>GCC_ENABLE_SUPPLEMENTAL_SSE3_INSTRUCTIONS</key>
					<string>YES</string>
					<key>GCC_INLINES_ARE_PRIVATE_EXTERN</key>
					<string>NO</string>
					<key>GCC_OPTIMIZATION_LEVEL</key>
					<string>3</string>
					<key>GCC_SYMBOLS_PRIVATE_EXTERN</key>
					<string>NO</string>
					<key>GCC_UNROLL_LOOPS</key>
					<string>YES</string>
					<key>GCC_WARN_ABOUT_DEPRECATED_FUNCTIONS</key>
					<string>YES</string>
					<key>GCC_WARN_ABOUT_INVALID_OFFSETOF_MACRO</key>
					<string>NO</string>
					<key>GCC_WARN_ALLOW_INCOMPLETE_PROTOCOL</key>
					<string>NO</string>
					<key>GCC_WARN_UNINITIALIZED_AUTOS</key>
					<string>NO</string>
					<key>GCC_WARN_UNUSED_VALUE</key>
					<string>NO</string>
					<key>GCC_WARN_UNUSED_VARIABLE</key>
					<string>NO</string>
					<key>MACOSX_DEPLOYMENT_TARGET</key>
					<string>10.8</string>
					<key>OTHER_CPLUSPLUSFLAGS</key>
					<array>
						<string>-D__MACOSX_CORE__</string>
						<string>-mtune=native</string>
					</array>
					<key>SDKROOT</key>
					<string>macosx</string>
				</dict>
				<key>isa</key>
				<string>XCBuildConfiguration</string>
				<key>name</key>
				<string>Release</string>
			</dict>
			<key>E4B69B580A3A1756003C02F2</key>
			<dict>
				<key>buildActionMask</key>
				<string>2147483647</string>
				<key>files</key>
				<array>
					<string>E4B69E200A3A1BDC003C02F2</string>
					<string>E4B69E210A3A1BDC003C02F2</string>
					<string>A410FD233F75B688B03CBAE3</string>
					<string>4F535557DDB78E33E89755AB</string>
					<string>07925661608857C519CE1E55</string>
					<string>93AB204B1A6472C752E821D5</string>
					<string>BFFEF79AA60E1FB214C0D2D2</string>
					<string>92434C5EB6D0EC4486055062</string>
					<string>BD008A9DDBF06272F667877B</string>
					<string>31BDF2FF35F01A57F397B1A0</string>
					<string>01E0DB41EA0410B25964E222</string>
					<string>A4126F292AC452BFAA9AF9F6</string>
					<string>A1A5D91898173A0D4DC07FA9</string>
					<string>E7F443FDCD31646B95F70F6C</string>
					<string>E8972AD60CD0DDB3178F6460</string>
					<string>A2EFAC03C5CFD76AAB7F873F</string>
					<string>B09897FC4879FBD4681DEA0F</string>
					<string>B90766B84B5CC9FEB1CEFD7C</string>
					<string>B5ADB3221CED861532CEE3D7</string>
					<string>2597E3D95FA2CBD63D8FAA3B</string>
					<string>1DDF149C577419CAA93E28E5</string>
				</array>
				<key>isa</key>
				<string>PBXSourcesBuildPhase</string>
				<key>runOnlyForDeploymentPostprocessing</key>
				<string>0</string>
			</dict>
			<key>E4B69B590A3A1756003C02F2</key>
			<dict>
				<key>buildActionMask</key>
				<string>2147483647</string>
				<key>files</key>
				<array>
					<string>E4328149138ABC9F0047C5CB</string>
				</array>
				<key>isa</key>
				<string>PBXFrameworksBuildPhase</string>
				<key>runOnlyForDeploymentPostprocessing</key>
				<string>0</string>
			</dict>
			<key>E4B69B5A0A3A1756003C02F2</key>
			<dict>
				<key>buildConfigurationList</key>
				<string>E4B69B5F0A3A1757003C02F2</string>
				<key>buildPhases</key>
				<array>
					<string>E4B69B580A3A1756003C02F2</string>
					<string>E4B69B590A3A1756003C02F2</string>
					<string>E4B6FFFD0C3F9AB9008CF71C</string>
					<string>E4C2427710CC5ABF004149E2</string>
				</array>
				<key>buildRules</key>
				<array />
				<key>dependencies</key>
				<array>
					<string>E4EEB9AC138B136A00A80321</string>
				</array>
				<key>isa</key>
				<string>PBXNativeTarget</string>
				<key>name</key>
				<string>lumihoop</string>
				<key>productName</key>
				<string>myOFApp</string>
				<key>productReference</key>
				<string>E4B69B5B0A3A1756003C02F2</string>
				<key>productType</key>
				<string>com.apple.product-type.application</string>
			</dict>
			<key>E4B69B5B0A3A1756003C02F2</key>
			<dict>
				<key>explicitFileType</key>
				<string>wrapper.application</string>
				<key>includeInIndex</key>
				<string>0</string>
				<key>isa</key>
				<string>PBXFileReference</string>
				<key>path</key>
				<string>lumihoopDebug.app</string>
				<key>sourceTree</key>
				<string>BUILT_PRODUCTS_DIR</string>
			</dict>
			<key>E4B69B5F0A3A1757003C02F2</key>
			<dict>
				<key>buildConfigurations</key>
				<array>
					<string>E4B69B600A3A1757003C02F2</string>
					<string>E4B69B610A3A1757003C02F2</string>
				</array>
				<key>defaultConfigurationIsVisible</key>
				<string>0</string>
				<key>defaultConfigurationName</key>
				<string>Release</string>
				<key>isa</key>
				<string>XCConfigurationList</string>
			</dict>
			<key>E4B69B600A3A1757003C02F2</key>
			<dict>
				<key>baseConfigurationReference</key>
				<string>E4EB6923138AFD0F00A09F29</string>
				<key>buildSettings</key>
				<dict>
					<key>OTHER_LDFLAGS</key>
					<array>
						<string>$(OF_CORE_FRAMEWORKS) $(OF_CORE_LIBS)</string>
						<string>../../../../addons/ofxKinect/libs/libusb-1.0/lib/osx/usb-1.0.a</string>
						<string>../../../../addons/ofxLibwebsockets/libs/libwebsockets/lib/osx/libwebsockets.a</string>
					</array>
					<key>HEADER_SEARCH_PATHS</key>
					<array>
						<string>$(OF_CORE_HEADERS)</string>
						<string>src</string>
						<string>../../../../addons/ofxKinect/libs</string>
						<string>../../../../addons/ofxKinect/libs/libfreenect</string>
						<string>../../../../addons/ofxKinect/libs/libfreenect/include</string>
						<string>../../../../addons/ofxKinect/libs/libfreenect/platform</string>
						<string>../../../../addons/ofxKinect/libs/libfreenect/src</string>
						<string>../../../../addons/ofxKinect/libs/libusb-1.0</string>
						<string>../../../../addons/ofxKinect/libs/libusb-1.0/include</string>
						<string>../../../../addons/ofxKinect/libs/libusb-1.0/include/libusb-1.0</string>
						<string>../../../../addons/ofxKinect/libs/libusb-1.0/lib</string>
						<string>../../../../addons/ofxKinect/libs/libusb-1.0/lib/osx</string>
						<string>../../../../addons/ofxKinect/libs/libusb-win32</string>
						<string>../../../../addons/ofxKinect/src</string>
						<string>../../../../addons/ofxKinect/src/extra</string>
						<string>../../../../addons/ofxLibwebsockets/libs/jsoncpp</string>
						<string>../../../../addons/ofxLibwebsockets/libs/jsoncpp/json</string>
						<string>../../../../addons/ofxLibwebsockets/libs/libwebsockets/include/</string>
						<string>../../../../addons/ofxLibwebsockets/libs/ofxLibwebsockets/include</string>
						<string>../../../../addons/ofxLibwebsockets/libs/ofxLibwebsockets/include/ofxLibwebsockets</string>
						<string>../../../../addons/ofxLibwebsockets/libs/ofxLibwebsockets/src</string>
						<string>../../../../addons/ofxLibwebsockets/src</string>
					</array>
					<key>COMBINE_HIDPI_IMAGES</key>
					<string>YES</string>
					<key>COPY_PHASE_STRIP</key>
					<string>NO</string>
					<key>FRAMEWORK_SEARCH_PATHS</key>
					<array>
						<string>$(inherited)</string>
						<string>$(FRAMEWORK_SEARCH_PATHS_QUOTED_FOR_TARGET_1)</string>
					</array>
					<key>FRAMEWORK_SEARCH_PATHS_QUOTED_FOR_TARGET_1</key>
					<string>"$(SRCROOT)/../../../../libs/glut/lib/osx"</string>
					<key>GCC_DYNAMIC_NO_PIC</key>
					<string>NO</string>
					<key>GCC_GENERATE_DEBUGGING_SYMBOLS</key>
					<string>YES</string>
					<key>GCC_MODEL_TUNING</key>
					<string>NONE</string>
					<key>ICON</key>
					<string>$(ICON_NAME_DEBUG)</string>
					<key>ICON_FILE</key>
					<string>$(ICON_FILE_PATH)$(ICON)</string>
					<key>INFOPLIST_FILE</key>
					<string>openFrameworks-Info.plist</string>
					<key>INSTALL_PATH</key>
					<string>/Applications</string>
					<key>LIBRARY_SEARCH_PATHS</key>
					<string>$(inherited)</string>
					<key>PRODUCT_NAME</key>
					<string>$(TARGET_NAME)Debug</string>
					<key>WRAPPER_EXTENSION</key>
					<string>app</string>
				</dict>
				<key>isa</key>
				<string>XCBuildConfiguration</string>
				<key>name</key>
				<string>Debug</string>
			</dict>
			<key>E4B69B610A3A1757003C02F2</key>
			<dict>
				<key>baseConfigurationReference</key>
				<string>E4EB6923138AFD0F00A09F29</string>
				<key>buildSettings</key>
				<dict>
					<key>OTHER_LDFLAGS</key>
					<array>
						<string>$(OF_CORE_FRAMEWORKS) $(OF_CORE_LIBS)</string>
						<string>../../../../addons/ofxKinect/libs/libusb-1.0/lib/osx/usb-1.0.a</string>
						<string>../../../../addons/ofxLibwebsockets/libs/libwebsockets/lib/osx/libwebsockets.a</string>
					</array>
					<key>HEADER_SEARCH_PATHS</key>
					<array>
						<string>$(OF_CORE_HEADERS)</string>
						<string>src</string>
						<string>../../../../addons/ofxKinect/libs</string>
						<string>../../../../addons/ofxKinect/libs/libfreenect</string>
						<string>../../../../addons/ofxKinect/libs/libfreenect/include</string>
						<string>../../../../addons/ofxKinect/libs/libfreenect/platform</string>
						<string>../../../../addons/ofxKinect/libs/libfreenect/src</string>
						<string>../../../../addons/ofxKinect/libs/libusb-1.0</string>
						<string>../../../../addons/ofxKinect/libs/libusb-1.0/include</string>
						<string>../../../../addons/ofxKinect/libs/libusb-1.0/include/libusb-1.0</string>
						<string>../../../../addons/ofxKinect/libs/libusb-1.0/lib</string>
						<string>../../../../addons/ofxKinect/libs/libusb-1.0/lib/osx</string>
						<string>../../../../addons/ofxKinect/libs/libusb-win32</string>
						<string>../../../../addons/ofxKinect/src</string>
						<string>../../../../addons/ofxKinect/src/extra</string>
						<string>../../../../addons/ofxLibwebsockets/libs/jsoncpp</string>
						<string>../../../../addons/ofxLibwebsockets/libs/jsoncpp/json</string>
						<string>../../../../addons/ofxLibwebsockets/libs/libwebsockets/include/</string>
						<string>../../../../addons/ofxLibwebsockets/libs/ofxLibwebsockets/include</string>
						<string>../../../../addons/ofxLibwebsockets/libs/ofxLibwebsockets/include/ofxLibwebsockets</string>
						<string>../../../../addons/ofxLibwebsockets/libs/ofxLibwebsockets/src</string>
						<string>../../../../addons/ofxLibwebsockets/src</string>
					</array>
					<key>COMBINE_HIDPI_IMAGES</key>
					<string>YES</string>
					<key>COPY_PHASE_STRIP</key>
					<string>YES</string>
					<key>FRAMEWORK_SEARCH_PATHS</key>
					<array>
						<string>$(inherited)</string>
						<string>$(FRAMEWORK_SEARCH_PATHS_QUOTED_FOR_TARGET_1)</string>
					</array>
					<key>FRAMEWORK_SEARCH_PATHS_QUOTED_FOR_TARGET_1</key>
					<string>"$(SRCROOT)/../../../../libs/glut/lib/osx"</string>
					<key>GCC_GENERATE_DEBUGGING_SYMBOLS</key>
					<string>YES</string>
					<key>GCC_MODEL_TUNING</key>
					<string>NONE</string>
					<key>ICON</key>
					<string>$(ICON_NAME_RELEASE)</string>
					<key>ICON_FILE</key>
					<string>$(ICON_FILE_PATH)$(ICON)</string>
					<key>INFOPLIST_FILE</key>
					<string>openFrameworks-Info.plist</string>
					<key>INSTALL_PATH</key>
					<string>/Applications</string>
					<key>LIBRARY_SEARCH_PATHS</key>
					<string>$(inherited)</string>
					<key>PRODUCT_NAME</key>
					<string>$(TARGET_NAME)</string>
					<key>WRAPPER_EXTENSION</key>
					<string>app</string>
					<key>baseConfigurationReference</key>
					<string>E4EB6923138AFD0F00A09F29</string>
				</dict>
				<key>isa</key>
				<string>XCBuildConfiguration</string>
				<key>name</key>
				<string>Release</string>
			</dict>
			<key>E4B69E1C0A3A1BDC003C02F2</key>
			<dict>
				<key>children</key>
				<array>
					<string>E4B69E1D0A3A1BDC003C02F2</string>
					<string>E4B69E1E0A3A1BDC003C02F2</string>
					<string>E4B69E1F0A3A1BDC003C02F2</string>
				</array>
				<key>isa</key>
				<string>PBXGroup</string>
				<key>path</key>
				<string>src</string>
				<key>sourceTree</key>
				<string>SOURCE_ROOT</string>
			</dict>
			<key>E4B69E1D0A3A1BDC003C02F2</key>
			<dict>
				<key>fileEncoding</key>
				<string>30</string>
				<key>isa</key>
				<string>PBXFileReference</string>
				<key>lastKnownFileType</key>
				<string>sourcecode.cpp.cpp</string>
				<key>name</key>
				<string>main.cpp</string>
				<key>path</key>
				<string>src/main.cpp</string>
				<key>sourceTree</key>
				<string>SOURCE_ROOT</string>
			</dict>
			<key>E4B69E1E0A3A1BDC003C02F2</key>
			<dict>
				<key>explicitFileType</key>
				<string>sourcecode.cpp.cpp</string>
				<key>fileEncoding</key>
				<string>30</string>
				<key>isa</key>
				<string>PBXFileReference</string>
				<key>name</key>
				<string>ofApp.cpp</string>
				<key>path</key>
				<string>src/ofApp.cpp</string>
				<key>sourceTree</key>
				<string>SOURCE_ROOT</string>
			</dict>
			<key>E4B69E1F0A3A1BDC003C02F2</key>
			<dict>
				<key>fileEncoding</key>
				<string>30</string>
				<key>isa</key>
				<string>PBXFileReference</string>
				<key>lastKnownFileType</key>
				<string>sourcecode.c.h</string>
				<key>name</key>
				<string>ofApp.h</string>
				<key>path</key>
				<string>src/ofApp.h</string>
				<key>sourceTree</key>
				<string>SOURCE_ROOT</string>
			</dict>
			<key>E4B69E200A3A1BDC003C02F2</key>
			<dict>
				<key>fileRef</key>
				<string>E4B69E1D0A3A1BDC003C02F2</string>
				<key>isa</key>
				<string>PBXBuildFile</string>
			</dict>
			<key>E4B69E210A3A1BDC003C02F2</key>
			<dict>
				<key>fileRef</key>
				<string>E4B69E1E0A3A1BDC003C02F2</string>
				<key>isa</key>
				<string>PBXBuildFile</string>
			</dict>
			<key>E4B6FCAD0C3E899E008CF71C</key>
			<dict>
				<key>fileEncoding</key>
				<string>30</string>
				<key>isa</key>
				<string>PBXFileReference</string>
				<key>lastKnownFileType</key>
				<string>text.plist.xml</string>
				<key>path</key>
				<string>openFrameworks-Info.plist</string>
				<key>sourceTree</key>
				<string>&lt;group&gt;</string>
			</dict>
			<key>E4B6FFFD0C3F9AB9008CF71C</key>
			<dict>
				<key>buildActionMask</key>
				<string>2147483647</string>
				<key>files</key>
				<array />
				<key>inputPaths</key>
				<array />
				<key>isa</key>
				<string>PBXShellScriptBuildPhase</string>
				<key>outputPaths</key>
				<array />
				<key>runOnlyForDeploymentPostprocessing</key>
				<string>0</string>
				<key>shellPath</key>
				<string>/bin/sh</string>
				<key>shellScript</key>
				<string>mkdir -p "$TARGET_BUILD_DIR/$PRODUCT_NAME.app/Contents/Resources/"
# Copy default icon file into App/Resources
rsync -aved "$ICON_FILE" "$TARGET_BUILD_DIR/$PRODUCT_NAME.app/Contents/Resources/"
# Copy libfmod and change install directory for fmod to run
rsync -aved ../../../../libs/fmodex/lib/osx/libfmodex.dylib "$TARGET_BUILD_DIR/$PRODUCT_NAME.app/Contents/Frameworks/";
install_name_tool -change @executable_path/libfmodex.dylib @executable_path/../Frameworks/libfmodex.dylib "$TARGET_BUILD_DIR/$PRODUCT_NAME.app/Contents/MacOS/$PRODUCT_NAME";
# Copy GLUT framework (must remove for AppStore submissions)
rsync -aved ../../../../libs/glut/lib/osx/GLUT.framework "$TARGET_BUILD_DIR/$PRODUCT_NAME.app/Contents/Frameworks/"
</string>
			</dict>
			<key>E4C2427710CC5ABF004149E2</key>
			<dict>
				<key>buildActionMask</key>
				<string>2147483647</string>
				<key>dstPath</key>
				<string />
				<key>dstSubfolderSpec</key>
				<string>10</string>
				<key>files</key>
				<array />
				<key>isa</key>
				<string>PBXCopyFilesBuildPhase</string>
				<key>runOnlyForDeploymentPostprocessing</key>
				<string>0</string>
			</dict>
			<key>E4EB691F138AFCF100A09F29</key>
			<dict>
				<key>fileEncoding</key>
				<string>4</string>
				<key>isa</key>
				<string>PBXFileReference</string>
				<key>lastKnownFileType</key>
				<string>text.xcconfig</string>
				<key>name</key>
				<string>CoreOF.xcconfig</string>
				<key>path</key>
				<string>../../../../libs/openFrameworksCompiled/project/osx/CoreOF.xcconfig</string>
				<key>sourceTree</key>
				<string>SOURCE_ROOT</string>
			</dict>
			<key>E4EB6923138AFD0F00A09F29</key>
			<dict>
				<key>fileEncoding</key>
				<string>4</string>
				<key>isa</key>
				<string>PBXFileReference</string>
				<key>lastKnownFileType</key>
				<string>text.xcconfig</string>
				<key>path</key>
				<string>Project.xcconfig</string>
				<key>sourceTree</key>
				<string>&lt;group&gt;</string>
			</dict>
			<key>E4EEB9AB138B136A00A80321</key>
			<dict>
				<key>containerPortal</key>
				<string>E4328143138ABC890047C5CB</string>
				<key>isa</key>
				<string>PBXContainerItemProxy</string>
				<key>proxyType</key>
				<string>1</string>
				<key>remoteGlobalIDString</key>
				<string>E4B27C1410CBEB8E00536013</string>
				<key>remoteInfo</key>
				<string>openFrameworks</string>
			</dict>
			<key>E4EEB9AC138B136A00A80321</key>
			<dict>
				<key>isa</key>
				<string>PBXTargetDependency</string>
				<key>name</key>
				<string>openFrameworks</string>
				<key>targetProxy</key>
				<string>E4EEB9AB138B136A00A80321</string>
			</dict>
			<key>E4EEC9E9138DF44700A80321</key>
			<dict>
				<key>children</key>
				<array>
					<string>E4EB691F138AFCF100A09F29</string>
					<string>E4328143138ABC890047C5CB</string>
				</array>
				<key>isa</key>
				<string>PBXGroup</string>
				<key>name</key>
				<string>openFrameworks</string>
				<key>sourceTree</key>
				<string>&lt;group&gt;</string>
			</dict>
		</dict>
		<key>rootObject</key>
		<string>E4B69B4C0A3A1720003C02F2</string>
	</dict>
</plist>
