<?xml version="1.0"?>
<plist version="1.0">
	<dict>
		<key>archiveVersion</key>
		<string>1</string>
		<key>classes</key>
		<dict />
		<key>objectVersion</key>
		<string>46</string>
		<key>objects</key>
		<dict>
			<key>E83720EAA7962BD43CA329B2</key>
			<dict>
				<key>explicitFileType</key>
				<string>sourcecode.c.h</string>
				<key>fileEncoding</key>
				<string>30</string>
				<key>isa</key>
				<string>PBXFileReference</string>
				<key>name</key>
				<string>sio_socket.h</string>
				<key>path</key>
				<string>../../of_v0.9.4_osx_release/addons/ofxSocketIO/libs/socket.io-client/include/sio_socket.h</string>
				<key>sourceTree</key>
				<string>SOURCE_ROOT</string>
			</dict>
			<key>CE00F4FC2CBF0448543E1C1A</key>
			<dict>
				<key>explicitFileType</key>
				<string>sourcecode.c.h</string>
				<key>fileEncoding</key>
				<string>30</string>
				<key>isa</key>
				<string>PBXFileReference</string>
				<key>name</key>
				<string>sio_message.h</string>
				<key>path</key>
				<string>../../of_v0.9.4_osx_release/addons/ofxSocketIO/libs/socket.io-client/include/sio_message.h</string>
				<key>sourceTree</key>
				<string>SOURCE_ROOT</string>
			</dict>
			<key>84538363DF095F090FF43FBF</key>
			<dict>
				<key>children</key>
				<array>
					<string>7D5CF70FB58C9FE112ECF1A2</string>
					<string>CE00F4FC2CBF0448543E1C1A</string>
					<string>E83720EAA7962BD43CA329B2</string>
				</array>
				<key>isa</key>
				<string>PBXGroup</string>
				<key>name</key>
				<string>include</string>
				<key>sourceTree</key>
				<string>&lt;group&gt;</string>
			</dict>
			<key>0C0E305F9C288888E38B440C</key>
			<dict>
				<key>children</key>
				<array>
					<string>84538363DF095F090FF43FBF</string>
				</array>
				<key>isa</key>
				<string>PBXGroup</string>
				<key>name</key>
				<string>socket.io-client</string>
				<key>sourceTree</key>
				<string>&lt;group&gt;</string>
			</dict>
			<key>18D8FDA29066C0C9A51B3EC9</key>
			<dict>
				<key>children</key>
				<array>
					<string>0C0E305F9C288888E38B440C</string>
				</array>
				<key>isa</key>
				<string>PBXGroup</string>
				<key>name</key>
				<string>libs</string>
				<key>sourceTree</key>
				<string>&lt;group&gt;</string>
			</dict>
			<key>7D5CF70FB58C9FE112ECF1A2</key>
			<dict>
				<key>explicitFileType</key>
				<string>sourcecode.c.h</string>
				<key>fileEncoding</key>
				<string>30</string>
				<key>isa</key>
				<string>PBXFileReference</string>
				<key>name</key>
				<string>sio_client.h</string>
				<key>path</key>
				<string>../../of_v0.9.4_osx_release/addons/ofxSocketIO/libs/socket.io-client/include/sio_client.h</string>
				<key>sourceTree</key>
				<string>SOURCE_ROOT</string>
			</dict>
			<key>9462C1496009617C18B8D300</key>
			<dict>
				<key>explicitFileType</key>
				<string>sourcecode.c.h</string>
				<key>fileEncoding</key>
				<string>30</string>
				<key>isa</key>
				<string>PBXFileReference</string>
				<key>name</key>
				<string>ofxSocketIOData.h</string>
				<key>path</key>
				<string>../../of_v0.9.4_osx_release/addons/ofxSocketIO/src/ofxSocketIOData.h</string>
				<key>sourceTree</key>
				<string>SOURCE_ROOT</string>
			</dict>
			<key>CF9F96CD5F1B506FE81FB078</key>
			<dict>
				<key>fileRef</key>
				<string>F913739A93A4925A87DDE050</string>
				<key>isa</key>
				<string>PBXBuildFile</string>
			</dict>
			<key>F913739A93A4925A87DDE050</key>
			<dict>
				<key>explicitFileType</key>
				<string>sourcecode.cpp.cpp</string>
				<key>fileEncoding</key>
				<string>30</string>
				<key>isa</key>
				<string>PBXFileReference</string>
				<key>name</key>
				<string>ofxSocketIOData.cpp</string>
				<key>path</key>
				<string>../../of_v0.9.4_osx_release/addons/ofxSocketIO/src/ofxSocketIOData.cpp</string>
				<key>sourceTree</key>
				<string>SOURCE_ROOT</string>
			</dict>
			<key>B0152D33CB4C7338D3187B8E</key>
			<dict>
				<key>explicitFileType</key>
				<string>sourcecode.c.h</string>
				<key>fileEncoding</key>
				<string>30</string>
				<key>isa</key>
				<string>PBXFileReference</string>
				<key>name</key>
				<string>ofxSocketIO.h</string>
				<key>path</key>
				<string>../../of_v0.9.4_osx_release/addons/ofxSocketIO/src/ofxSocketIO.h</string>
				<key>sourceTree</key>
				<string>SOURCE_ROOT</string>
			</dict>
			<key>90E9E194F97CB6FBFA12FB15</key>
			<dict>
				<key>children</key>
				<array>
					<string>0E1636493D6D665D20ACE92B</string>
					<string>B0152D33CB4C7338D3187B8E</string>
					<string>F913739A93A4925A87DDE050</string>
					<string>9462C1496009617C18B8D300</string>
				</array>
				<key>isa</key>
				<string>PBXGroup</string>
				<key>name</key>
				<string>src</string>
				<key>sourceTree</key>
				<string>&lt;group&gt;</string>
			</dict>
			<key>1654D1369875BFEFCE99E26C</key>
			<dict>
				<key>children</key>
				<array>
					<string>90E9E194F97CB6FBFA12FB15</string>
					<string>18D8FDA29066C0C9A51B3EC9</string>
				</array>
				<key>isa</key>
				<string>PBXGroup</string>
				<key>name</key>
				<string>ofxSocketIO</string>
				<key>sourceTree</key>
				<string>&lt;group&gt;</string>
			</dict>
			<key>9B9DA65E2C67CA80329C9A27</key>
			<dict>
				<key>fileRef</key>
				<string>0E1636493D6D665D20ACE92B</string>
				<key>isa</key>
				<string>PBXBuildFile</string>
			</dict>
			<key>0E1636493D6D665D20ACE92B</key>
			<dict>
				<key>explicitFileType</key>
				<string>sourcecode.cpp.cpp</string>
				<key>fileEncoding</key>
				<string>30</string>
				<key>isa</key>
				<string>PBXFileReference</string>
				<key>name</key>
				<string>ofxSocketIO.cpp</string>
				<key>path</key>
				<string>../../of_v0.9.4_osx_release/addons/ofxSocketIO/src/ofxSocketIO.cpp</string>
				<key>sourceTree</key>
				<string>SOURCE_ROOT</string>
			</dict>
			<key>2C171637C399A50881F147E9</key>
			<dict>
				<key>children</key>
				<array>
					<string>66DFC0F59CEDB9EF8484F14E</string>
				</array>
				<key>isa</key>
				<string>PBXGroup</string>
				<key>name</key>
				<string>libusb-1.0</string>
				<key>sourceTree</key>
				<string>&lt;group&gt;</string>
			</dict>
			<key>1AE6862ED862CA18468E0CCD</key>
			<dict>
				<key>children</key>
				<array>
					<string>2C171637C399A50881F147E9</string>
				</array>
				<key>isa</key>
				<string>PBXGroup</string>
				<key>name</key>
				<string>include</string>
				<key>sourceTree</key>
				<string>&lt;group&gt;</string>
			</dict>
			<key>65726280742CD54BF368BDB8</key>
			<dict>
				<key>children</key>
				<array>
					<string>1AE6862ED862CA18468E0CCD</string>
				</array>
				<key>isa</key>
				<string>PBXGroup</string>
				<key>name</key>
				<string>libusb-1.0</string>
				<key>sourceTree</key>
				<string>&lt;group&gt;</string>
			</dict>
			<key>66DFC0F59CEDB9EF8484F14E</key>
			<dict>
				<key>explicitFileType</key>
				<string>sourcecode.c.h</string>
				<key>fileEncoding</key>
				<string>30</string>
				<key>isa</key>
				<string>PBXFileReference</string>
				<key>name</key>
				<string>libusb.h</string>
				<key>path</key>
				<string>../../of_v0.9.4_osx_release/addons/ofxKinect/libs/libusb-1.0/include/libusb-1.0/libusb.h</string>
				<key>sourceTree</key>
				<string>SOURCE_ROOT</string>
			</dict>
			<key>456253A9A0708B5CF5974ADD</key>
			<dict>
				<key>explicitFileType</key>
				<string>sourcecode.c.h</string>
				<key>fileEncoding</key>
				<string>30</string>
				<key>isa</key>
				<string>PBXFileReference</string>
				<key>name</key>
				<string>usb_libusb10.h</string>
				<key>path</key>
				<string>../../of_v0.9.4_osx_release/addons/ofxKinect/libs/libfreenect/src/usb_libusb10.h</string>
				<key>sourceTree</key>
				<string>SOURCE_ROOT</string>
			</dict>
			<key>955DAD34A002D67F99974446</key>
			<dict>
				<key>fileRef</key>
				<string>27F0269BC2B405B4C108674A</string>
				<key>isa</key>
				<string>PBXBuildFile</string>
			</dict>
			<key>27F0269BC2B405B4C108674A</key>
			<dict>
				<key>explicitFileType</key>
				<string>sourcecode.c.c</string>
				<key>fileEncoding</key>
				<string>30</string>
				<key>isa</key>
				<string>PBXFileReference</string>
				<key>name</key>
				<string>usb_libusb10.c</string>
				<key>path</key>
				<string>../../of_v0.9.4_osx_release/addons/ofxKinect/libs/libfreenect/src/usb_libusb10.c</string>
				<key>sourceTree</key>
				<string>SOURCE_ROOT</string>
			</dict>
			<key>4905A42E545A90E9B7F79147</key>
			<dict>
				<key>fileRef</key>
				<string>0A6808760163253FC22CB3BD</string>
				<key>isa</key>
				<string>PBXBuildFile</string>
			</dict>
			<key>0A6808760163253FC22CB3BD</key>
			<dict>
				<key>explicitFileType</key>
				<string>sourcecode.c.c</string>
				<key>fileEncoding</key>
				<string>30</string>
				<key>isa</key>
				<string>PBXFileReference</string>
				<key>name</key>
				<string>tilt.c</string>
				<key>path</key>
				<string>../../of_v0.9.4_osx_release/addons/ofxKinect/libs/libfreenect/src/tilt.c</string>
				<key>sourceTree</key>
				<string>SOURCE_ROOT</string>
			</dict>
			<key>EF1AA4B190B6E51B34413A2D</key>
			<dict>
				<key>explicitFileType</key>
				<string>sourcecode.c.h</string>
				<key>fileEncoding</key>
				<string>30</string>
				<key>isa</key>
				<string>PBXFileReference</string>
				<key>name</key>
				<string>registration.h</string>
				<key>path</key>
				<string>../../of_v0.9.4_osx_release/addons/ofxKinect/libs/libfreenect/src/registration.h</string>
				<key>sourceTree</key>
				<string>SOURCE_ROOT</string>
			</dict>
			<key>8584DC2668022BAC025E5E05</key>
			<dict>
				<key>fileRef</key>
				<string>90F47781C6EAF07E2852197C</string>
				<key>isa</key>
				<string>PBXBuildFile</string>
			</dict>
			<key>90F47781C6EAF07E2852197C</key>
			<dict>
				<key>explicitFileType</key>
				<string>sourcecode.c.c</string>
				<key>fileEncoding</key>
				<string>30</string>
				<key>isa</key>
				<string>PBXFileReference</string>
				<key>name</key>
				<string>registration.c</string>
				<key>path</key>
				<string>../../of_v0.9.4_osx_release/addons/ofxKinect/libs/libfreenect/src/registration.c</string>
				<key>sourceTree</key>
				<string>SOURCE_ROOT</string>
			</dict>
			<key>FEBC43DCDA28456F0C9E5373</key>
			<dict>
				<key>explicitFileType</key>
				<string>sourcecode.c.h</string>
				<key>fileEncoding</key>
				<string>30</string>
				<key>isa</key>
				<string>PBXFileReference</string>
				<key>name</key>
				<string>loader.h</string>
				<key>path</key>
				<string>../../of_v0.9.4_osx_release/addons/ofxKinect/libs/libfreenect/src/loader.h</string>
				<key>sourceTree</key>
				<string>SOURCE_ROOT</string>
			</dict>
			<key>0E78962F8C88FB11BCA0B972</key>
			<dict>
				<key>fileRef</key>
				<string>635852FDB54B3BC1FDCDE888</string>
				<key>isa</key>
				<string>PBXBuildFile</string>
			</dict>
			<key>635852FDB54B3BC1FDCDE888</key>
			<dict>
				<key>explicitFileType</key>
				<string>sourcecode.c.c</string>
				<key>fileEncoding</key>
				<string>30</string>
				<key>isa</key>
				<string>PBXFileReference</string>
				<key>name</key>
				<string>loader.c</string>
				<key>path</key>
				<string>../../of_v0.9.4_osx_release/addons/ofxKinect/libs/libfreenect/src/loader.c</string>
				<key>sourceTree</key>
				<string>SOURCE_ROOT</string>
			</dict>
			<key>6C9225D501867E499B2BDE5D</key>
			<dict>
				<key>explicitFileType</key>
				<string>sourcecode.c.h</string>
				<key>fileEncoding</key>
				<string>30</string>
				<key>isa</key>
				<string>PBXFileReference</string>
				<key>name</key>
				<string>keep_alive.h</string>
				<key>path</key>
				<string>../../of_v0.9.4_osx_release/addons/ofxKinect/libs/libfreenect/src/keep_alive.h</string>
				<key>sourceTree</key>
				<string>SOURCE_ROOT</string>
			</dict>
			<key>BDD49EADF9BE3719EF3DCACC</key>
			<dict>
				<key>fileRef</key>
				<string>FED10A00AFB465A711DF35A1</string>
				<key>isa</key>
				<string>PBXBuildFile</string>
			</dict>
			<key>FED10A00AFB465A711DF35A1</key>
			<dict>
				<key>explicitFileType</key>
				<string>sourcecode.c.c</string>
				<key>fileEncoding</key>
				<string>30</string>
				<key>isa</key>
				<string>PBXFileReference</string>
				<key>name</key>
				<string>keep_alive.c</string>
				<key>path</key>
				<string>../../of_v0.9.4_osx_release/addons/ofxKinect/libs/libfreenect/src/keep_alive.c</string>
				<key>sourceTree</key>
				<string>SOURCE_ROOT</string>
			</dict>
			<key>72ED61B1FFBAF5B8608D3125</key>
			<dict>
				<key>explicitFileType</key>
				<string>sourcecode.c.h</string>
				<key>fileEncoding</key>
				<string>30</string>
				<key>isa</key>
				<string>PBXFileReference</string>
				<key>name</key>
				<string>freenect_internal.h</string>
				<key>path</key>
				<string>../../of_v0.9.4_osx_release/addons/ofxKinect/libs/libfreenect/src/freenect_internal.h</string>
				<key>sourceTree</key>
				<string>SOURCE_ROOT</string>
			</dict>
			<key>8FD502169431CA6DD50F5C29</key>
			<dict>
				<key>explicitFileType</key>
				<string>sourcecode.c.h</string>
				<key>fileEncoding</key>
				<string>30</string>
				<key>isa</key>
				<string>PBXFileReference</string>
				<key>name</key>
				<string>flags.h</string>
				<key>path</key>
				<string>../../of_v0.9.4_osx_release/addons/ofxKinect/libs/libfreenect/src/flags.h</string>
				<key>sourceTree</key>
				<string>SOURCE_ROOT</string>
			</dict>
			<key>1CC18028EEE8B15C07C31341</key>
			<dict>
				<key>fileRef</key>
				<string>571CE1A8EB621E4D9DB2B265</string>
				<key>isa</key>
				<string>PBXBuildFile</string>
			</dict>
			<key>571CE1A8EB621E4D9DB2B265</key>
			<dict>
				<key>explicitFileType</key>
				<string>sourcecode.c.c</string>
				<key>fileEncoding</key>
				<string>30</string>
				<key>isa</key>
				<string>PBXFileReference</string>
				<key>name</key>
				<string>flags.c</string>
				<key>path</key>
				<string>../../of_v0.9.4_osx_release/addons/ofxKinect/libs/libfreenect/src/flags.c</string>
				<key>sourceTree</key>
				<string>SOURCE_ROOT</string>
			</dict>
			<key>07A64C6ED4E319CAEF5F9984</key>
			<dict>
				<key>fileRef</key>
				<string>56B53367F1679BD0661789AC</string>
				<key>isa</key>
				<string>PBXBuildFile</string>
			</dict>
			<key>56B53367F1679BD0661789AC</key>
			<dict>
				<key>explicitFileType</key>
				<string>sourcecode.c.c</string>
				<key>fileEncoding</key>
				<string>30</string>
				<key>isa</key>
				<string>PBXFileReference</string>
				<key>name</key>
				<string>core.c</string>
				<key>path</key>
				<string>../../of_v0.9.4_osx_release/addons/ofxKinect/libs/libfreenect/src/core.c</string>
				<key>sourceTree</key>
				<string>SOURCE_ROOT</string>
			</dict>
			<key>19FD8477ADE097EE229D1B14</key>
			<dict>
				<key>explicitFileType</key>
				<string>sourcecode.c.h</string>
				<key>fileEncoding</key>
				<string>30</string>
				<key>isa</key>
				<string>PBXFileReference</string>
				<key>name</key>
				<string>cameras.h</string>
				<key>path</key>
				<string>../../of_v0.9.4_osx_release/addons/ofxKinect/libs/libfreenect/src/cameras.h</string>
				<key>sourceTree</key>
				<string>SOURCE_ROOT</string>
			</dict>
			<key>3FE7DE308DC67FD227FF3DC3</key>
			<dict>
				<key>fileRef</key>
				<string>3E1B8BDF853B86422712F82D</string>
				<key>isa</key>
				<string>PBXBuildFile</string>
			</dict>
			<key>3E1B8BDF853B86422712F82D</key>
			<dict>
				<key>explicitFileType</key>
				<string>sourcecode.c.c</string>
				<key>fileEncoding</key>
				<string>30</string>
				<key>isa</key>
				<string>PBXFileReference</string>
				<key>name</key>
				<string>cameras.c</string>
				<key>path</key>
				<string>../../of_v0.9.4_osx_release/addons/ofxKinect/libs/libfreenect/src/cameras.c</string>
				<key>sourceTree</key>
				<string>SOURCE_ROOT</string>
			</dict>
			<key>ED6E9BDB447DB965EE6F1FA6</key>
			<dict>
				<key>children</key>
				<array>
					<string>1CFB6DF37F59486E240A1877</string>
					<string>3E1B8BDF853B86422712F82D</string>
					<string>19FD8477ADE097EE229D1B14</string>
					<string>56B53367F1679BD0661789AC</string>
					<string>571CE1A8EB621E4D9DB2B265</string>
					<string>8FD502169431CA6DD50F5C29</string>
					<string>72ED61B1FFBAF5B8608D3125</string>
					<string>FED10A00AFB465A711DF35A1</string>
					<string>6C9225D501867E499B2BDE5D</string>
					<string>635852FDB54B3BC1FDCDE888</string>
					<string>FEBC43DCDA28456F0C9E5373</string>
					<string>90F47781C6EAF07E2852197C</string>
					<string>EF1AA4B190B6E51B34413A2D</string>
					<string>0A6808760163253FC22CB3BD</string>
					<string>27F0269BC2B405B4C108674A</string>
					<string>456253A9A0708B5CF5974ADD</string>
				</array>
				<key>isa</key>
				<string>PBXGroup</string>
				<key>name</key>
				<string>src</string>
				<key>sourceTree</key>
				<string>&lt;group&gt;</string>
			</dict>
			<key>4F62D6FF2A881E92767FDF4E</key>
			<dict>
				<key>fileRef</key>
				<string>1CFB6DF37F59486E240A1877</string>
				<key>isa</key>
				<string>PBXBuildFile</string>
			</dict>
			<key>1CFB6DF37F59486E240A1877</key>
			<dict>
				<key>explicitFileType</key>
				<string>sourcecode.c.c</string>
				<key>fileEncoding</key>
				<string>30</string>
				<key>isa</key>
				<string>PBXFileReference</string>
				<key>name</key>
				<string>audio.c</string>
				<key>path</key>
				<string>../../of_v0.9.4_osx_release/addons/ofxKinect/libs/libfreenect/src/audio.c</string>
				<key>sourceTree</key>
				<string>SOURCE_ROOT</string>
			</dict>
			<key>707C71E1A4B92F9B3A330EB3</key>
			<dict>
				<key>explicitFileType</key>
				<string>sourcecode.c.h</string>
				<key>fileEncoding</key>
				<string>30</string>
				<key>isa</key>
				<string>PBXFileReference</string>
				<key>name</key>
				<string>libfreenect_registration.h</string>
				<key>path</key>
				<string>../../of_v0.9.4_osx_release/addons/ofxKinect/libs/libfreenect/include/libfreenect_registration.h</string>
				<key>sourceTree</key>
				<string>SOURCE_ROOT</string>
			</dict>
			<key>6B7D5C6658BC414EBFB3AFC4</key>
			<dict>
				<key>explicitFileType</key>
				<string>sourcecode.c.h</string>
				<key>fileEncoding</key>
				<string>30</string>
				<key>isa</key>
				<string>PBXFileReference</string>
				<key>name</key>
				<string>libfreenect_audio.h</string>
				<key>path</key>
				<string>../../of_v0.9.4_osx_release/addons/ofxKinect/libs/libfreenect/include/libfreenect_audio.h</string>
				<key>sourceTree</key>
				<string>SOURCE_ROOT</string>
			</dict>
			<key>6DFA2B327764FCDA2A8D882F</key>
			<dict>
				<key>children</key>
				<array>
					<string>61CCAE902421CAB26F4B3E3E</string>
					<string>6B7D5C6658BC414EBFB3AFC4</string>
					<string>707C71E1A4B92F9B3A330EB3</string>
				</array>
				<key>isa</key>
				<string>PBXGroup</string>
				<key>name</key>
				<string>include</string>
				<key>sourceTree</key>
				<string>&lt;group&gt;</string>
			</dict>
			<key>32687044708CDA9EDA265387</key>
			<dict>
				<key>children</key>
				<array>
					<string>6DFA2B327764FCDA2A8D882F</string>
					<string>ED6E9BDB447DB965EE6F1FA6</string>
				</array>
				<key>isa</key>
				<string>PBXGroup</string>
				<key>name</key>
				<string>libfreenect</string>
				<key>sourceTree</key>
				<string>&lt;group&gt;</string>
			</dict>
			<key>F4101FC676C210E28DCB3220</key>
			<dict>
				<key>children</key>
				<array>
					<string>32687044708CDA9EDA265387</string>
					<string>65726280742CD54BF368BDB8</string>
				</array>
				<key>isa</key>
				<string>PBXGroup</string>
				<key>name</key>
				<string>libs</string>
				<key>sourceTree</key>
				<string>&lt;group&gt;</string>
			</dict>
			<key>61CCAE902421CAB26F4B3E3E</key>
			<dict>
				<key>explicitFileType</key>
				<string>sourcecode.c.h</string>
				<key>fileEncoding</key>
				<string>30</string>
				<key>isa</key>
				<string>PBXFileReference</string>
				<key>name</key>
				<string>libfreenect.h</string>
				<key>path</key>
				<string>../../of_v0.9.4_osx_release/addons/ofxKinect/libs/libfreenect/include/libfreenect.h</string>
				<key>sourceTree</key>
				<string>SOURCE_ROOT</string>
			</dict>
			<key>85A285CFC1BDBE60A6C392ED</key>
			<dict>
				<key>explicitFileType</key>
				<string>sourcecode.c.h</string>
				<key>fileEncoding</key>
				<string>30</string>
				<key>isa</key>
				<string>PBXFileReference</string>
				<key>name</key>
				<string>ofxKinect.h</string>
				<key>path</key>
				<string>../../of_v0.9.4_osx_release/addons/ofxKinect/src/ofxKinect.h</string>
				<key>sourceTree</key>
				<string>SOURCE_ROOT</string>
			</dict>
			<key>D85D62F5BF797C5E3598C596</key>
			<dict>
				<key>fileRef</key>
				<string>EF0FA0C425523CF290A8B46F</string>
				<key>isa</key>
				<string>PBXBuildFile</string>
			</dict>
			<key>EF0FA0C425523CF290A8B46F</key>
			<dict>
				<key>explicitFileType</key>
				<string>sourcecode.cpp.cpp</string>
				<key>fileEncoding</key>
				<string>30</string>
				<key>isa</key>
				<string>PBXFileReference</string>
				<key>name</key>
				<string>ofxKinect.cpp</string>
				<key>path</key>
				<string>../../of_v0.9.4_osx_release/addons/ofxKinect/src/ofxKinect.cpp</string>
				<key>sourceTree</key>
				<string>SOURCE_ROOT</string>
			</dict>
			<key>C7D054C2F98EF7D3DF513DF9</key>
			<dict>
				<key>explicitFileType</key>
				<string>sourcecode.c.h</string>
				<key>fileEncoding</key>
				<string>30</string>
				<key>isa</key>
				<string>PBXFileReference</string>
				<key>name</key>
				<string>ofxBase3DVideo.h</string>
				<key>path</key>
				<string>../../of_v0.9.4_osx_release/addons/ofxKinect/src/ofxBase3DVideo.h</string>
				<key>sourceTree</key>
				<string>SOURCE_ROOT</string>
			</dict>
			<key>BDFF32298CDAEA21CBF74CE2</key>
			<dict>
				<key>explicitFileType</key>
				<string>sourcecode.c.h</string>
				<key>fileEncoding</key>
				<string>30</string>
				<key>isa</key>
				<string>PBXFileReference</string>
				<key>name</key>
				<string>ofxKinectExtras.h</string>
				<key>path</key>
				<string>../../of_v0.9.4_osx_release/addons/ofxKinect/src/extra/ofxKinectExtras.h</string>
				<key>sourceTree</key>
				<string>SOURCE_ROOT</string>
			</dict>
			<key>6E7134DE536888BE82D56327</key>
			<dict>
				<key>children</key>
				<array>
					<string>4B5C157D8B6EDDC270343780</string>
					<string>BDFF32298CDAEA21CBF74CE2</string>
				</array>
				<key>isa</key>
				<string>PBXGroup</string>
				<key>name</key>
				<string>extra</string>
				<key>sourceTree</key>
				<string>&lt;group&gt;</string>
			</dict>
			<key>F3D2DB7201EFA9F7958F421E</key>
			<dict>
				<key>children</key>
				<array>
					<string>6E7134DE536888BE82D56327</string>
					<string>C7D054C2F98EF7D3DF513DF9</string>
					<string>EF0FA0C425523CF290A8B46F</string>
					<string>85A285CFC1BDBE60A6C392ED</string>
				</array>
				<key>isa</key>
				<string>PBXGroup</string>
				<key>name</key>
				<string>src</string>
				<key>sourceTree</key>
				<string>&lt;group&gt;</string>
			</dict>
			<key>9683228C705CA3FF4F2EA945</key>
			<dict>
				<key>children</key>
				<array>
					<string>F3D2DB7201EFA9F7958F421E</string>
					<string>F4101FC676C210E28DCB3220</string>
				</array>
				<key>isa</key>
				<string>PBXGroup</string>
				<key>name</key>
				<string>ofxKinect</string>
				<key>sourceTree</key>
				<string>&lt;group&gt;</string>
			</dict>
			<key>4D015F1576FF2998764EFA47</key>
			<dict>
				<key>fileRef</key>
				<string>4B5C157D8B6EDDC270343780</string>
				<key>isa</key>
				<string>PBXBuildFile</string>
			</dict>
			<key>4B5C157D8B6EDDC270343780</key>
			<dict>
				<key>explicitFileType</key>
				<string>sourcecode.cpp.cpp</string>
				<key>fileEncoding</key>
				<string>30</string>
				<key>isa</key>
				<string>PBXFileReference</string>
				<key>name</key>
				<string>ofxKinectExtras.cpp</string>
				<key>path</key>
				<string>../../of_v0.9.4_osx_release/addons/ofxKinect/src/extra/ofxKinectExtras.cpp</string>
				<key>sourceTree</key>
				<string>SOURCE_ROOT</string>
			</dict>
			<key>7DA2807EEF76CBA43204E21A</key>
			<dict>
				<key>explicitFileType</key>
				<string>sourcecode.c.h</string>
				<key>fileEncoding</key>
				<string>30</string>
				<key>isa</key>
				<string>PBXFileReference</string>
				<key>name</key>
				<string>ofxToggle.h</string>
				<key>path</key>
				<string>../../of_v0.9.4_osx_release/addons/ofxGui/src/ofxToggle.h</string>
				<key>sourceTree</key>
				<string>SOURCE_ROOT</string>
			</dict>
			<key>19D9CD9EFF98FF6E02A8FA12</key>
			<dict>
				<key>fileRef</key>
				<string>F3D12FA5D57A77E255D26013</string>
				<key>isa</key>
				<string>PBXBuildFile</string>
			</dict>
			<key>F3D12FA5D57A77E255D26013</key>
			<dict>
				<key>explicitFileType</key>
				<string>sourcecode.cpp.cpp</string>
				<key>fileEncoding</key>
				<string>30</string>
				<key>isa</key>
				<string>PBXFileReference</string>
				<key>name</key>
				<string>ofxToggle.cpp</string>
				<key>path</key>
				<string>../../of_v0.9.4_osx_release/addons/ofxGui/src/ofxToggle.cpp</string>
				<key>sourceTree</key>
				<string>SOURCE_ROOT</string>
			</dict>
			<key>65ABDB0855D87E3189ACB91E</key>
			<dict>
				<key>explicitFileType</key>
				<string>sourcecode.c.h</string>
				<key>fileEncoding</key>
				<string>30</string>
				<key>isa</key>
				<string>PBXFileReference</string>
				<key>name</key>
				<string>ofxSliderGroup.h</string>
				<key>path</key>
				<string>../../of_v0.9.4_osx_release/addons/ofxGui/src/ofxSliderGroup.h</string>
				<key>sourceTree</key>
				<string>SOURCE_ROOT</string>
			</dict>
			<key>6724B13D61B040FFB4D07DE4</key>
			<dict>
				<key>fileRef</key>
				<string>6243EDE982A1A1A9E1FFB556</string>
				<key>isa</key>
				<string>PBXBuildFile</string>
			</dict>
			<key>6243EDE982A1A1A9E1FFB556</key>
			<dict>
				<key>explicitFileType</key>
				<string>sourcecode.cpp.cpp</string>
				<key>fileEncoding</key>
				<string>30</string>
				<key>isa</key>
				<string>PBXFileReference</string>
				<key>name</key>
				<string>ofxSliderGroup.cpp</string>
				<key>path</key>
				<string>../../of_v0.9.4_osx_release/addons/ofxGui/src/ofxSliderGroup.cpp</string>
				<key>sourceTree</key>
				<string>SOURCE_ROOT</string>
			</dict>
			<key>77F80B33CD7B0217FE5E0A3D</key>
			<dict>
				<key>explicitFileType</key>
				<string>sourcecode.c.h</string>
				<key>fileEncoding</key>
				<string>30</string>
				<key>isa</key>
				<string>PBXFileReference</string>
				<key>name</key>
				<string>ofxSlider.h</string>
				<key>path</key>
				<string>../../of_v0.9.4_osx_release/addons/ofxGui/src/ofxSlider.h</string>
				<key>sourceTree</key>
				<string>SOURCE_ROOT</string>
			</dict>
			<key>2776B17E111A5D0C066E6BDE</key>
			<dict>
				<key>fileRef</key>
				<string>C7E237545B24C1C4A00F2DB3</string>
				<key>isa</key>
				<string>PBXBuildFile</string>
			</dict>
			<key>C7E237545B24C1C4A00F2DB3</key>
			<dict>
				<key>explicitFileType</key>
				<string>sourcecode.cpp.cpp</string>
				<key>fileEncoding</key>
				<string>30</string>
				<key>isa</key>
				<string>PBXFileReference</string>
				<key>name</key>
				<string>ofxSlider.cpp</string>
				<key>path</key>
				<string>../../of_v0.9.4_osx_release/addons/ofxGui/src/ofxSlider.cpp</string>
				<key>sourceTree</key>
				<string>SOURCE_ROOT</string>
			</dict>
			<key>D20DB9DBAD6F1BFC6EC7ED7A</key>
			<dict>
				<key>explicitFileType</key>
				<string>sourcecode.c.h</string>
				<key>fileEncoding</key>
				<string>30</string>
				<key>isa</key>
				<string>PBXFileReference</string>
				<key>name</key>
				<string>ofxPanel.h</string>
				<key>path</key>
				<string>../../of_v0.9.4_osx_release/addons/ofxGui/src/ofxPanel.h</string>
				<key>sourceTree</key>
				<string>SOURCE_ROOT</string>
			</dict>
			<key>3EE727488DA8B7D0CD56C2F1</key>
			<dict>
				<key>fileRef</key>
				<string>64A935E90EAB39303488A5C9</string>
				<key>isa</key>
				<string>PBXBuildFile</string>
			</dict>
			<key>64A935E90EAB39303488A5C9</key>
			<dict>
				<key>explicitFileType</key>
				<string>sourcecode.cpp.cpp</string>
				<key>fileEncoding</key>
				<string>30</string>
				<key>isa</key>
				<string>PBXFileReference</string>
				<key>name</key>
				<string>ofxPanel.cpp</string>
				<key>path</key>
				<string>../../of_v0.9.4_osx_release/addons/ofxGui/src/ofxPanel.cpp</string>
				<key>sourceTree</key>
				<string>SOURCE_ROOT</string>
			</dict>
			<key>FA4963FE4111CCD08147AD43</key>
			<dict>
				<key>explicitFileType</key>
				<string>sourcecode.c.h</string>
				<key>fileEncoding</key>
				<string>30</string>
				<key>isa</key>
				<string>PBXFileReference</string>
				<key>name</key>
				<string>ofxLabel.h</string>
				<key>path</key>
				<string>../../of_v0.9.4_osx_release/addons/ofxGui/src/ofxLabel.h</string>
				<key>sourceTree</key>
				<string>SOURCE_ROOT</string>
			</dict>
			<key>40CDEE1AE876FD7B033EC577</key>
			<dict>
				<key>fileRef</key>
				<string>63657D251F989D6ED19F8B7F</string>
				<key>isa</key>
				<string>PBXBuildFile</string>
			</dict>
			<key>63657D251F989D6ED19F8B7F</key>
			<dict>
				<key>explicitFileType</key>
				<string>sourcecode.cpp.cpp</string>
				<key>fileEncoding</key>
				<string>30</string>
				<key>isa</key>
				<string>PBXFileReference</string>
				<key>name</key>
				<string>ofxLabel.cpp</string>
				<key>path</key>
				<string>../../of_v0.9.4_osx_release/addons/ofxGui/src/ofxLabel.cpp</string>
				<key>sourceTree</key>
				<string>SOURCE_ROOT</string>
			</dict>
			<key>290A2AB1D63AD495776E9ADD</key>
			<dict>
				<key>explicitFileType</key>
				<string>sourcecode.c.h</string>
				<key>fileEncoding</key>
				<string>30</string>
				<key>isa</key>
				<string>PBXFileReference</string>
				<key>name</key>
				<string>ofxGuiGroup.h</string>
				<key>path</key>
				<string>../../of_v0.9.4_osx_release/addons/ofxGui/src/ofxGuiGroup.h</string>
				<key>sourceTree</key>
				<string>SOURCE_ROOT</string>
			</dict>
			<key>39C187B2866DBB745CD9E5BC</key>
			<dict>
				<key>fileRef</key>
				<string>F2D52596889FED31BDDB2BD1</string>
				<key>isa</key>
				<string>PBXBuildFile</string>
			</dict>
			<key>F2D52596889FED31BDDB2BD1</key>
			<dict>
				<key>explicitFileType</key>
				<string>sourcecode.cpp.cpp</string>
				<key>fileEncoding</key>
				<string>30</string>
				<key>isa</key>
				<string>PBXFileReference</string>
				<key>name</key>
				<string>ofxGuiGroup.cpp</string>
				<key>path</key>
				<string>../../of_v0.9.4_osx_release/addons/ofxGui/src/ofxGuiGroup.cpp</string>
				<key>sourceTree</key>
				<string>SOURCE_ROOT</string>
			</dict>
			<key>8F2A637E42833C5568440F07</key>
			<dict>
				<key>explicitFileType</key>
				<string>sourcecode.c.h</string>
				<key>fileEncoding</key>
				<string>30</string>
				<key>isa</key>
				<string>PBXFileReference</string>
				<key>name</key>
				<string>ofxGui.h</string>
				<key>path</key>
				<string>../../of_v0.9.4_osx_release/addons/ofxGui/src/ofxGui.h</string>
				<key>sourceTree</key>
				<string>SOURCE_ROOT</string>
			</dict>
			<key>AC672EADC50DF479F65662B7</key>
			<dict>
				<key>explicitFileType</key>
				<string>sourcecode.c.h</string>
				<key>fileEncoding</key>
				<string>30</string>
				<key>isa</key>
				<string>PBXFileReference</string>
				<key>name</key>
				<string>ofxButton.h</string>
				<key>path</key>
				<string>../../of_v0.9.4_osx_release/addons/ofxGui/src/ofxButton.h</string>
				<key>sourceTree</key>
				<string>SOURCE_ROOT</string>
			</dict>
			<key>A6405638DB63D97B56F43DC2</key>
			<dict>
				<key>fileRef</key>
				<string>3D3BFD09307503AAD7B65902</string>
				<key>isa</key>
				<string>PBXBuildFile</string>
			</dict>
			<key>3D3BFD09307503AAD7B65902</key>
			<dict>
				<key>explicitFileType</key>
				<string>sourcecode.cpp.cpp</string>
				<key>fileEncoding</key>
				<string>30</string>
				<key>isa</key>
				<string>PBXFileReference</string>
				<key>name</key>
				<string>ofxButton.cpp</string>
				<key>path</key>
				<string>../../of_v0.9.4_osx_release/addons/ofxGui/src/ofxButton.cpp</string>
				<key>sourceTree</key>
				<string>SOURCE_ROOT</string>
			</dict>
			<key>A820C4F39A61CB5EF44925BE</key>
			<dict>
				<key>explicitFileType</key>
				<string>sourcecode.c.h</string>
				<key>fileEncoding</key>
				<string>30</string>
				<key>isa</key>
				<string>PBXFileReference</string>
				<key>name</key>
				<string>ofxBaseGui.h</string>
				<key>path</key>
				<string>../../of_v0.9.4_osx_release/addons/ofxGui/src/ofxBaseGui.h</string>
				<key>sourceTree</key>
				<string>SOURCE_ROOT</string>
			</dict>
			<key>A763ED608B35AE3310251DEE</key>
			<dict>
				<key>children</key>
				<array>
					<string>4F8CEF392BB1B1902E2BCDFA</string>
					<string>A820C4F39A61CB5EF44925BE</string>
					<string>3D3BFD09307503AAD7B65902</string>
					<string>AC672EADC50DF479F65662B7</string>
					<string>8F2A637E42833C5568440F07</string>
					<string>F2D52596889FED31BDDB2BD1</string>
					<string>290A2AB1D63AD495776E9ADD</string>
					<string>63657D251F989D6ED19F8B7F</string>
					<string>FA4963FE4111CCD08147AD43</string>
					<string>64A935E90EAB39303488A5C9</string>
					<string>D20DB9DBAD6F1BFC6EC7ED7A</string>
					<string>C7E237545B24C1C4A00F2DB3</string>
					<string>77F80B33CD7B0217FE5E0A3D</string>
					<string>6243EDE982A1A1A9E1FFB556</string>
					<string>65ABDB0855D87E3189ACB91E</string>
					<string>F3D12FA5D57A77E255D26013</string>
					<string>7DA2807EEF76CBA43204E21A</string>
				</array>
				<key>isa</key>
				<string>PBXGroup</string>
				<key>name</key>
				<string>src</string>
				<key>sourceTree</key>
				<string>&lt;group&gt;</string>
			</dict>
			<key>480A780D8D0308AE4A368801</key>
			<dict>
				<key>children</key>
				<array>
					<string>A763ED608B35AE3310251DEE</string>
				</array>
				<key>isa</key>
				<string>PBXGroup</string>
				<key>name</key>
				<string>ofxGui</string>
				<key>sourceTree</key>
				<string>&lt;group&gt;</string>
			</dict>
			<key>AEEDCA76DA7A1FF67171C7A1</key>
			<dict>
				<key>fileRef</key>
				<string>4F8CEF392BB1B1902E2BCDFA</string>
				<key>isa</key>
				<string>PBXBuildFile</string>
			</dict>
			<key>4F8CEF392BB1B1902E2BCDFA</key>
			<dict>
				<key>explicitFileType</key>
				<string>sourcecode.cpp.cpp</string>
				<key>fileEncoding</key>
				<string>30</string>
				<key>isa</key>
				<string>PBXFileReference</string>
				<key>name</key>
				<string>ofxBaseGui.cpp</string>
				<key>path</key>
				<string>../../of_v0.9.4_osx_release/addons/ofxGui/src/ofxBaseGui.cpp</string>
				<key>sourceTree</key>
				<string>SOURCE_ROOT</string>
			</dict>
			<key>6948EE371B920CB800B5AC1A</key>
			<dict>
				<key>children</key>
				<array />
				<key>isa</key>
				<string>PBXGroup</string>
				<key>name</key>
				<string>local_addons</string>
				<key>sourceTree</key>
				<string>&lt;group&gt;</string>
			</dict>
			<key>BB4B014C10F69532006C3DED</key>
			<dict>
				<key>children</key>
				<array>
					<string>480A780D8D0308AE4A368801</string>
					<string>9683228C705CA3FF4F2EA945</string>
					<string>1654D1369875BFEFCE99E26C</string>
				</array>
				<key>isa</key>
				<string>PBXGroup</string>
				<key>name</key>
				<string>addons</string>
				<key>sourceTree</key>
				<string>&lt;group&gt;</string>
			</dict>
			<key>E4328143138ABC890047C5CB</key>
			<dict>
				<key>isa</key>
				<string>PBXFileReference</string>
				<key>lastKnownFileType</key>
				<string>wrapper.pb-project</string>
				<key>name</key>
				<string>openFrameworksLib.xcodeproj</string>
				<key>path</key>
				<string>../../of_v0.9.4_osx_release/libs/openFrameworksCompiled/project/osx/openFrameworksLib.xcodeproj</string>
				<key>sourceTree</key>
				<string>SOURCE_ROOT</string>
			</dict>
			<key>E4328144138ABC890047C5CB</key>
			<dict>
				<key>children</key>
				<array>
					<string>E4328148138ABC890047C5CB</string>
				</array>
				<key>isa</key>
				<string>PBXGroup</string>
				<key>name</key>
				<string>Products</string>
				<key>sourceTree</key>
				<string>&lt;group&gt;</string>
			</dict>
			<key>E4328147138ABC890047C5CB</key>
			<dict>
				<key>containerPortal</key>
				<string>E4328143138ABC890047C5CB</string>
				<key>isa</key>
				<string>PBXContainerItemProxy</string>
				<key>proxyType</key>
				<string>2</string>
				<key>remoteGlobalIDString</key>
				<string>E4B27C1510CBEB8E00536013</string>
				<key>remoteInfo</key>
				<string>openFrameworks</string>
			</dict>
			<key>E4328148138ABC890047C5CB</key>
			<dict>
				<key>fileType</key>
				<string>archive.ar</string>
				<key>isa</key>
				<string>PBXReferenceProxy</string>
				<key>path</key>
				<string>openFrameworksDebug.a</string>
				<key>remoteRef</key>
				<string>E4328147138ABC890047C5CB</string>
				<key>sourceTree</key>
				<string>BUILT_PRODUCTS_DIR</string>
			</dict>
			<key>E4328149138ABC9F0047C5CB</key>
			<dict>
				<key>fileRef</key>
				<string>E4328148138ABC890047C5CB</string>
				<key>isa</key>
				<string>PBXBuildFile</string>
			</dict>
			<key>E4B69B4A0A3A1720003C02F2</key>
			<dict>
				<key>children</key>
				<array>
					<string>E4B6FCAD0C3E899E008CF71C</string>
					<string>E4EB6923138AFD0F00A09F29</string>
					<string>E4B69E1C0A3A1BDC003C02F2</string>
					<string>E4EEC9E9138DF44700A80321</string>
					<string>BB4B014C10F69532006C3DED</string>
					<string>6948EE371B920CB800B5AC1A</string>
					<string>E4B69B5B0A3A1756003C02F2</string>
				</array>
				<key>isa</key>
				<string>PBXGroup</string>
				<key>sourceTree</key>
				<string>&lt;group&gt;</string>
			</dict>
			<key>E4B69B4C0A3A1720003C02F2</key>
			<dict>
				<key>attributes</key>
				<dict>
					<key>LastUpgradeCheck</key>
					<string>0600</string>
				</dict>
				<key>buildConfigurationList</key>
				<string>E4B69B4D0A3A1720003C02F2</string>
				<key>compatibilityVersion</key>
				<string>Xcode 3.2</string>
				<key>developmentRegion</key>
				<string>English</string>
				<key>hasScannedForEncodings</key>
				<string>0</string>
				<key>isa</key>
				<string>PBXProject</string>
				<key>knownRegions</key>
				<array>
					<string>English</string>
					<string>Japanese</string>
					<string>French</string>
					<string>German</string>
				</array>
				<key>mainGroup</key>
				<string>E4B69B4A0A3A1720003C02F2</string>
				<key>productRefGroup</key>
				<string>E4B69B4A0A3A1720003C02F2</string>
				<key>projectDirPath</key>
				<string />
				<key>projectReferences</key>
				<array>
					<dict>
						<key>ProductGroup</key>
						<string>E4328144138ABC890047C5CB</string>
						<key>ProjectRef</key>
						<string>E4328143138ABC890047C5CB</string>
					</dict>
				</array>
				<key>projectRoot</key>
				<string />
				<key>targets</key>
				<array>
					<string>E4B69B5A0A3A1756003C02F2</string>
				</array>
			</dict>
			<key>E4B69B4D0A3A1720003C02F2</key>
			<dict>
				<key>buildConfigurations</key>
				<array>
					<string>E4B69B4E0A3A1720003C02F2</string>
					<string>E4B69B4F0A3A1720003C02F2</string>
				</array>
				<key>defaultConfigurationIsVisible</key>
				<string>0</string>
				<key>defaultConfigurationName</key>
				<string>Release</string>
				<key>isa</key>
				<string>XCConfigurationList</string>
			</dict>
			<key>E4B69B4E0A3A1720003C02F2</key>
			<dict>
				<key>baseConfigurationReference</key>
				<string>E4EB6923138AFD0F00A09F29</string>
				<key>buildSettings</key>
				<dict>
					<key>OTHER_LDFLAGS</key>
					<array>
						<string>$(OF_CORE_FRAMEWORKS) $(OF_CORE_LIBS)</string>
						<string>../../of_v0.9.4_osx_release/addons/ofxKinect/libs/libusb-1.0/lib/osx/usb-1.0.a</string>
						<string>../../of_v0.9.4_osx_release/addons/ofxSocketIO/libs/socket.io-client/lib/osx/libboost_date_time-mt.a</string>
						<string>../../of_v0.9.4_osx_release/addons/ofxSocketIO/libs/socket.io-client/lib/osx/libboost_random-mt.a</string>
						<string>../../of_v0.9.4_osx_release/addons/ofxSocketIO/libs/socket.io-client/lib/osx/libboost_system-mt.a</string>
						<string>../../of_v0.9.4_osx_release/addons/ofxSocketIO/libs/socket.io-client/lib/osx/libsioclient.a</string>
					</array>
					<key>HEADER_SEARCH_PATHS</key>
					<array>
						<string>$(OF_CORE_HEADERS)</string>
						<string>src</string>
						<string>../../of_v0.9.4_osx_release/addons/ofxGui/src</string>
						<string>../../of_v0.9.4_osx_release/addons/ofxKinect/libs</string>
						<string>../../of_v0.9.4_osx_release/addons/ofxKinect/libs/libfreenect</string>
						<string>../../of_v0.9.4_osx_release/addons/ofxKinect/libs/libfreenect/include</string>
						<string>../../of_v0.9.4_osx_release/addons/ofxKinect/libs/libfreenect/platform</string>
						<string>../../of_v0.9.4_osx_release/addons/ofxKinect/libs/libfreenect/src</string>
						<string>../../of_v0.9.4_osx_release/addons/ofxKinect/libs/libusb-1.0</string>
						<string>../../of_v0.9.4_osx_release/addons/ofxKinect/libs/libusb-1.0/include</string>
						<string>../../of_v0.9.4_osx_release/addons/ofxKinect/libs/libusb-1.0/include/libusb-1.0</string>
						<string>../../of_v0.9.4_osx_release/addons/ofxKinect/libs/libusb-1.0/lib</string>
						<string>../../of_v0.9.4_osx_release/addons/ofxKinect/libs/libusb-1.0/lib/osx</string>
						<string>../../of_v0.9.4_osx_release/addons/ofxKinect/libs/libusb-win32</string>
						<string>../../of_v0.9.4_osx_release/addons/ofxKinect/src</string>
						<string>../../of_v0.9.4_osx_release/addons/ofxKinect/src/extra</string>
						<string>../../of_v0.9.4_osx_release/addons/ofxSocketIO/libs</string>
						<string>../../of_v0.9.4_osx_release/addons/ofxSocketIO/libs/socket.io-client</string>
						<string>../../of_v0.9.4_osx_release/addons/ofxSocketIO/libs/socket.io-client/include</string>
						<string>../../of_v0.9.4_osx_release/addons/ofxSocketIO/libs/socket.io-client/lib</string>
						<string>../../of_v0.9.4_osx_release/addons/ofxSocketIO/libs/socket.io-client/lib/linuxarmv6l</string>
						<string>../../of_v0.9.4_osx_release/addons/ofxSocketIO/libs/socket.io-client/lib/osx</string>
						<string>../../of_v0.9.4_osx_release/addons/ofxSocketIO/src</string>
					</array>
					<key>CONFIGURATION_BUILD_DIR</key>
					<string>$(SRCROOT)/bin/</string>
					<key>COPY_PHASE_STRIP</key>
					<string>NO</string>
					<key>DEAD_CODE_STRIPPING</key>
					<string>YES</string>
					<key>GCC_AUTO_VECTORIZATION</key>
					<string>YES</string>
					<key>GCC_ENABLE_SSE3_EXTENSIONS</key>
					<string>YES</string>
					<key>GCC_ENABLE_SUPPLEMENTAL_SSE3_INSTRUCTIONS</key>
					<string>YES</string>
					<key>GCC_INLINES_ARE_PRIVATE_EXTERN</key>
					<string>NO</string>
					<key>GCC_OPTIMIZATION_LEVEL</key>
					<string>0</string>
					<key>GCC_SYMBOLS_PRIVATE_EXTERN</key>
					<string>NO</string>
					<key>GCC_WARN_ABOUT_DEPRECATED_FUNCTIONS</key>
					<string>YES</string>
					<key>GCC_WARN_ABOUT_INVALID_OFFSETOF_MACRO</key>
					<string>NO</string>
					<key>GCC_WARN_ALLOW_INCOMPLETE_PROTOCOL</key>
					<string>NO</string>
					<key>GCC_WARN_UNINITIALIZED_AUTOS</key>
					<string>NO</string>
					<key>GCC_WARN_UNUSED_VALUE</key>
					<string>NO</string>
					<key>GCC_WARN_UNUSED_VARIABLE</key>
					<string>NO</string>
					<key>MACOSX_DEPLOYMENT_TARGET</key>
					<string>10.8</string>
					<key>ONLY_ACTIVE_ARCH</key>
					<string>YES</string>
					<key>OTHER_CPLUSPLUSFLAGS</key>
					<array>
						<string>-D__MACOSX_CORE__</string>
						<string>-mtune=native</string>
					</array>
					<key>SDKROOT</key>
					<string>macosx</string>
				</dict>
				<key>isa</key>
				<string>XCBuildConfiguration</string>
				<key>name</key>
				<string>Debug</string>
			</dict>
			<key>E4B69B4F0A3A1720003C02F2</key>
			<dict>
				<key>baseConfigurationReference</key>
				<string>E4EB6923138AFD0F00A09F29</string>
				<key>buildSettings</key>
				<dict>
					<key>OTHER_LDFLAGS</key>
					<array>
						<string>$(OF_CORE_FRAMEWORKS) $(OF_CORE_LIBS)</string>
						<string>../../of_v0.9.4_osx_release/addons/ofxKinect/libs/libusb-1.0/lib/osx/usb-1.0.a</string>
						<string>../../of_v0.9.4_osx_release/addons/ofxSocketIO/libs/socket.io-client/lib/osx/libboost_date_time-mt.a</string>
						<string>../../of_v0.9.4_osx_release/addons/ofxSocketIO/libs/socket.io-client/lib/osx/libboost_random-mt.a</string>
						<string>../../of_v0.9.4_osx_release/addons/ofxSocketIO/libs/socket.io-client/lib/osx/libboost_system-mt.a</string>
						<string>../../of_v0.9.4_osx_release/addons/ofxSocketIO/libs/socket.io-client/lib/osx/libsioclient.a</string>
					</array>
					<key>HEADER_SEARCH_PATHS</key>
					<array>
						<string>$(OF_CORE_HEADERS)</string>
						<string>src</string>
						<string>../../of_v0.9.4_osx_release/addons/ofxGui/src</string>
						<string>../../of_v0.9.4_osx_release/addons/ofxKinect/libs</string>
						<string>../../of_v0.9.4_osx_release/addons/ofxKinect/libs/libfreenect</string>
						<string>../../of_v0.9.4_osx_release/addons/ofxKinect/libs/libfreenect/include</string>
						<string>../../of_v0.9.4_osx_release/addons/ofxKinect/libs/libfreenect/platform</string>
						<string>../../of_v0.9.4_osx_release/addons/ofxKinect/libs/libfreenect/src</string>
						<string>../../of_v0.9.4_osx_release/addons/ofxKinect/libs/libusb-1.0</string>
						<string>../../of_v0.9.4_osx_release/addons/ofxKinect/libs/libusb-1.0/include</string>
						<string>../../of_v0.9.4_osx_release/addons/ofxKinect/libs/libusb-1.0/include/libusb-1.0</string>
						<string>../../of_v0.9.4_osx_release/addons/ofxKinect/libs/libusb-1.0/lib</string>
						<string>../../of_v0.9.4_osx_release/addons/ofxKinect/libs/libusb-1.0/lib/osx</string>
						<string>../../of_v0.9.4_osx_release/addons/ofxKinect/libs/libusb-win32</string>
						<string>../../of_v0.9.4_osx_release/addons/ofxKinect/src</string>
						<string>../../of_v0.9.4_osx_release/addons/ofxKinect/src/extra</string>
						<string>../../of_v0.9.4_osx_release/addons/ofxSocketIO/libs</string>
						<string>../../of_v0.9.4_osx_release/addons/ofxSocketIO/libs/socket.io-client</string>
						<string>../../of_v0.9.4_osx_release/addons/ofxSocketIO/libs/socket.io-client/include</string>
						<string>../../of_v0.9.4_osx_release/addons/ofxSocketIO/libs/socket.io-client/lib</string>
						<string>../../of_v0.9.4_osx_release/addons/ofxSocketIO/libs/socket.io-client/lib/linuxarmv6l</string>
						<string>../../of_v0.9.4_osx_release/addons/ofxSocketIO/libs/socket.io-client/lib/osx</string>
						<string>../../of_v0.9.4_osx_release/addons/ofxSocketIO/src</string>
					</array>
					<key>CONFIGURATION_BUILD_DIR</key>
					<string>$(SRCROOT)/bin/</string>
					<key>COPY_PHASE_STRIP</key>
					<string>YES</string>
					<key>DEAD_CODE_STRIPPING</key>
					<string>YES</string>
					<key>GCC_AUTO_VECTORIZATION</key>
					<string>YES</string>
					<key>GCC_ENABLE_SSE3_EXTENSIONS</key>
					<string>YES</string>
					<key>GCC_ENABLE_SUPPLEMENTAL_SSE3_INSTRUCTIONS</key>
					<string>YES</string>
					<key>GCC_INLINES_ARE_PRIVATE_EXTERN</key>
					<string>NO</string>
					<key>GCC_OPTIMIZATION_LEVEL</key>
					<string>3</string>
					<key>GCC_SYMBOLS_PRIVATE_EXTERN</key>
					<string>NO</string>
					<key>GCC_UNROLL_LOOPS</key>
					<string>YES</string>
					<key>GCC_WARN_ABOUT_DEPRECATED_FUNCTIONS</key>
					<string>YES</string>
					<key>GCC_WARN_ABOUT_INVALID_OFFSETOF_MACRO</key>
					<string>NO</string>
					<key>GCC_WARN_ALLOW_INCOMPLETE_PROTOCOL</key>
					<string>NO</string>
					<key>GCC_WARN_UNINITIALIZED_AUTOS</key>
					<string>NO</string>
					<key>GCC_WARN_UNUSED_VALUE</key>
					<string>NO</string>
					<key>GCC_WARN_UNUSED_VARIABLE</key>
					<string>NO</string>
					<key>MACOSX_DEPLOYMENT_TARGET</key>
					<string>10.8</string>
					<key>OTHER_CPLUSPLUSFLAGS</key>
					<array>
						<string>-D__MACOSX_CORE__</string>
						<string>-mtune=native</string>
					</array>
					<key>SDKROOT</key>
					<string>macosx</string>
				</dict>
				<key>isa</key>
				<string>XCBuildConfiguration</string>
				<key>name</key>
				<string>Release</string>
			</dict>
			<key>E4B69B580A3A1756003C02F2</key>
			<dict>
				<key>buildActionMask</key>
				<string>2147483647</string>
				<key>files</key>
				<array>
					<string>E4B69E200A3A1BDC003C02F2</string>
					<string>E4B69E210A3A1BDC003C02F2</string>
					<string>AEEDCA76DA7A1FF67171C7A1</string>
					<string>A6405638DB63D97B56F43DC2</string>
					<string>39C187B2866DBB745CD9E5BC</string>
					<string>40CDEE1AE876FD7B033EC577</string>
					<string>3EE727488DA8B7D0CD56C2F1</string>
					<string>2776B17E111A5D0C066E6BDE</string>
					<string>6724B13D61B040FFB4D07DE4</string>
					<string>19D9CD9EFF98FF6E02A8FA12</string>
					<string>4D015F1576FF2998764EFA47</string>
					<string>D85D62F5BF797C5E3598C596</string>
					<string>4F62D6FF2A881E92767FDF4E</string>
					<string>3FE7DE308DC67FD227FF3DC3</string>
					<string>07A64C6ED4E319CAEF5F9984</string>
					<string>1CC18028EEE8B15C07C31341</string>
					<string>BDD49EADF9BE3719EF3DCACC</string>
					<string>0E78962F8C88FB11BCA0B972</string>
					<string>8584DC2668022BAC025E5E05</string>
					<string>4905A42E545A90E9B7F79147</string>
					<string>955DAD34A002D67F99974446</string>
					<string>9B9DA65E2C67CA80329C9A27</string>
					<string>CF9F96CD5F1B506FE81FB078</string>
				</array>
				<key>isa</key>
				<string>PBXSourcesBuildPhase</string>
				<key>runOnlyForDeploymentPostprocessing</key>
				<string>0</string>
			</dict>
			<key>E4B69B590A3A1756003C02F2</key>
			<dict>
				<key>buildActionMask</key>
				<string>2147483647</string>
				<key>files</key>
				<array>
					<string>E4328149138ABC9F0047C5CB</string>
				</array>
				<key>isa</key>
				<string>PBXFrameworksBuildPhase</string>
				<key>runOnlyForDeploymentPostprocessing</key>
				<string>0</string>
			</dict>
			<key>E4B69B5A0A3A1756003C02F2</key>
			<dict>
				<key>buildConfigurationList</key>
				<string>E4B69B5F0A3A1757003C02F2</string>
				<key>buildPhases</key>
				<array>
					<string>E4B69B580A3A1756003C02F2</string>
					<string>E4B69B590A3A1756003C02F2</string>
					<string>E4B6FFFD0C3F9AB9008CF71C</string>
					<string>E4C2427710CC5ABF004149E2</string>
				</array>
				<key>buildRules</key>
				<array />
				<key>dependencies</key>
				<array>
					<string>E4EEB9AC138B136A00A80321</string>
				</array>
				<key>isa</key>
				<string>PBXNativeTarget</string>
				<key>name</key>
				<string>lumihoop-delegator</string>
				<key>productName</key>
				<string>myOFApp</string>
				<key>productReference</key>
				<string>E4B69B5B0A3A1756003C02F2</string>
				<key>productType</key>
				<string>com.apple.product-type.application</string>
			</dict>
			<key>E4B69B5B0A3A1756003C02F2</key>
			<dict>
				<key>explicitFileType</key>
				<string>wrapper.application</string>
				<key>includeInIndex</key>
				<string>0</string>
				<key>isa</key>
				<string>PBXFileReference</string>
				<key>path</key>
				<string>lumihoop-delegatorDebug.app</string>
				<key>sourceTree</key>
				<string>BUILT_PRODUCTS_DIR</string>
			</dict>
			<key>E4B69B5F0A3A1757003C02F2</key>
			<dict>
				<key>buildConfigurations</key>
				<array>
					<string>E4B69B600A3A1757003C02F2</string>
					<string>E4B69B610A3A1757003C02F2</string>
				</array>
				<key>defaultConfigurationIsVisible</key>
				<string>0</string>
				<key>defaultConfigurationName</key>
				<string>Release</string>
				<key>isa</key>
				<string>XCConfigurationList</string>
			</dict>
			<key>E4B69B600A3A1757003C02F2</key>
			<dict>
				<key>baseConfigurationReference</key>
				<string>E4EB6923138AFD0F00A09F29</string>
				<key>buildSettings</key>
				<dict>
					<key>OTHER_LDFLAGS</key>
					<array>
						<string>$(OF_CORE_FRAMEWORKS) $(OF_CORE_LIBS)</string>
						<string>../../of_v0.9.4_osx_release/addons/ofxKinect/libs/libusb-1.0/lib/osx/usb-1.0.a</string>
						<string>../../of_v0.9.4_osx_release/addons/ofxSocketIO/libs/socket.io-client/lib/osx/libboost_date_time-mt.a</string>
						<string>../../of_v0.9.4_osx_release/addons/ofxSocketIO/libs/socket.io-client/lib/osx/libboost_random-mt.a</string>
						<string>../../of_v0.9.4_osx_release/addons/ofxSocketIO/libs/socket.io-client/lib/osx/libboost_system-mt.a</string>
						<string>../../of_v0.9.4_osx_release/addons/ofxSocketIO/libs/socket.io-client/lib/osx/libsioclient.a</string>
					</array>
					<key>HEADER_SEARCH_PATHS</key>
					<array>
						<string>$(OF_CORE_HEADERS)</string>
						<string>src</string>
						<string>../../of_v0.9.4_osx_release/addons/ofxGui/src</string>
						<string>../../of_v0.9.4_osx_release/addons/ofxKinect/libs</string>
						<string>../../of_v0.9.4_osx_release/addons/ofxKinect/libs/libfreenect</string>
						<string>../../of_v0.9.4_osx_release/addons/ofxKinect/libs/libfreenect/include</string>
						<string>../../of_v0.9.4_osx_release/addons/ofxKinect/libs/libfreenect/platform</string>
						<string>../../of_v0.9.4_osx_release/addons/ofxKinect/libs/libfreenect/src</string>
						<string>../../of_v0.9.4_osx_release/addons/ofxKinect/libs/libusb-1.0</string>
						<string>../../of_v0.9.4_osx_release/addons/ofxKinect/libs/libusb-1.0/include</string>
						<string>../../of_v0.9.4_osx_release/addons/ofxKinect/libs/libusb-1.0/include/libusb-1.0</string>
						<string>../../of_v0.9.4_osx_release/addons/ofxKinect/libs/libusb-1.0/lib</string>
						<string>../../of_v0.9.4_osx_release/addons/ofxKinect/libs/libusb-1.0/lib/osx</string>
						<string>../../of_v0.9.4_osx_release/addons/ofxKinect/libs/libusb-win32</string>
						<string>../../of_v0.9.4_osx_release/addons/ofxKinect/src</string>
						<string>../../of_v0.9.4_osx_release/addons/ofxKinect/src/extra</string>
						<string>../../of_v0.9.4_osx_release/addons/ofxSocketIO/libs</string>
						<string>../../of_v0.9.4_osx_release/addons/ofxSocketIO/libs/socket.io-client</string>
						<string>../../of_v0.9.4_osx_release/addons/ofxSocketIO/libs/socket.io-client/include</string>
						<string>../../of_v0.9.4_osx_release/addons/ofxSocketIO/libs/socket.io-client/lib</string>
						<string>../../of_v0.9.4_osx_release/addons/ofxSocketIO/libs/socket.io-client/lib/linuxarmv6l</string>
						<string>../../of_v0.9.4_osx_release/addons/ofxSocketIO/libs/socket.io-client/lib/osx</string>
						<string>../../of_v0.9.4_osx_release/addons/ofxSocketIO/src</string>
					</array>
					<key>COMBINE_HIDPI_IMAGES</key>
					<string>YES</string>
					<key>COPY_PHASE_STRIP</key>
					<string>NO</string>
					<key>FRAMEWORK_SEARCH_PATHS</key>
					<array>
						<string>$(inherited)</string>
						<string>$(FRAMEWORK_SEARCH_PATHS_QUOTED_FOR_TARGET_1)</string>
					</array>
					<key>FRAMEWORK_SEARCH_PATHS_QUOTED_FOR_TARGET_1</key>
					<string>"$(SRCROOT)/../../of_v0.9.4_osx_release/libs/glut/lib/osx"</string>
					<key>GCC_DYNAMIC_NO_PIC</key>
					<string>NO</string>
					<key>GCC_GENERATE_DEBUGGING_SYMBOLS</key>
					<string>YES</string>
					<key>GCC_MODEL_TUNING</key>
					<string>NONE</string>
					<key>ICON</key>
					<string>$(ICON_NAME_DEBUG)</string>
					<key>ICON_FILE</key>
					<string>$(ICON_FILE_PATH)$(ICON)</string>
					<key>INFOPLIST_FILE</key>
					<string>openFrameworks-Info.plist</string>
					<key>INSTALL_PATH</key>
					<string>/Applications</string>
					<key>LIBRARY_SEARCH_PATHS</key>
					<string>$(inherited)</string>
					<key>PRODUCT_NAME</key>
					<string>$(TARGET_NAME)Debug</string>
					<key>WRAPPER_EXTENSION</key>
					<string>app</string>
				</dict>
				<key>isa</key>
				<string>XCBuildConfiguration</string>
				<key>name</key>
				<string>Debug</string>
			</dict>
			<key>E4B69B610A3A1757003C02F2</key>
			<dict>
				<key>baseConfigurationReference</key>
				<string>E4EB6923138AFD0F00A09F29</string>
				<key>buildSettings</key>
				<dict>
					<key>OTHER_LDFLAGS</key>
					<array>
						<string>$(OF_CORE_FRAMEWORKS) $(OF_CORE_LIBS)</string>
						<string>../../of_v0.9.4_osx_release/addons/ofxKinect/libs/libusb-1.0/lib/osx/usb-1.0.a</string>
						<string>../../of_v0.9.4_osx_release/addons/ofxSocketIO/libs/socket.io-client/lib/osx/libboost_date_time-mt.a</string>
						<string>../../of_v0.9.4_osx_release/addons/ofxSocketIO/libs/socket.io-client/lib/osx/libboost_random-mt.a</string>
						<string>../../of_v0.9.4_osx_release/addons/ofxSocketIO/libs/socket.io-client/lib/osx/libboost_system-mt.a</string>
						<string>../../of_v0.9.4_osx_release/addons/ofxSocketIO/libs/socket.io-client/lib/osx/libsioclient.a</string>
					</array>
					<key>HEADER_SEARCH_PATHS</key>
					<array>
						<string>$(OF_CORE_HEADERS)</string>
						<string>src</string>
						<string>../../of_v0.9.4_osx_release/addons/ofxGui/src</string>
						<string>../../of_v0.9.4_osx_release/addons/ofxKinect/libs</string>
						<string>../../of_v0.9.4_osx_release/addons/ofxKinect/libs/libfreenect</string>
						<string>../../of_v0.9.4_osx_release/addons/ofxKinect/libs/libfreenect/include</string>
						<string>../../of_v0.9.4_osx_release/addons/ofxKinect/libs/libfreenect/platform</string>
						<string>../../of_v0.9.4_osx_release/addons/ofxKinect/libs/libfreenect/src</string>
						<string>../../of_v0.9.4_osx_release/addons/ofxKinect/libs/libusb-1.0</string>
						<string>../../of_v0.9.4_osx_release/addons/ofxKinect/libs/libusb-1.0/include</string>
						<string>../../of_v0.9.4_osx_release/addons/ofxKinect/libs/libusb-1.0/include/libusb-1.0</string>
						<string>../../of_v0.9.4_osx_release/addons/ofxKinect/libs/libusb-1.0/lib</string>
						<string>../../of_v0.9.4_osx_release/addons/ofxKinect/libs/libusb-1.0/lib/osx</string>
						<string>../../of_v0.9.4_osx_release/addons/ofxKinect/libs/libusb-win32</string>
						<string>../../of_v0.9.4_osx_release/addons/ofxKinect/src</string>
						<string>../../of_v0.9.4_osx_release/addons/ofxKinect/src/extra</string>
						<string>../../of_v0.9.4_osx_release/addons/ofxSocketIO/libs</string>
						<string>../../of_v0.9.4_osx_release/addons/ofxSocketIO/libs/socket.io-client</string>
						<string>../../of_v0.9.4_osx_release/addons/ofxSocketIO/libs/socket.io-client/include</string>
						<string>../../of_v0.9.4_osx_release/addons/ofxSocketIO/libs/socket.io-client/lib</string>
						<string>../../of_v0.9.4_osx_release/addons/ofxSocketIO/libs/socket.io-client/lib/linuxarmv6l</string>
						<string>../../of_v0.9.4_osx_release/addons/ofxSocketIO/libs/socket.io-client/lib/osx</string>
						<string>../../of_v0.9.4_osx_release/addons/ofxSocketIO/src</string>
					</array>
					<key>COMBINE_HIDPI_IMAGES</key>
					<string>YES</string>
					<key>COPY_PHASE_STRIP</key>
					<string>YES</string>
					<key>FRAMEWORK_SEARCH_PATHS</key>
					<array>
						<string>$(inherited)</string>
						<string>$(FRAMEWORK_SEARCH_PATHS_QUOTED_FOR_TARGET_1)</string>
					</array>
					<key>FRAMEWORK_SEARCH_PATHS_QUOTED_FOR_TARGET_1</key>
					<string>"$(SRCROOT)/../../of_v0.9.4_osx_release/libs/glut/lib/osx"</string>
					<key>GCC_GENERATE_DEBUGGING_SYMBOLS</key>
					<string>YES</string>
					<key>GCC_MODEL_TUNING</key>
					<string>NONE</string>
					<key>ICON</key>
					<string>$(ICON_NAME_RELEASE)</string>
					<key>ICON_FILE</key>
					<string>$(ICON_FILE_PATH)$(ICON)</string>
					<key>INFOPLIST_FILE</key>
					<string>openFrameworks-Info.plist</string>
					<key>INSTALL_PATH</key>
					<string>/Applications</string>
					<key>LIBRARY_SEARCH_PATHS</key>
					<string>$(inherited)</string>
					<key>PRODUCT_NAME</key>
					<string>$(TARGET_NAME)</string>
					<key>WRAPPER_EXTENSION</key>
					<string>app</string>
					<key>baseConfigurationReference</key>
					<string>E4EB6923138AFD0F00A09F29</string>
				</dict>
				<key>isa</key>
				<string>XCBuildConfiguration</string>
				<key>name</key>
				<string>Release</string>
			</dict>
			<key>E4B69E1C0A3A1BDC003C02F2</key>
			<dict>
				<key>children</key>
				<array>
					<string>E4B69E1D0A3A1BDC003C02F2</string>
					<string>E4B69E1E0A3A1BDC003C02F2</string>
					<string>E4B69E1F0A3A1BDC003C02F2</string>
				</array>
				<key>isa</key>
				<string>PBXGroup</string>
				<key>path</key>
				<string>src</string>
				<key>sourceTree</key>
				<string>SOURCE_ROOT</string>
			</dict>
			<key>E4B69E1D0A3A1BDC003C02F2</key>
			<dict>
				<key>fileEncoding</key>
				<string>30</string>
				<key>isa</key>
				<string>PBXFileReference</string>
				<key>lastKnownFileType</key>
				<string>sourcecode.cpp.cpp</string>
				<key>name</key>
				<string>main.cpp</string>
				<key>path</key>
				<string>src/main.cpp</string>
				<key>sourceTree</key>
				<string>SOURCE_ROOT</string>
			</dict>
			<key>E4B69E1E0A3A1BDC003C02F2</key>
			<dict>
				<key>explicitFileType</key>
				<string>sourcecode.cpp.cpp</string>
				<key>fileEncoding</key>
				<string>30</string>
				<key>isa</key>
				<string>PBXFileReference</string>
				<key>name</key>
				<string>ofApp.cpp</string>
				<key>path</key>
				<string>src/ofApp.cpp</string>
				<key>sourceTree</key>
				<string>SOURCE_ROOT</string>
			</dict>
			<key>E4B69E1F0A3A1BDC003C02F2</key>
			<dict>
				<key>fileEncoding</key>
				<string>30</string>
				<key>isa</key>
				<string>PBXFileReference</string>
				<key>lastKnownFileType</key>
				<string>sourcecode.c.h</string>
				<key>name</key>
				<string>ofApp.h</string>
				<key>path</key>
				<string>src/ofApp.h</string>
				<key>sourceTree</key>
				<string>SOURCE_ROOT</string>
			</dict>
			<key>E4B69E200A3A1BDC003C02F2</key>
			<dict>
				<key>fileRef</key>
				<string>E4B69E1D0A3A1BDC003C02F2</string>
				<key>isa</key>
				<string>PBXBuildFile</string>
			</dict>
			<key>E4B69E210A3A1BDC003C02F2</key>
			<dict>
				<key>fileRef</key>
				<string>E4B69E1E0A3A1BDC003C02F2</string>
				<key>isa</key>
				<string>PBXBuildFile</string>
			</dict>
			<key>E4B6FCAD0C3E899E008CF71C</key>
			<dict>
				<key>fileEncoding</key>
				<string>30</string>
				<key>isa</key>
				<string>PBXFileReference</string>
				<key>lastKnownFileType</key>
				<string>text.plist.xml</string>
				<key>path</key>
				<string>openFrameworks-Info.plist</string>
				<key>sourceTree</key>
				<string>&lt;group&gt;</string>
			</dict>
			<key>E4B6FFFD0C3F9AB9008CF71C</key>
			<dict>
				<key>buildActionMask</key>
				<string>2147483647</string>
				<key>files</key>
				<array />
				<key>inputPaths</key>
				<array />
				<key>isa</key>
				<string>PBXShellScriptBuildPhase</string>
				<key>outputPaths</key>
				<array />
				<key>runOnlyForDeploymentPostprocessing</key>
				<string>0</string>
				<key>shellPath</key>
				<string>/bin/sh</string>
				<key>shellScript</key>
				<string>mkdir -p "$TARGET_BUILD_DIR/$PRODUCT_NAME.app/Contents/Resources/"
# Copy default icon file into App/Resources
rsync -aved "$ICON_FILE" "$TARGET_BUILD_DIR/$PRODUCT_NAME.app/Contents/Resources/"
# Copy libfmod and change install directory for fmod to run
rsync -aved ../../of_v0.9.4_osx_release/libs/fmodex/lib/osx/libfmodex.dylib "$TARGET_BUILD_DIR/$PRODUCT_NAME.app/Contents/Frameworks/";
install_name_tool -change @executable_path/libfmodex.dylib @executable_path/../Frameworks/libfmodex.dylib "$TARGET_BUILD_DIR/$PRODUCT_NAME.app/Contents/MacOS/$PRODUCT_NAME";
# Copy GLUT framework (must remove for AppStore submissions)
rsync -aved ../../of_v0.9.4_osx_release/libs/glut/lib/osx/GLUT.framework "$TARGET_BUILD_DIR/$PRODUCT_NAME.app/Contents/Frameworks/"
</string>
			</dict>
			<key>E4C2427710CC5ABF004149E2</key>
			<dict>
				<key>buildActionMask</key>
				<string>2147483647</string>
				<key>dstPath</key>
				<string />
				<key>dstSubfolderSpec</key>
				<string>10</string>
				<key>files</key>
				<array />
				<key>isa</key>
				<string>PBXCopyFilesBuildPhase</string>
				<key>runOnlyForDeploymentPostprocessing</key>
				<string>0</string>
			</dict>
			<key>E4EB691F138AFCF100A09F29</key>
			<dict>
				<key>fileEncoding</key>
				<string>4</string>
				<key>isa</key>
				<string>PBXFileReference</string>
				<key>lastKnownFileType</key>
				<string>text.xcconfig</string>
				<key>name</key>
				<string>CoreOF.xcconfig</string>
				<key>path</key>
				<string>../../of_v0.9.4_osx_release/libs/openFrameworksCompiled/project/osx/CoreOF.xcconfig</string>
				<key>sourceTree</key>
				<string>SOURCE_ROOT</string>
			</dict>
			<key>E4EB6923138AFD0F00A09F29</key>
			<dict>
				<key>fileEncoding</key>
				<string>4</string>
				<key>isa</key>
				<string>PBXFileReference</string>
				<key>lastKnownFileType</key>
				<string>text.xcconfig</string>
				<key>path</key>
				<string>Project.xcconfig</string>
				<key>sourceTree</key>
				<string>&lt;group&gt;</string>
			</dict>
			<key>E4EEB9AB138B136A00A80321</key>
			<dict>
				<key>containerPortal</key>
				<string>E4328143138ABC890047C5CB</string>
				<key>isa</key>
				<string>PBXContainerItemProxy</string>
				<key>proxyType</key>
				<string>1</string>
				<key>remoteGlobalIDString</key>
				<string>E4B27C1410CBEB8E00536013</string>
				<key>remoteInfo</key>
				<string>openFrameworks</string>
			</dict>
			<key>E4EEB9AC138B136A00A80321</key>
			<dict>
				<key>isa</key>
				<string>PBXTargetDependency</string>
				<key>name</key>
				<string>openFrameworks</string>
				<key>targetProxy</key>
				<string>E4EEB9AB138B136A00A80321</string>
			</dict>
			<key>E4EEC9E9138DF44700A80321</key>
			<dict>
				<key>children</key>
				<array>
					<string>E4EB691F138AFCF100A09F29</string>
					<string>E4328143138ABC890047C5CB</string>
				</array>
				<key>isa</key>
				<string>PBXGroup</string>
				<key>name</key>
				<string>openFrameworks</string>
				<key>sourceTree</key>
				<string>&lt;group&gt;</string>
			</dict>
		</dict>
		<key>rootObject</key>
		<string>E4B69B4C0A3A1720003C02F2</string>
	</dict>
</plist>
